
Microsoft Visual Studio Solution File, Format Version 12.00
# Visual Studio Version 18
VisualStudioVersion = 18.0.11205.157 d18.0
MinimumVisualStudioVersion = 17.8.0.0
Project("{9A19103F-16F7-4668-BE54-9A1E7A4F7556}") = "LINGYUN.Abp.MicroService.AppHost", "LINGYUN.Abp.MicroService.AppHost\LINGYUN.Abp.MicroService.AppHost.csproj", "{2A40357F-C4E8-4E0E-BA48-1A59E6D4460A}"
EndProject
Project("{9A19103F-16F7-4668-BE54-9A1E7A4F7556}") = "LINGYUN.Abp.MicroService.ServiceDefaults", "LINGYUN.Abp.MicroService.ServiceDefaults\LINGYUN.Abp.MicroService.ServiceDefaults.csproj", "{E162F21A-C926-4498-8E21-6BA9B1FC2D21}"
EndProject
Project("{2150E333-8FDC-42A3-9474-1A3956D46DE8}") = "services", "services", "{02EA681E-C7D8-13C7-8484-4AC65E1B71E8}"
EndProject
Project("{2150E333-8FDC-42A3-9474-1A3956D46DE8}") = "src", "src", "{C5EF1B59-A579-4C91-A39C-6C8BAD682BCC}"
EndProject
Project("{2150E333-8FDC-42A3-9474-1A3956D46DE8}") = "admin", "admin", "{83B54E57-4B39-4148-9627-B4F7E2837015}"
EndProject
Project("{2150E333-8FDC-42A3-9474-1A3956D46DE8}") = ".Solution Items", ".Solution Items", "{8CB7982A-E7C2-4372-908E-506D2C36A1C6}"
	ProjectSection(SolutionItems) = preProject
		..\..\common.props = ..\..\common.props
		..\..\common.secrets.props = ..\..\common.secrets.props
		..\..\configureawait.props = ..\..\configureawait.props
		..\..\Directory.Build.props = ..\..\Directory.Build.props
		..\..\Directory.Packages.props = ..\..\Directory.Packages.props
		..\..\NuGet.Config = ..\..\NuGet.Config
	EndProjectSection
EndProject
Project("{FAE04EC0-301F-11D3-BF4B-00C04F79EFBC}") = "LINGYUN.Abp.AdminService.EntityFrameworkCore", "modules\admin\LINGYUN.Abp.AdminService.EntityFrameworkCore\LINGYUN.Abp.AdminService.EntityFrameworkCore.csproj", "{35A7AEE2-B063-462F-A697-BB657BC7F1B3}"
EndProject
Project("{FAE04EC0-301F-11D3-BF4B-00C04F79EFBC}") = "LINGYUN.Abp.AdminService.DbMigrator", "modules\admin\LINGYUN.Abp.AdminService.DbMigrator\LINGYUN.Abp.AdminService.DbMigrator.csproj", "{1F486166-9FA4-CDCC-3B75-AA22474413EB}"
EndProject
Project("{FAE04EC0-301F-11D3-BF4B-00C04F79EFBC}") = "LINGYUN.Abp.AdminService.HttpApi.Host", "modules\admin\LINGYUN.Abp.AdminService.HttpApi.Host\LINGYUN.Abp.AdminService.HttpApi.Host.csproj", "{A48B8B69-D827-9079-97BA-D338F439C722}"
EndProject
Global
	GlobalSection(SolutionConfigurationPlatforms) = preSolution
		Debug|Any CPU = Debug|Any CPU
		Release|Any CPU = Release|Any CPU
	EndGlobalSection
	GlobalSection(ProjectConfigurationPlatforms) = postSolution
		{2A40357F-C4E8-4E0E-BA48-1A59E6D4460A}.Debug|Any CPU.ActiveCfg = Debug|Any CPU
		{2A40357F-C4E8-4E0E-BA48-1A59E6D4460A}.Debug|Any CPU.Build.0 = Debug|Any CPU
		{2A40357F-C4E8-4E0E-BA48-1A59E6D4460A}.Release|Any CPU.ActiveCfg = Release|Any CPU
		{2A40357F-C4E8-4E0E-BA48-1A59E6D4460A}.Release|Any CPU.Build.0 = Release|Any CPU
		{E162F21A-C926-4498-8E21-6BA9B1FC2D21}.Debug|Any CPU.ActiveCfg = Debug|Any CPU
		{E162F21A-C926-4498-8E21-6BA9B1FC2D21}.Debug|Any CPU.Build.0 = Debug|Any CPU
		{E162F21A-C926-4498-8E21-6BA9B1FC2D21}.Release|Any CPU.ActiveCfg = Release|Any CPU
		{E162F21A-C926-4498-8E21-6BA9B1FC2D21}.Release|Any CPU.Build.0 = Release|Any CPU
		{35A7AEE2-B063-462F-A697-BB657BC7F1B3}.Debug|Any CPU.ActiveCfg = Debug|Any CPU
		{35A7AEE2-B063-462F-A697-BB657BC7F1B3}.Debug|Any CPU.Build.0 = Debug|Any CPU
		{35A7AEE2-B063-462F-A697-BB657BC7F1B3}.Release|Any CPU.ActiveCfg = Release|Any CPU
		{35A7AEE2-B063-462F-A697-BB657BC7F1B3}.Release|Any CPU.Build.0 = Release|Any CPU
		{1F486166-9FA4-CDCC-3B75-AA22474413EB}.Debug|Any CPU.ActiveCfg = Debug|Any CPU
		{1F486166-9FA4-CDCC-3B75-AA22474413EB}.Debug|Any CPU.Build.0 = Debug|Any CPU
		{1F486166-9FA4-CDCC-3B75-AA22474413EB}.Release|Any CPU.ActiveCfg = Release|Any CPU
		{1F486166-9FA4-CDCC-3B75-AA22474413EB}.Release|Any CPU.Build.0 = Release|Any CPU
		{A48B8B69-D827-9079-97BA-D338F439C722}.Debug|Any CPU.ActiveCfg = Debug|Any CPU
		{A48B8B69-D827-9079-97BA-D338F439C722}.Debug|Any CPU.Build.0 = Debug|Any CPU
		{A48B8B69-D827-9079-97BA-D338F439C722}.Release|Any CPU.ActiveCfg = Release|Any CPU
		{A48B8B69-D827-9079-97BA-D338F439C722}.Release|Any CPU.Build.0 = Release|Any CPU
	EndGlobalSection
	GlobalSection(SolutionProperties) = preSolution
		HideSolutionNode = FALSE
	EndGlobalSection
	GlobalSection(NestedProjects) = preSolution
		{2A40357F-C4E8-4E0E-BA48-1A59E6D4460A} = {C5EF1B59-A579-4C91-A39C-6C8BAD682BCC}
		{E162F21A-C926-4498-8E21-6BA9B1FC2D21} = {C5EF1B59-A579-4C91-A39C-6C8BAD682BCC}
		{83B54E57-4B39-4148-9627-B4F7E2837015} = {02EA681E-C7D8-13C7-8484-4AC65E1B71E8}
		{35A7AEE2-B063-462F-A697-BB657BC7F1B3} = {83B54E57-4B39-4148-9627-B4F7E2837015}
		{1F486166-9FA4-CDCC-3B75-AA22474413EB} = {83B54E57-4B39-4148-9627-B4F7E2837015}
		{A48B8B69-D827-9079-97BA-D338F439C722} = {83B54E57-4B39-4148-9627-B4F7E2837015}
	EndGlobalSection
	GlobalSection(ExtensibilityGlobals) = postSolution
		SolutionGuid = {E1DDDCF9-54EE-4F7D-9EFE-9EB972654692}
	EndGlobalSection
EndGlobal
