
Microsoft Visual Studio Solution File, Format Version 12.00
# Visual Studio Version 16
VisualStudioVersion = 16.0.30011.22
MinimumVisualStudioVersion = 10.0.40219.1
Project("{2150E333-8FDC-42A3-9474-1A3956D46DE8}") = "modules", "modules", "{630FB448-8C5C-438F-930D-B0209407DE6A}"
EndProject
Project("{2150E333-8FDC-42A3-9474-1A3956D46DE8}") = "services", "services", "{F3B1B755-37B6-420B-9E82-A5BDFF2BF647}"
EndProject
Project("{2150E333-8FDC-42A3-9474-1A3956D46DE8}") = "apigateway", "apigateway", "{AD93DD04-989C-40BE-A3F4-25DABF290423}"
EndProject
Project("{9A19103F-16F7-4668-BE54-9A1E7A4F7556}") = "LINGYUN.ApiGateway.Host", "services\apigateway\LINGYUN.ApiGateway.Host\LINGYUN.ApiGateway.Host.csproj", "{A9D125BB-3C5A-4083-AD30-B88947460556}"
EndProject
Project("{9A19103F-16F7-4668-BE54-9A1E7A4F7556}") = "LINGYUN.ApiGateway.HttpApi.Host", "services\apigateway\LINGYUN.ApiGateway.HttpApi.Host\LINGYUN.ApiGateway.HttpApi.Host.csproj", "{54987DD7-5311-430D-BAFF-9F856468C893}"
EndProject
Project("{9A19103F-16F7-4668-BE54-9A1E7A4F7556}") = "LINGYUN.ApiGateway.Domain.Shared", "modules\apigateway\LINGYUN.ApiGateway.Domain.Shared\LINGYUN.ApiGateway.Domain.Shared.csproj", "{DE80ED02-D021-497A-94D9-AD0BA042EA3F}"
EndProject
Project("{9A19103F-16F7-4668-BE54-9A1E7A4F7556}") = "LINGYUN.ApiGateway.Domain", "modules\apigateway\LINGYUN.ApiGateway.Domain\LINGYUN.ApiGateway.Domain.csproj", "{38A8F904-E894-4C3D-9C35-DCD6E544AE43}"
EndProject
Project("{9A19103F-16F7-4668-BE54-9A1E7A4F7556}") = "LINGYUN.ApiGateway.Application.Contracts", "modules\apigateway\LINGYUN.ApiGateway.Application.Contracts\LINGYUN.ApiGateway.Application.Contracts.csproj", "{F716F299-267B-430C-BC7F-ECE7E8AB2351}"
EndProject
Project("{9A19103F-16F7-4668-BE54-9A1E7A4F7556}") = "LINGYUN.ApiGateway.Application", "modules\apigateway\LINGYUN.ApiGateway.Application\LINGYUN.ApiGateway.Application.csproj", "{B045F4B7-AE0E-4403-B7C2-A66B06CF6A62}"
EndProject
Project("{9A19103F-16F7-4668-BE54-9A1E7A4F7556}") = "LINGYUN.ApiGateway.EntityFrameworkCore", "modules\apigateway\LINGYUN.ApiGateway.EntityFrameworkCore\LINGYUN.ApiGateway.EntityFrameworkCore.csproj", "{4D686265-3927-43F5-B9BF-8A013F8BC9E8}"
EndProject
Project("{9A19103F-16F7-4668-BE54-9A1E7A4F7556}") = "LINGYUN.ApiGateway.HttpApi", "modules\apigateway\LINGYUN.ApiGateway.HttpApi\LINGYUN.ApiGateway.HttpApi.csproj", "{D890BEBE-563A-47ED-B767-2E80077B5D37}"
EndProject
Project("{9A19103F-16F7-4668-BE54-9A1E7A4F7556}") = "LINGYUN.ApiGateway.HttpApi.Client", "modules\apigateway\LINGYUN.ApiGateway.HttpApi.Client\LINGYUN.ApiGateway.HttpApi.Client.csproj", "{4757C7D9-6AE9-477D-9829-55D9906AC3E6}"
EndProject
Project("{2150E333-8FDC-42A3-9474-1A3956D46DE8}") = "common", "common", "{D6629DD3-BA0F-44B5-A97F-3B992ECAB85D}"
EndProject
Project("{9A19103F-16F7-4668-BE54-9A1E7A4F7556}") = "LINGYUN.Abp.EventBus.CAP", "modules\common\LINGYUN.Abp.EventBus.CAP\LINGYUN.Abp.EventBus.CAP.csproj", "{1DA1835B-9EA4-4095-A8CF-10E2778206D3}"
EndProject
Project("{9A19103F-16F7-4668-BE54-9A1E7A4F7556}") = "LINGYUN.Abp.AspNetCore.HttpOverrides", "modules\common\LINGYUN.Abp.AspNetCore.HttpOverrides\LINGYUN.Abp.AspNetCore.HttpOverrides.csproj", "{7588F35B-7C0E-4D80-B43A-8A5C9AC6FE03}"
EndProject
Project("{9A19103F-16F7-4668-BE54-9A1E7A4F7556}") = "LINGYUN.Abp.ApiGateway.Host", "services\apigateway\LINGYUN.Abp.ApiGateway.Host\LINGYUN.Abp.ApiGateway.Host.csproj", "{A38139F5-A856-4CA2-89F8-51798ED557CC}"
EndProject
Global
	GlobalSection(SolutionConfigurationPlatforms) = preSolution
		Debug|Any CPU = Debug|Any CPU
		Release|Any CPU = Release|Any CPU
	EndGlobalSection
	GlobalSection(ProjectConfigurationPlatforms) = postSolution
		{A9D125BB-3C5A-4083-AD30-B88947460556}.Debug|Any CPU.ActiveCfg = Debug|Any CPU
		{A9D125BB-3C5A-4083-AD30-B88947460556}.Debug|Any CPU.Build.0 = Debug|Any CPU
		{A9D125BB-3C5A-4083-AD30-B88947460556}.Release|Any CPU.ActiveCfg = Release|Any CPU
		{A9D125BB-3C5A-4083-AD30-B88947460556}.Release|Any CPU.Build.0 = Release|Any CPU
		{54987DD7-5311-430D-BAFF-9F856468C893}.Debug|Any CPU.ActiveCfg = Debug|Any CPU
		{54987DD7-5311-430D-BAFF-9F856468C893}.Debug|Any CPU.Build.0 = Debug|Any CPU
		{54987DD7-5311-430D-BAFF-9F856468C893}.Release|Any CPU.ActiveCfg = Release|Any CPU
		{54987DD7-5311-430D-BAFF-9F856468C893}.Release|Any CPU.Build.0 = Release|Any CPU
		{DE80ED02-D021-497A-94D9-AD0BA042EA3F}.Debug|Any CPU.ActiveCfg = Debug|Any CPU
		{DE80ED02-D021-497A-94D9-AD0BA042EA3F}.Debug|Any CPU.Build.0 = Debug|Any CPU
		{DE80ED02-D021-497A-94D9-AD0BA042EA3F}.Release|Any CPU.ActiveCfg = Release|Any CPU
		{DE80ED02-D021-497A-94D9-AD0BA042EA3F}.Release|Any CPU.Build.0 = Release|Any CPU
		{38A8F904-E894-4C3D-9C35-DCD6E544AE43}.Debug|Any CPU.ActiveCfg = Debug|Any CPU
		{38A8F904-E894-4C3D-9C35-DCD6E544AE43}.Debug|Any CPU.Build.0 = Debug|Any CPU
		{38A8F904-E894-4C3D-9C35-DCD6E544AE43}.Release|Any CPU.ActiveCfg = Release|Any CPU
		{38A8F904-E894-4C3D-9C35-DCD6E544AE43}.Release|Any CPU.Build.0 = Release|Any CPU
		{F716F299-267B-430C-BC7F-ECE7E8AB2351}.Debug|Any CPU.ActiveCfg = Debug|Any CPU
		{F716F299-267B-430C-BC7F-ECE7E8AB2351}.Debug|Any CPU.Build.0 = Debug|Any CPU
		{F716F299-267B-430C-BC7F-ECE7E8AB2351}.Release|Any CPU.ActiveCfg = Release|Any CPU
		{F716F299-267B-430C-BC7F-ECE7E8AB2351}.Release|Any CPU.Build.0 = Release|Any CPU
		{B045F4B7-AE0E-4403-B7C2-A66B06CF6A62}.Debug|Any CPU.ActiveCfg = Debug|Any CPU
		{B045F4B7-AE0E-4403-B7C2-A66B06CF6A62}.Debug|Any CPU.Build.0 = Debug|Any CPU
		{B045F4B7-AE0E-4403-B7C2-A66B06CF6A62}.Release|Any CPU.ActiveCfg = Release|Any CPU
		{B045F4B7-AE0E-4403-B7C2-A66B06CF6A62}.Release|Any CPU.Build.0 = Release|Any CPU
		{4D686265-3927-43F5-B9BF-8A013F8BC9E8}.Debug|Any CPU.ActiveCfg = Debug|Any CPU
		{4D686265-3927-43F5-B9BF-8A013F8BC9E8}.Debug|Any CPU.Build.0 = Debug|Any CPU
		{4D686265-3927-43F5-B9BF-8A013F8BC9E8}.Release|Any CPU.ActiveCfg = Release|Any CPU
		{4D686265-3927-43F5-B9BF-8A013F8BC9E8}.Release|Any CPU.Build.0 = Release|Any CPU
		{D890BEBE-563A-47ED-B767-2E80077B5D37}.Debug|Any CPU.ActiveCfg = Debug|Any CPU
		{D890BEBE-563A-47ED-B767-2E80077B5D37}.Debug|Any CPU.Build.0 = Debug|Any CPU
		{D890BEBE-563A-47ED-B767-2E80077B5D37}.Release|Any CPU.ActiveCfg = Release|Any CPU
		{D890BEBE-563A-47ED-B767-2E80077B5D37}.Release|Any CPU.Build.0 = Release|Any CPU
		{4757C7D9-6AE9-477D-9829-55D9906AC3E6}.Debug|Any CPU.ActiveCfg = Debug|Any CPU
		{4757C7D9-6AE9-477D-9829-55D9906AC3E6}.Debug|Any CPU.Build.0 = Debug|Any CPU
		{4757C7D9-6AE9-477D-9829-55D9906AC3E6}.Release|Any CPU.ActiveCfg = Release|Any CPU
		{4757C7D9-6AE9-477D-9829-55D9906AC3E6}.Release|Any CPU.Build.0 = Release|Any CPU
		{1DA1835B-9EA4-4095-A8CF-10E2778206D3}.Debug|Any CPU.ActiveCfg = Debug|Any CPU
		{1DA1835B-9EA4-4095-A8CF-10E2778206D3}.Debug|Any CPU.Build.0 = Debug|Any CPU
		{1DA1835B-9EA4-4095-A8CF-10E2778206D3}.Release|Any CPU.ActiveCfg = Release|Any CPU
		{1DA1835B-9EA4-4095-A8CF-10E2778206D3}.Release|Any CPU.Build.0 = Release|Any CPU
		{7588F35B-7C0E-4D80-B43A-8A5C9AC6FE03}.Debug|Any CPU.ActiveCfg = Debug|Any CPU
		{7588F35B-7C0E-4D80-B43A-8A5C9AC6FE03}.Debug|Any CPU.Build.0 = Debug|Any CPU
		{7588F35B-7C0E-4D80-B43A-8A5C9AC6FE03}.Release|Any CPU.ActiveCfg = Release|Any CPU
		{7588F35B-7C0E-4D80-B43A-8A5C9AC6FE03}.Release|Any CPU.Build.0 = Release|Any CPU
		{A38139F5-A856-4CA2-89F8-51798ED557CC}.Debug|Any CPU.ActiveCfg = Debug|Any CPU
		{A38139F5-A856-4CA2-89F8-51798ED557CC}.Debug|Any CPU.Build.0 = Debug|Any CPU
		{A38139F5-A856-4CA2-89F8-51798ED557CC}.Release|Any CPU.ActiveCfg = Release|Any CPU
		{A38139F5-A856-4CA2-89F8-51798ED557CC}.Release|Any CPU.Build.0 = Release|Any CPU
	EndGlobalSection
	GlobalSection(SolutionProperties) = preSolution
		HideSolutionNode = FALSE
	EndGlobalSection
	GlobalSection(NestedProjects) = preSolution
		{AD93DD04-989C-40BE-A3F4-25DABF290423} = {630FB448-8C5C-438F-930D-B0209407DE6A}
		{A9D125BB-3C5A-4083-AD30-B88947460556} = {F3B1B755-37B6-420B-9E82-A5BDFF2BF647}
		{54987DD7-5311-430D-BAFF-9F856468C893} = {F3B1B755-37B6-420B-9E82-A5BDFF2BF647}
		{DE80ED02-D021-497A-94D9-AD0BA042EA3F} = {AD93DD04-989C-40BE-A3F4-25DABF290423}
		{38A8F904-E894-4C3D-9C35-DCD6E544AE43} = {AD93DD04-989C-40BE-A3F4-25DABF290423}
		{F716F299-267B-430C-BC7F-ECE7E8AB2351} = {AD93DD04-989C-40BE-A3F4-25DABF290423}
		{B045F4B7-AE0E-4403-B7C2-A66B06CF6A62} = {AD93DD04-989C-40BE-A3F4-25DABF290423}
		{4D686265-3927-43F5-B9BF-8A013F8BC9E8} = {AD93DD04-989C-40BE-A3F4-25DABF290423}
		{D890BEBE-563A-47ED-B767-2E80077B5D37} = {AD93DD04-989C-40BE-A3F4-25DABF290423}
		{4757C7D9-6AE9-477D-9829-55D9906AC3E6} = {AD93DD04-989C-40BE-A3F4-25DABF290423}
		{D6629DD3-BA0F-44B5-A97F-3B992ECAB85D} = {630FB448-8C5C-438F-930D-B0209407DE6A}
		{1DA1835B-9EA4-4095-A8CF-10E2778206D3} = {D6629DD3-BA0F-44B5-A97F-3B992ECAB85D}
		{7588F35B-7C0E-4D80-B43A-8A5C9AC6FE03} = {D6629DD3-BA0F-44B5-A97F-3B992ECAB85D}
		{A38139F5-A856-4CA2-89F8-51798ED557CC} = {F3B1B755-37B6-420B-9E82-A5BDFF2BF647}
	EndGlobalSection
	GlobalSection(ExtensibilityGlobals) = postSolution
		SolutionGuid = {B327C65A-BD15-480D-825E-9D5A870C521A}
	EndGlobalSection
EndGlobal
