
Microsoft Visual Studio Solution File, Format Version 12.00
# Visual Studio Version 16
VisualStudioVersion = 16.0.30011.22
MinimumVisualStudioVersion = 10.0.40219.1
Project("{2150E333-8FDC-42A3-9474-1A3956D46DE8}") = "modules", "modules", "{7C727110-59CA-495B-8143-C5DDEDE41289}"
EndProject
Project("{2150E333-8FDC-42A3-9474-1A3956D46DE8}") = "services", "services", "{DDCA574F-911B-4547-BA21-12CCE1022D95}"
EndProject
Project("{9A19103F-16F7-4668-BE54-9A1E7A4F7556}") = "AuthServer.Host", "services\account\AuthServer.Host\AuthServer.Host.csproj", "{BF8073FF-6403-4ED6-A3CD-74F240DC8044}"
EndProject
Project("{2150E333-8FDC-42A3-9474-1A3956D46DE8}") = "identity-server", "identity-server", "{98887A8F-7040-4FA1-842F-A4C77A61ED09}"
EndProject
Project("{9A19103F-16F7-4668-BE54-9A1E7A4F7556}") = "LINGYUN.Abp.IdentityServer.SmsValidator", "modules\identityServer\LINGYUN.Abp.IdentityServer.SmsValidator\LINGYUN.Abp.IdentityServer.SmsValidator.csproj", "{9EA06629-DBAC-4369-9850-B7415D0470B0}"
EndProject
Project("{2150E333-8FDC-42A3-9474-1A3956D46DE8}") = "identity", "identity", "{70B8D735-1E89-4163-8EDB-56A74E374CF4}"
EndProject
Project("{9A19103F-16F7-4668-BE54-9A1E7A4F7556}") = "LINGYUN.Abp.PermissionManagement.Domain.Identity", "modules\identity\LINGYUN.Abp.PermissionManagement.Domain.Identity\LINGYUN.Abp.PermissionManagement.Domain.Identity.csproj", "{F87B2BA3-40BC-4CB8-B53E-793C860F285D}"
EndProject
Project("{2150E333-8FDC-42A3-9474-1A3956D46DE8}") = "wechat", "wechat", "{AF8AECC8-0F42-4FC5-B3C0-00987BA8279F}"
EndProject
Project("{2150E333-8FDC-42A3-9474-1A3956D46DE8}") = "permission-management", "permission-management", "{2FEA83BA-2E6D-40AF-8781-12CFD042457F}"
EndProject
Project("{9A19103F-16F7-4668-BE54-9A1E7A4F7556}") = "LINGYUN.Abp.PermissionManagement.Domain", "modules\permissions-management\LINGYUN.Abp.PermissionManagement.Domain\LINGYUN.Abp.PermissionManagement.Domain.csproj", "{A0A11373-635B-4343-8EE7-1DFC3611F05A}"
EndProject
Project("{9A19103F-16F7-4668-BE54-9A1E7A4F7556}") = "LINGYUN.Abp.WeChat", "modules\wechat\LINGYUN.Abp.WeChat\LINGYUN.Abp.WeChat.csproj", "{6F13C138-1D71-48F5-A404-94047242E98F}"
EndProject
Project("{2150E333-8FDC-42A3-9474-1A3956D46DE8}") = "common", "common", "{572DBB40-4637-4C01-8491-8686F7E22B45}"
EndProject
Project("{9A19103F-16F7-4668-BE54-9A1E7A4F7556}") = "LINGYUN.Abp.EventBus.CAP", "modules\common\LINGYUN.Abp.EventBus.CAP\LINGYUN.Abp.EventBus.CAP.csproj", "{843012AC-78C3-4A25-904C-353ED26C8524}"
EndProject
Project("{9A19103F-16F7-4668-BE54-9A1E7A4F7556}") = "LINGYUN.Abp.MultiTenancy.DbFinder", "modules\tenants\LINGYUN.Abp.MultiTenancy.DbFinder\LINGYUN.Abp.MultiTenancy.DbFinder.csproj", "{FEEA68C2-D545-4AD6-81C7-71D0E2747CC3}"
EndProject
Project("{9A19103F-16F7-4668-BE54-9A1E7A4F7556}") = "LINGYUN.Abp.MultiTenancy", "modules\tenants\LINGYUN.Abp.MultiTenancy\LINGYUN.Abp.MultiTenancy.csproj", "{D879BE04-BEFC-423B-868C-E8BA10605E16}"
EndProject
Project("{2150E333-8FDC-42A3-9474-1A3956D46DE8}") = "tenants", "tenants", "{6CB9D0F3-8D50-49B5-98E2-D777717E51E8}"
EndProject
Project("{9A19103F-16F7-4668-BE54-9A1E7A4F7556}") = "LINGYUN.Abp.Aliyun.Authorization", "modules\common\LINGYUN.Abp.Aliyun.Authorization\LINGYUN.Abp.Aliyun.Authorization.csproj", "{C675C7DB-5825-4F64-BF76-8A4452A448D2}"
EndProject
Project("{9A19103F-16F7-4668-BE54-9A1E7A4F7556}") = "LINGYUN.Abp.Sms.Aliyun", "modules\common\LINGYUN.Abp.Sms.Aliyun\LINGYUN.Abp.Sms.Aliyun.csproj", "{A51E2EB5-EEC0-4FB0-99B9-A0FBE0D8B0EB}"
EndProject
Project("{9A19103F-16F7-4668-BE54-9A1E7A4F7556}") = "LINGYUN.Abp.Identity.Domain.Shared", "modules\identity\LINGYUN.Abp.Identity.Domain.Shared\LINGYUN.Abp.Identity.Domain.Shared.csproj", "{E5E51981-864A-4B54-8E50-B5AE8B81245C}"
EndProject
Project("{9A19103F-16F7-4668-BE54-9A1E7A4F7556}") = "LINGYUN.Abp.Identity.Domain", "modules\identity\LINGYUN.Abp.Identity.Domain\LINGYUN.Abp.Identity.Domain.csproj", "{6514E12E-D97C-4311-8301-F270D4E04A9F}"
EndProject
Project("{9A19103F-16F7-4668-BE54-9A1E7A4F7556}") = "LINGYUN.Abp.Identity.EntityFrameworkCore", "modules\identity\LINGYUN.Abp.Identity.EntityFrameworkCore\LINGYUN.Abp.Identity.EntityFrameworkCore.csproj", "{77F424CB-75F2-4D7F-8B52-BBE2E09CB423}"
EndProject
Project("{9A19103F-16F7-4668-BE54-9A1E7A4F7556}") = "LINGYUN.Abp.IdentityServer.EntityFrameworkCore", "modules\identityServer\LINGYUN.Abp.IdentityServer.EntityFrameworkCore\LINGYUN.Abp.IdentityServer.EntityFrameworkCore.csproj", "{644FAB8F-ED83-4539-AF43-8F8FE61EF778}"
EndProject
Project("{9A19103F-16F7-4668-BE54-9A1E7A4F7556}") = "LINGYUN.Abp.WeChat.MiniProgram", "modules\wechat\LINGYUN.Abp.WeChat.MiniProgram\LINGYUN.Abp.WeChat.MiniProgram.csproj", "{648D7B5D-8B78-4F90-BDE0-4AC50C902CC3}"
EndProject
Project("{9A19103F-16F7-4668-BE54-9A1E7A4F7556}") = "LINGYUN.Abp.WeChat.Official", "modules\wechat\LINGYUN.Abp.WeChat.Official\LINGYUN.Abp.WeChat.Official.csproj", "{F762D1BB-66FB-421A-A917-D80B7DCC0DC0}"
EndProject
Project("{9A19103F-16F7-4668-BE54-9A1E7A4F7556}") = "LINGYUN.Abp.IdentityServer.WeChat", "modules\identityServer\LINGYUN.Abp.IdentityServer.WeChat\LINGYUN.Abp.IdentityServer.WeChat.csproj", "{D63C0CA8-554D-43F2-8DB4-8B464E4C1CDA}"
EndProject
Project("{9A19103F-16F7-4668-BE54-9A1E7A4F7556}") = "LINGYUN.Abp.IdentityServer.Domain", "modules\identityServer\LINGYUN.Abp.IdentityServer.Domain\LINGYUN.Abp.IdentityServer.Domain.csproj", "{79CAF2CA-E9E1-48A5-A21F-3786383C12E0}"
EndProject
Global
	GlobalSection(SolutionConfigurationPlatforms) = preSolution
		Debug|Any CPU = Debug|Any CPU
		Release|Any CPU = Release|Any CPU
	EndGlobalSection
	GlobalSection(ProjectConfigurationPlatforms) = postSolution
		{BF8073FF-6403-4ED6-A3CD-74F240DC8044}.Debug|Any CPU.ActiveCfg = Debug|Any CPU
		{BF8073FF-6403-4ED6-A3CD-74F240DC8044}.Debug|Any CPU.Build.0 = Debug|Any CPU
		{BF8073FF-6403-4ED6-A3CD-74F240DC8044}.Release|Any CPU.ActiveCfg = Release|Any CPU
		{BF8073FF-6403-4ED6-A3CD-74F240DC8044}.Release|Any CPU.Build.0 = Release|Any CPU
		{9EA06629-DBAC-4369-9850-B7415D0470B0}.Debug|Any CPU.ActiveCfg = Debug|Any CPU
		{9EA06629-DBAC-4369-9850-B7415D0470B0}.Debug|Any CPU.Build.0 = Debug|Any CPU
		{9EA06629-DBAC-4369-9850-B7415D0470B0}.Release|Any CPU.ActiveCfg = Release|Any CPU
		{9EA06629-DBAC-4369-9850-B7415D0470B0}.Release|Any CPU.Build.0 = Release|Any CPU
		{F87B2BA3-40BC-4CB8-B53E-793C860F285D}.Debug|Any CPU.ActiveCfg = Debug|Any CPU
		{F87B2BA3-40BC-4CB8-B53E-793C860F285D}.Debug|Any CPU.Build.0 = Debug|Any CPU
		{F87B2BA3-40BC-4CB8-B53E-793C860F285D}.Release|Any CPU.ActiveCfg = Release|Any CPU
		{F87B2BA3-40BC-4CB8-B53E-793C860F285D}.Release|Any CPU.Build.0 = Release|Any CPU
		{A0A11373-635B-4343-8EE7-1DFC3611F05A}.Debug|Any CPU.ActiveCfg = Debug|Any CPU
		{A0A11373-635B-4343-8EE7-1DFC3611F05A}.Debug|Any CPU.Build.0 = Debug|Any CPU
		{A0A11373-635B-4343-8EE7-1DFC3611F05A}.Release|Any CPU.ActiveCfg = Release|Any CPU
		{A0A11373-635B-4343-8EE7-1DFC3611F05A}.Release|Any CPU.Build.0 = Release|Any CPU
		{6F13C138-1D71-48F5-A404-94047242E98F}.Debug|Any CPU.ActiveCfg = Debug|Any CPU
		{6F13C138-1D71-48F5-A404-94047242E98F}.Debug|Any CPU.Build.0 = Debug|Any CPU
		{6F13C138-1D71-48F5-A404-94047242E98F}.Release|Any CPU.ActiveCfg = Release|Any CPU
		{6F13C138-1D71-48F5-A404-94047242E98F}.Release|Any CPU.Build.0 = Release|Any CPU
		{843012AC-78C3-4A25-904C-353ED26C8524}.Debug|Any CPU.ActiveCfg = Debug|Any CPU
		{843012AC-78C3-4A25-904C-353ED26C8524}.Debug|Any CPU.Build.0 = Debug|Any CPU
		{843012AC-78C3-4A25-904C-353ED26C8524}.Release|Any CPU.ActiveCfg = Release|Any CPU
		{843012AC-78C3-4A25-904C-353ED26C8524}.Release|Any CPU.Build.0 = Release|Any CPU
		{FEEA68C2-D545-4AD6-81C7-71D0E2747CC3}.Debug|Any CPU.ActiveCfg = Debug|Any CPU
		{FEEA68C2-D545-4AD6-81C7-71D0E2747CC3}.Debug|Any CPU.Build.0 = Debug|Any CPU
		{FEEA68C2-D545-4AD6-81C7-71D0E2747CC3}.Release|Any CPU.ActiveCfg = Release|Any CPU
		{FEEA68C2-D545-4AD6-81C7-71D0E2747CC3}.Release|Any CPU.Build.0 = Release|Any CPU
		{D879BE04-BEFC-423B-868C-E8BA10605E16}.Debug|Any CPU.ActiveCfg = Debug|Any CPU
		{D879BE04-BEFC-423B-868C-E8BA10605E16}.Debug|Any CPU.Build.0 = Debug|Any CPU
		{D879BE04-BEFC-423B-868C-E8BA10605E16}.Release|Any CPU.ActiveCfg = Release|Any CPU
		{D879BE04-BEFC-423B-868C-E8BA10605E16}.Release|Any CPU.Build.0 = Release|Any CPU
		{C675C7DB-5825-4F64-BF76-8A4452A448D2}.Debug|Any CPU.ActiveCfg = Debug|Any CPU
		{C675C7DB-5825-4F64-BF76-8A4452A448D2}.Debug|Any CPU.Build.0 = Debug|Any CPU
		{C675C7DB-5825-4F64-BF76-8A4452A448D2}.Release|Any CPU.ActiveCfg = Release|Any CPU
		{C675C7DB-5825-4F64-BF76-8A4452A448D2}.Release|Any CPU.Build.0 = Release|Any CPU
		{A51E2EB5-EEC0-4FB0-99B9-A0FBE0D8B0EB}.Debug|Any CPU.ActiveCfg = Debug|Any CPU
		{A51E2EB5-EEC0-4FB0-99B9-A0FBE0D8B0EB}.Debug|Any CPU.Build.0 = Debug|Any CPU
		{A51E2EB5-EEC0-4FB0-99B9-A0FBE0D8B0EB}.Release|Any CPU.ActiveCfg = Release|Any CPU
		{A51E2EB5-EEC0-4FB0-99B9-A0FBE0D8B0EB}.Release|Any CPU.Build.0 = Release|Any CPU
		{E5E51981-864A-4B54-8E50-B5AE8B81245C}.Debug|Any CPU.ActiveCfg = Debug|Any CPU
		{E5E51981-864A-4B54-8E50-B5AE8B81245C}.Debug|Any CPU.Build.0 = Debug|Any CPU
		{E5E51981-864A-4B54-8E50-B5AE8B81245C}.Release|Any CPU.ActiveCfg = Release|Any CPU
		{E5E51981-864A-4B54-8E50-B5AE8B81245C}.Release|Any CPU.Build.0 = Release|Any CPU
		{6514E12E-D97C-4311-8301-F270D4E04A9F}.Debug|Any CPU.ActiveCfg = Debug|Any CPU
		{6514E12E-D97C-4311-8301-F270D4E04A9F}.Debug|Any CPU.Build.0 = Debug|Any CPU
		{6514E12E-D97C-4311-8301-F270D4E04A9F}.Release|Any CPU.ActiveCfg = Release|Any CPU
		{6514E12E-D97C-4311-8301-F270D4E04A9F}.Release|Any CPU.Build.0 = Release|Any CPU
		{77F424CB-75F2-4D7F-8B52-BBE2E09CB423}.Debug|Any CPU.ActiveCfg = Debug|Any CPU
		{77F424CB-75F2-4D7F-8B52-BBE2E09CB423}.Debug|Any CPU.Build.0 = Debug|Any CPU
		{77F424CB-75F2-4D7F-8B52-BBE2E09CB423}.Release|Any CPU.ActiveCfg = Release|Any CPU
		{77F424CB-75F2-4D7F-8B52-BBE2E09CB423}.Release|Any CPU.Build.0 = Release|Any CPU
		{644FAB8F-ED83-4539-AF43-8F8FE61EF778}.Debug|Any CPU.ActiveCfg = Debug|Any CPU
		{644FAB8F-ED83-4539-AF43-8F8FE61EF778}.Debug|Any CPU.Build.0 = Debug|Any CPU
		{644FAB8F-ED83-4539-AF43-8F8FE61EF778}.Release|Any CPU.ActiveCfg = Release|Any CPU
		{644FAB8F-ED83-4539-AF43-8F8FE61EF778}.Release|Any CPU.Build.0 = Release|Any CPU
		{648D7B5D-8B78-4F90-BDE0-4AC50C902CC3}.Debug|Any CPU.ActiveCfg = Debug|Any CPU
		{648D7B5D-8B78-4F90-BDE0-4AC50C902CC3}.Debug|Any CPU.Build.0 = Debug|Any CPU
		{648D7B5D-8B78-4F90-BDE0-4AC50C902CC3}.Release|Any CPU.ActiveCfg = Release|Any CPU
		{648D7B5D-8B78-4F90-BDE0-4AC50C902CC3}.Release|Any CPU.Build.0 = Release|Any CPU
		{F762D1BB-66FB-421A-A917-D80B7DCC0DC0}.Debug|Any CPU.ActiveCfg = Debug|Any CPU
		{F762D1BB-66FB-421A-A917-D80B7DCC0DC0}.Debug|Any CPU.Build.0 = Debug|Any CPU
		{F762D1BB-66FB-421A-A917-D80B7DCC0DC0}.Release|Any CPU.ActiveCfg = Release|Any CPU
		{F762D1BB-66FB-421A-A917-D80B7DCC0DC0}.Release|Any CPU.Build.0 = Release|Any CPU
		{D63C0CA8-554D-43F2-8DB4-8B464E4C1CDA}.Debug|Any CPU.ActiveCfg = Debug|Any CPU
		{D63C0CA8-554D-43F2-8DB4-8B464E4C1CDA}.Debug|Any CPU.Build.0 = Debug|Any CPU
		{D63C0CA8-554D-43F2-8DB4-8B464E4C1CDA}.Release|Any CPU.ActiveCfg = Release|Any CPU
		{D63C0CA8-554D-43F2-8DB4-8B464E4C1CDA}.Release|Any CPU.Build.0 = Release|Any CPU
		{79CAF2CA-E9E1-48A5-A21F-3786383C12E0}.Debug|Any CPU.ActiveCfg = Debug|Any CPU
		{79CAF2CA-E9E1-48A5-A21F-3786383C12E0}.Debug|Any CPU.Build.0 = Debug|Any CPU
		{79CAF2CA-E9E1-48A5-A21F-3786383C12E0}.Release|Any CPU.ActiveCfg = Release|Any CPU
		{79CAF2CA-E9E1-48A5-A21F-3786383C12E0}.Release|Any CPU.Build.0 = Release|Any CPU
	EndGlobalSection
	GlobalSection(SolutionProperties) = preSolution
		HideSolutionNode = FALSE
	EndGlobalSection
	GlobalSection(NestedProjects) = preSolution
		{BF8073FF-6403-4ED6-A3CD-74F240DC8044} = {DDCA574F-911B-4547-BA21-12CCE1022D95}
		{98887A8F-7040-4FA1-842F-A4C77A61ED09} = {7C727110-59CA-495B-8143-C5DDEDE41289}
		{9EA06629-DBAC-4369-9850-B7415D0470B0} = {98887A8F-7040-4FA1-842F-A4C77A61ED09}
		{70B8D735-1E89-4163-8EDB-56A74E374CF4} = {7C727110-59CA-495B-8143-C5DDEDE41289}
		{F87B2BA3-40BC-4CB8-B53E-793C860F285D} = {70B8D735-1E89-4163-8EDB-56A74E374CF4}
		{AF8AECC8-0F42-4FC5-B3C0-00987BA8279F} = {7C727110-59CA-495B-8143-C5DDEDE41289}
		{2FEA83BA-2E6D-40AF-8781-12CFD042457F} = {7C727110-59CA-495B-8143-C5DDEDE41289}
		{A0A11373-635B-4343-8EE7-1DFC3611F05A} = {2FEA83BA-2E6D-40AF-8781-12CFD042457F}
		{6F13C138-1D71-48F5-A404-94047242E98F} = {AF8AECC8-0F42-4FC5-B3C0-00987BA8279F}
		{572DBB40-4637-4C01-8491-8686F7E22B45} = {7C727110-59CA-495B-8143-C5DDEDE41289}
		{843012AC-78C3-4A25-904C-353ED26C8524} = {572DBB40-4637-4C01-8491-8686F7E22B45}
		{FEEA68C2-D545-4AD6-81C7-71D0E2747CC3} = {6CB9D0F3-8D50-49B5-98E2-D777717E51E8}
		{D879BE04-BEFC-423B-868C-E8BA10605E16} = {6CB9D0F3-8D50-49B5-98E2-D777717E51E8}
		{6CB9D0F3-8D50-49B5-98E2-D777717E51E8} = {7C727110-59CA-495B-8143-C5DDEDE41289}
		{C675C7DB-5825-4F64-BF76-8A4452A448D2} = {572DBB40-4637-4C01-8491-8686F7E22B45}
		{A51E2EB5-EEC0-4FB0-99B9-A0FBE0D8B0EB} = {572DBB40-4637-4C01-8491-8686F7E22B45}
		{E5E51981-864A-4B54-8E50-B5AE8B81245C} = {70B8D735-1E89-4163-8EDB-56A74E374CF4}
		{6514E12E-D97C-4311-8301-F270D4E04A9F} = {70B8D735-1E89-4163-8EDB-56A74E374CF4}
		{77F424CB-75F2-4D7F-8B52-BBE2E09CB423} = {70B8D735-1E89-4163-8EDB-56A74E374CF4}
		{644FAB8F-ED83-4539-AF43-8F8FE61EF778} = {98887A8F-7040-4FA1-842F-A4C77A61ED09}
		{648D7B5D-8B78-4F90-BDE0-4AC50C902CC3} = {AF8AECC8-0F42-4FC5-B3C0-00987BA8279F}
		{F762D1BB-66FB-421A-A917-D80B7DCC0DC0} = {AF8AECC8-0F42-4FC5-B3C0-00987BA8279F}
		{D63C0CA8-554D-43F2-8DB4-8B464E4C1CDA} = {98887A8F-7040-4FA1-842F-A4C77A61ED09}
		{79CAF2CA-E9E1-48A5-A21F-3786383C12E0} = {98887A8F-7040-4FA1-842F-A4C77A61ED09}
	EndGlobalSection
	GlobalSection(ExtensibilityGlobals) = postSolution
		SolutionGuid = {FCB77471-9ECB-4666-A316-1D6A6285A468}
	EndGlobalSection
EndGlobal
