
Microsoft Visual Studio Solution File, Format Version 12.00
# Visual Studio Version 17
VisualStudioVersion = 17.0.31903.59
MinimumVisualStudioVersion = 10.0.40219.1
Project("{2150E333-8FDC-42A3-9474-1A3956D46DE8}") = "host", "host", "{8DA8A2EE-0B26-487E-A6C4-518906E92B1B}"
EndProject
Project("{2150E333-8FDC-42A3-9474-1A3956D46DE8}") = "src", "src", "{C38EB7EF-BAE9-4129-862A-71C652B81775}"
EndProject
Project("{2150E333-8FDC-42A3-9474-1A3956D46DE8}") = "tests", "tests", "{77341F31-F54C-436A-AF8D-F78D91303C45}"
EndProject
Project("{9A19103F-16F7-4668-BE54-9A1E7A4F7556}") = "LINGYUN.Abp.TaskManagement.Domain.Shared", "modules\task-management\LINGYUN.Abp.TaskManagement.Domain.Shared\LINGYUN.Abp.TaskManagement.Domain.Shared.csproj", "{691CD138-9FFA-4988-BAC4-A32F0DAE1090}"
EndProject
Project("{9A19103F-16F7-4668-BE54-9A1E7A4F7556}") = "LINGYUN.Abp.TaskManagement.Domain", "modules\task-management\LINGYUN.Abp.TaskManagement.Domain\LINGYUN.Abp.TaskManagement.Domain.csproj", "{8873A651-4F83-43B3-A34E-7AAA8A3ED4CF}"
EndProject
Project("{9A19103F-16F7-4668-BE54-9A1E7A4F7556}") = "LINGYUN.Abp.TaskManagement.Application.Contracts", "modules\task-management\LINGYUN.Abp.TaskManagement.Application.Contracts\LINGYUN.Abp.TaskManagement.Application.Contracts.csproj", "{D5EC4CA0-7E16-4D17-B08E-E162EF332C77}"
EndProject
Project("{9A19103F-16F7-4668-BE54-9A1E7A4F7556}") = "LINGYUN.Abp.TaskManagement.Application", "modules\task-management\LINGYUN.Abp.TaskManagement.Application\LINGYUN.Abp.TaskManagement.Application.csproj", "{09039DDF-5B0E-4670-8055-CC0BE82D4D2C}"
EndProject
Project("{9A19103F-16F7-4668-BE54-9A1E7A4F7556}") = "LINGYUN.Abp.TaskManagement.HttpApi", "modules\task-management\LINGYUN.Abp.TaskManagement.HttpApi\LINGYUN.Abp.TaskManagement.HttpApi.csproj", "{283B0039-F67C-41F7-B554-DF5EE9178C4A}"
EndProject
Project("{9A19103F-16F7-4668-BE54-9A1E7A4F7556}") = "LINGYUN.Abp.TaskManagement.EntityFrameworkCore", "modules\task-management\LINGYUN.Abp.TaskManagement.EntityFrameworkCore\LINGYUN.Abp.TaskManagement.EntityFrameworkCore.csproj", "{B8AB5E9B-9711-470E-8072-7444579EC5F6}"
EndProject
Project("{2150E333-8FDC-42A3-9474-1A3956D46DE8}") = "Solution Items", "Solution Items", "{C99728F6-FB3C-4D26-8917-1D30725209B9}"
	ProjectSection(SolutionItems) = preProject
		.editorconfig = .editorconfig
	EndProjectSection
EndProject
Project("{2150E333-8FDC-42A3-9474-1A3956D46DE8}") = "provider", "provider", "{385578CC-C0F1-4377-A7A2-682B8F416234}"
EndProject
Project("{9A19103F-16F7-4668-BE54-9A1E7A4F7556}") = "LINGYUN.Abp.BackgroundTasks", "modules\task-management\LINGYUN.Abp.BackgroundTasks\LINGYUN.Abp.BackgroundTasks.csproj", "{AC0B4342-9C9B-41E6-9646-E505C763EE77}"
EndProject
Project("{9A19103F-16F7-4668-BE54-9A1E7A4F7556}") = "LINGYUN.Abp.BackgroundTasks.Quartz", "modules\task-management\LINGYUN.Abp.BackgroundTasks.Quartz\LINGYUN.Abp.BackgroundTasks.Quartz.csproj", "{7051C251-11D0-4971-B13E-F6929AE6DE89}"
EndProject
Project("{9A19103F-16F7-4668-BE54-9A1E7A4F7556}") = "LY.MicroService.TaskManagement.HttpApi.Host", "services\LY.MicroService.TaskManagement.HttpApi.Host\LY.MicroService.TaskManagement.HttpApi.Host.csproj", "{E8022994-A19F-4540-B9D1-7EF4AA85D18A}"
EndProject
Project("{9A19103F-16F7-4668-BE54-9A1E7A4F7556}") = "LINGYUN.Abp.BackgroundTasks.Abstractions", "modules\task-management\LINGYUN.Abp.BackgroundTasks.Abstractions\LINGYUN.Abp.BackgroundTasks.Abstractions.csproj", "{4A049C32-55F2-4A5F-954A-C8A977C2D87F}"
EndProject
Project("{9A19103F-16F7-4668-BE54-9A1E7A4F7556}") = "LINGYUN.Abp.BackgroundTasks.Jobs", "modules\task-management\LINGYUN.Abp.BackgroundTasks.Jobs\LINGYUN.Abp.BackgroundTasks.Jobs.csproj", "{4C59F590-AA6C-4C46-8060-DA65D8305980}"
EndProject
Project("{9A19103F-16F7-4668-BE54-9A1E7A4F7556}") = "LINGYUN.Abp.BackgroundTasks.ExceptionHandling", "modules\task-management\LINGYUN.Abp.BackgroundTasks.ExceptionHandling\LINGYUN.Abp.BackgroundTasks.ExceptionHandling.csproj", "{8507BBFA-FE56-4426-BBFA-C92906CB8407}"
EndProject
Project("{9A19103F-16F7-4668-BE54-9A1E7A4F7556}") = "LINGYUN.Abp.TaskManagement.HttpApi.Client", "modules\task-management\LINGYUN.Abp.TaskManagement.HttpApi.Client\LINGYUN.Abp.TaskManagement.HttpApi.Client.csproj", "{56C759D1-6FE6-4111-A2DB-CD65DCE82061}"
EndProject
Project("{9A19103F-16F7-4668-BE54-9A1E7A4F7556}") = "LINGYUN.Abp.BackgroundTasks.TaskManagement", "modules\task-management\LINGYUN.Abp.BackgroundTasks.TaskManagement\LINGYUN.Abp.BackgroundTasks.TaskManagement.csproj", "{7937785C-0D28-46B3-A7E7-0B592821A1F2}"
EndProject
Project("{9A19103F-16F7-4668-BE54-9A1E7A4F7556}") = "LINGYUN.Abp.BackgroundTasks.EventBus", "modules\task-management\LINGYUN.Abp.BackgroundTasks.EventBus\LINGYUN.Abp.BackgroundTasks.EventBus.csproj", "{D17DEF79-635B-478D-89D7-32EAE616869A}"
EndProject
Project("{9A19103F-16F7-4668-BE54-9A1E7A4F7556}") = "LINGYUN.Abp.BackgroundTasks.DistributedLocking", "modules\task-management\LINGYUN.Abp.BackgroundTasks.DistributedLocking\LINGYUN.Abp.BackgroundTasks.DistributedLocking.csproj", "{A817B7B7-A225-404A-A301-B42D400DE4B7}"
EndProject
Project("{9A19103F-16F7-4668-BE54-9A1E7A4F7556}") = "LINGYUN.Abp.BackgroundTasks.Activities", "modules\task-management\LINGYUN.Abp.BackgroundTasks.Activities\LINGYUN.Abp.BackgroundTasks.Activities.csproj", "{3D0A1901-36FB-4DA2-9F8D-05308598E98C}"
EndProject
Project("{2150E333-8FDC-42A3-9474-1A3956D46DE8}") = "extend-jobs", "extend-jobs", "{A9536BD2-2573-44CA-B033-DC16B7E345E5}"
EndProject
Project("{9A19103F-16F7-4668-BE54-9A1E7A4F7556}") = "LINGYUN.Abp.Notifications.Jobs", "modules\common\LINGYUN.Abp.Notifications.Jobs\LINGYUN.Abp.Notifications.Jobs.csproj", "{17D7ED0F-E789-4637-9B06-57DF693C6E1E}"
EndProject
Project("{9A19103F-16F7-4668-BE54-9A1E7A4F7556}") = "LINGYUN.Abp.BackgroundTasks.Notifications", "modules\task-management\LINGYUN.Abp.BackgroundTasks.Notifications\LINGYUN.Abp.BackgroundTasks.Notifications.csproj", "{1978B64C-B2F5-4F68-9E5C-B45F948E7155}"
EndProject
Project("{2150E333-8FDC-42A3-9474-1A3956D46DE8}") = "realtime", "realtime", "{18918B94-BB48-48F3-874D-B91B0252440A}"
EndProject
Project("{9A19103F-16F7-4668-BE54-9A1E7A4F7556}") = "LINGYUN.Abp.RealTime", "modules\common\LINGYUN.Abp.RealTime\LINGYUN.Abp.RealTime.csproj", "{23620224-93A1-4A88-93B7-23D37929FCF7}"
EndProject
Project("{9A19103F-16F7-4668-BE54-9A1E7A4F7556}") = "LINGYUN.Abp.Notifications", "modules\common\LINGYUN.Abp.Notifications\LINGYUN.Abp.Notifications.csproj", "{09F7171C-6DA1-4466-AB4A-DC92E93368EC}"
EndProject
Project("{2150E333-8FDC-42A3-9474-1A3956D46DE8}") = "dapr", "dapr", "{FA5E30C9-05E3-4E35-AEDD-7DC5534E3A01}"
EndProject
Project("{9A19103F-16F7-4668-BE54-9A1E7A4F7556}") = "LINGYUN.Abp.Dapr", "modules\dapr\LINGYUN.Abp.Dapr\LINGYUN.Abp.Dapr.csproj", "{2FA23894-E598-4896-A336-3E7C682699D9}"
EndProject
Project("{9A19103F-16F7-4668-BE54-9A1E7A4F7556}") = "LINGYUN.Abp.Dapr.Client", "modules\dapr\LINGYUN.Abp.Dapr.Client\LINGYUN.Abp.Dapr.Client.csproj", "{194DAB61-BC3C-4003-BFF0-C87763E7B8B0}"
EndProject
Project("{9A19103F-16F7-4668-BE54-9A1E7A4F7556}") = "LINGYUN.Abp.Notifications.Core", "modules\common\LINGYUN.Abp.Notifications.Core\LINGYUN.Abp.Notifications.Core.csproj", "{DD51A1AE-830F-4909-A729-7EBC398B17AD}"
EndProject
Project("{2150E333-8FDC-42A3-9474-1A3956D46DE8}") = "exten-plugin", "exten-plugin", "{B38D2141-AC0F-4F4A-9315-4292E3856C15}"
EndProject
Project("{9A19103F-16F7-4668-BE54-9A1E7A4F7556}") = "LINGYUN.Linq.Dynamic.Queryable", "modules\dynamic-queryable\LINGYUN.Linq.Dynamic.Queryable\LINGYUN.Linq.Dynamic.Queryable.csproj", "{3EE8383C-6F25-4BCD-8852-B23D1C864324}"
EndProject
Project("{9A19103F-16F7-4668-BE54-9A1E7A4F7556}") = "LINGYUN.Abp.Dynamic.Queryable.Application.Contracts", "modules\dynamic-queryable\LINGYUN.Abp.Dynamic.Queryable.Application.Contracts\LINGYUN.Abp.Dynamic.Queryable.Application.Contracts.csproj", "{B54F200C-D648-477B-BE39-B40A1D956F13}"
EndProject
Project("{9A19103F-16F7-4668-BE54-9A1E7A4F7556}") = "LINGYUN.Abp.Dynamic.Queryable.Application", "modules\dynamic-queryable\LINGYUN.Abp.Dynamic.Queryable.Application\LINGYUN.Abp.Dynamic.Queryable.Application.csproj", "{FEC5FD25-9B26-4245-88D8-7621B26C7C3A}"
EndProject
Project("{9A19103F-16F7-4668-BE54-9A1E7A4F7556}") = "LINGYUN.Abp.Dynamic.Queryable.HttpApi", "modules\dynamic-queryable\LINGYUN.Abp.Dynamic.Queryable.HttpApi\LINGYUN.Abp.Dynamic.Queryable.HttpApi.csproj", "{DF963ABB-E713-49E9-A03C-DEB431E369DF}"
EndProject
Global
	GlobalSection(SolutionConfigurationPlatforms) = preSolution
		Debug|Any CPU = Debug|Any CPU
		Release|Any CPU = Release|Any CPU
	EndGlobalSection
	GlobalSection(ProjectConfigurationPlatforms) = postSolution
		{691CD138-9FFA-4988-BAC4-A32F0DAE1090}.Debug|Any CPU.ActiveCfg = Debug|Any CPU
		{691CD138-9FFA-4988-BAC4-A32F0DAE1090}.Debug|Any CPU.Build.0 = Debug|Any CPU
		{691CD138-9FFA-4988-BAC4-A32F0DAE1090}.Release|Any CPU.ActiveCfg = Release|Any CPU
		{691CD138-9FFA-4988-BAC4-A32F0DAE1090}.Release|Any CPU.Build.0 = Release|Any CPU
		{8873A651-4F83-43B3-A34E-7AAA8A3ED4CF}.Debug|Any CPU.ActiveCfg = Debug|Any CPU
		{8873A651-4F83-43B3-A34E-7AAA8A3ED4CF}.Debug|Any CPU.Build.0 = Debug|Any CPU
		{8873A651-4F83-43B3-A34E-7AAA8A3ED4CF}.Release|Any CPU.ActiveCfg = Release|Any CPU
		{8873A651-4F83-43B3-A34E-7AAA8A3ED4CF}.Release|Any CPU.Build.0 = Release|Any CPU
		{D5EC4CA0-7E16-4D17-B08E-E162EF332C77}.Debug|Any CPU.ActiveCfg = Debug|Any CPU
		{D5EC4CA0-7E16-4D17-B08E-E162EF332C77}.Debug|Any CPU.Build.0 = Debug|Any CPU
		{D5EC4CA0-7E16-4D17-B08E-E162EF332C77}.Release|Any CPU.ActiveCfg = Release|Any CPU
		{D5EC4CA0-7E16-4D17-B08E-E162EF332C77}.Release|Any CPU.Build.0 = Release|Any CPU
		{09039DDF-5B0E-4670-8055-CC0BE82D4D2C}.Debug|Any CPU.ActiveCfg = Debug|Any CPU
		{09039DDF-5B0E-4670-8055-CC0BE82D4D2C}.Debug|Any CPU.Build.0 = Debug|Any CPU
		{09039DDF-5B0E-4670-8055-CC0BE82D4D2C}.Release|Any CPU.ActiveCfg = Release|Any CPU
		{09039DDF-5B0E-4670-8055-CC0BE82D4D2C}.Release|Any CPU.Build.0 = Release|Any CPU
		{283B0039-F67C-41F7-B554-DF5EE9178C4A}.Debug|Any CPU.ActiveCfg = Debug|Any CPU
		{283B0039-F67C-41F7-B554-DF5EE9178C4A}.Debug|Any CPU.Build.0 = Debug|Any CPU
		{283B0039-F67C-41F7-B554-DF5EE9178C4A}.Release|Any CPU.ActiveCfg = Release|Any CPU
		{283B0039-F67C-41F7-B554-DF5EE9178C4A}.Release|Any CPU.Build.0 = Release|Any CPU
		{B8AB5E9B-9711-470E-8072-7444579EC5F6}.Debug|Any CPU.ActiveCfg = Debug|Any CPU
		{B8AB5E9B-9711-470E-8072-7444579EC5F6}.Debug|Any CPU.Build.0 = Debug|Any CPU
		{B8AB5E9B-9711-470E-8072-7444579EC5F6}.Release|Any CPU.ActiveCfg = Release|Any CPU
		{B8AB5E9B-9711-470E-8072-7444579EC5F6}.Release|Any CPU.Build.0 = Release|Any CPU
		{AC0B4342-9C9B-41E6-9646-E505C763EE77}.Debug|Any CPU.ActiveCfg = Debug|Any CPU
		{AC0B4342-9C9B-41E6-9646-E505C763EE77}.Debug|Any CPU.Build.0 = Debug|Any CPU
		{AC0B4342-9C9B-41E6-9646-E505C763EE77}.Release|Any CPU.ActiveCfg = Release|Any CPU
		{AC0B4342-9C9B-41E6-9646-E505C763EE77}.Release|Any CPU.Build.0 = Release|Any CPU
		{7051C251-11D0-4971-B13E-F6929AE6DE89}.Debug|Any CPU.ActiveCfg = Debug|Any CPU
		{7051C251-11D0-4971-B13E-F6929AE6DE89}.Debug|Any CPU.Build.0 = Debug|Any CPU
		{7051C251-11D0-4971-B13E-F6929AE6DE89}.Release|Any CPU.ActiveCfg = Release|Any CPU
		{7051C251-11D0-4971-B13E-F6929AE6DE89}.Release|Any CPU.Build.0 = Release|Any CPU
		{E8022994-A19F-4540-B9D1-7EF4AA85D18A}.Debug|Any CPU.ActiveCfg = Debug|Any CPU
		{E8022994-A19F-4540-B9D1-7EF4AA85D18A}.Debug|Any CPU.Build.0 = Debug|Any CPU
		{E8022994-A19F-4540-B9D1-7EF4AA85D18A}.Release|Any CPU.ActiveCfg = Release|Any CPU
		{E8022994-A19F-4540-B9D1-7EF4AA85D18A}.Release|Any CPU.Build.0 = Release|Any CPU
		{4A049C32-55F2-4A5F-954A-C8A977C2D87F}.Debug|Any CPU.ActiveCfg = Debug|Any CPU
		{4A049C32-55F2-4A5F-954A-C8A977C2D87F}.Debug|Any CPU.Build.0 = Debug|Any CPU
		{4A049C32-55F2-4A5F-954A-C8A977C2D87F}.Release|Any CPU.ActiveCfg = Release|Any CPU
		{4A049C32-55F2-4A5F-954A-C8A977C2D87F}.Release|Any CPU.Build.0 = Release|Any CPU
		{4C59F590-AA6C-4C46-8060-DA65D8305980}.Debug|Any CPU.ActiveCfg = Debug|Any CPU
		{4C59F590-AA6C-4C46-8060-DA65D8305980}.Debug|Any CPU.Build.0 = Debug|Any CPU
		{4C59F590-AA6C-4C46-8060-DA65D8305980}.Release|Any CPU.ActiveCfg = Release|Any CPU
		{4C59F590-AA6C-4C46-8060-DA65D8305980}.Release|Any CPU.Build.0 = Release|Any CPU
		{8507BBFA-FE56-4426-BBFA-C92906CB8407}.Debug|Any CPU.ActiveCfg = Debug|Any CPU
		{8507BBFA-FE56-4426-BBFA-C92906CB8407}.Debug|Any CPU.Build.0 = Debug|Any CPU
		{8507BBFA-FE56-4426-BBFA-C92906CB8407}.Release|Any CPU.ActiveCfg = Release|Any CPU
		{8507BBFA-FE56-4426-BBFA-C92906CB8407}.Release|Any CPU.Build.0 = Release|Any CPU
		{56C759D1-6FE6-4111-A2DB-CD65DCE82061}.Debug|Any CPU.ActiveCfg = Debug|Any CPU
		{56C759D1-6FE6-4111-A2DB-CD65DCE82061}.Debug|Any CPU.Build.0 = Debug|Any CPU
		{56C759D1-6FE6-4111-A2DB-CD65DCE82061}.Release|Any CPU.ActiveCfg = Release|Any CPU
		{56C759D1-6FE6-4111-A2DB-CD65DCE82061}.Release|Any CPU.Build.0 = Release|Any CPU
		{7937785C-0D28-46B3-A7E7-0B592821A1F2}.Debug|Any CPU.ActiveCfg = Debug|Any CPU
		{7937785C-0D28-46B3-A7E7-0B592821A1F2}.Debug|Any CPU.Build.0 = Debug|Any CPU
		{7937785C-0D28-46B3-A7E7-0B592821A1F2}.Release|Any CPU.ActiveCfg = Release|Any CPU
		{7937785C-0D28-46B3-A7E7-0B592821A1F2}.Release|Any CPU.Build.0 = Release|Any CPU
		{D17DEF79-635B-478D-89D7-32EAE616869A}.Debug|Any CPU.ActiveCfg = Debug|Any CPU
		{D17DEF79-635B-478D-89D7-32EAE616869A}.Debug|Any CPU.Build.0 = Debug|Any CPU
		{D17DEF79-635B-478D-89D7-32EAE616869A}.Release|Any CPU.ActiveCfg = Release|Any CPU
		{D17DEF79-635B-478D-89D7-32EAE616869A}.Release|Any CPU.Build.0 = Release|Any CPU
		{A817B7B7-A225-404A-A301-B42D400DE4B7}.Debug|Any CPU.ActiveCfg = Debug|Any CPU
		{A817B7B7-A225-404A-A301-B42D400DE4B7}.Debug|Any CPU.Build.0 = Debug|Any CPU
		{A817B7B7-A225-404A-A301-B42D400DE4B7}.Release|Any CPU.ActiveCfg = Release|Any CPU
		{A817B7B7-A225-404A-A301-B42D400DE4B7}.Release|Any CPU.Build.0 = Release|Any CPU
		{3D0A1901-36FB-4DA2-9F8D-05308598E98C}.Debug|Any CPU.ActiveCfg = Debug|Any CPU
		{3D0A1901-36FB-4DA2-9F8D-05308598E98C}.Debug|Any CPU.Build.0 = Debug|Any CPU
		{3D0A1901-36FB-4DA2-9F8D-05308598E98C}.Release|Any CPU.ActiveCfg = Release|Any CPU
		{3D0A1901-36FB-4DA2-9F8D-05308598E98C}.Release|Any CPU.Build.0 = Release|Any CPU
		{17D7ED0F-E789-4637-9B06-57DF693C6E1E}.Debug|Any CPU.ActiveCfg = Debug|Any CPU
		{17D7ED0F-E789-4637-9B06-57DF693C6E1E}.Debug|Any CPU.Build.0 = Debug|Any CPU
		{17D7ED0F-E789-4637-9B06-57DF693C6E1E}.Release|Any CPU.ActiveCfg = Release|Any CPU
		{17D7ED0F-E789-4637-9B06-57DF693C6E1E}.Release|Any CPU.Build.0 = Release|Any CPU
		{1978B64C-B2F5-4F68-9E5C-B45F948E7155}.Debug|Any CPU.ActiveCfg = Debug|Any CPU
		{1978B64C-B2F5-4F68-9E5C-B45F948E7155}.Debug|Any CPU.Build.0 = Debug|Any CPU
		{1978B64C-B2F5-4F68-9E5C-B45F948E7155}.Release|Any CPU.ActiveCfg = Release|Any CPU
		{1978B64C-B2F5-4F68-9E5C-B45F948E7155}.Release|Any CPU.Build.0 = Release|Any CPU
		{23620224-93A1-4A88-93B7-23D37929FCF7}.Debug|Any CPU.ActiveCfg = Debug|Any CPU
		{23620224-93A1-4A88-93B7-23D37929FCF7}.Debug|Any CPU.Build.0 = Debug|Any CPU
		{23620224-93A1-4A88-93B7-23D37929FCF7}.Release|Any CPU.ActiveCfg = Release|Any CPU
		{23620224-93A1-4A88-93B7-23D37929FCF7}.Release|Any CPU.Build.0 = Release|Any CPU
		{09F7171C-6DA1-4466-AB4A-DC92E93368EC}.Debug|Any CPU.ActiveCfg = Debug|Any CPU
		{09F7171C-6DA1-4466-AB4A-DC92E93368EC}.Debug|Any CPU.Build.0 = Debug|Any CPU
		{09F7171C-6DA1-4466-AB4A-DC92E93368EC}.Release|Any CPU.ActiveCfg = Release|Any CPU
		{09F7171C-6DA1-4466-AB4A-DC92E93368EC}.Release|Any CPU.Build.0 = Release|Any CPU
		{2FA23894-E598-4896-A336-3E7C682699D9}.Debug|Any CPU.ActiveCfg = Debug|Any CPU
		{2FA23894-E598-4896-A336-3E7C682699D9}.Debug|Any CPU.Build.0 = Debug|Any CPU
		{2FA23894-E598-4896-A336-3E7C682699D9}.Release|Any CPU.ActiveCfg = Release|Any CPU
		{2FA23894-E598-4896-A336-3E7C682699D9}.Release|Any CPU.Build.0 = Release|Any CPU
		{194DAB61-BC3C-4003-BFF0-C87763E7B8B0}.Debug|Any CPU.ActiveCfg = Debug|Any CPU
		{194DAB61-BC3C-4003-BFF0-C87763E7B8B0}.Debug|Any CPU.Build.0 = Debug|Any CPU
		{194DAB61-BC3C-4003-BFF0-C87763E7B8B0}.Release|Any CPU.ActiveCfg = Release|Any CPU
		{194DAB61-BC3C-4003-BFF0-C87763E7B8B0}.Release|Any CPU.Build.0 = Release|Any CPU
		{DD51A1AE-830F-4909-A729-7EBC398B17AD}.Debug|Any CPU.ActiveCfg = Debug|Any CPU
		{DD51A1AE-830F-4909-A729-7EBC398B17AD}.Debug|Any CPU.Build.0 = Debug|Any CPU
		{DD51A1AE-830F-4909-A729-7EBC398B17AD}.Release|Any CPU.ActiveCfg = Release|Any CPU
		{DD51A1AE-830F-4909-A729-7EBC398B17AD}.Release|Any CPU.Build.0 = Release|Any CPU
		{3EE8383C-6F25-4BCD-8852-B23D1C864324}.Debug|Any CPU.ActiveCfg = Debug|Any CPU
		{3EE8383C-6F25-4BCD-8852-B23D1C864324}.Debug|Any CPU.Build.0 = Debug|Any CPU
		{3EE8383C-6F25-4BCD-8852-B23D1C864324}.Release|Any CPU.ActiveCfg = Release|Any CPU
		{3EE8383C-6F25-4BCD-8852-B23D1C864324}.Release|Any CPU.Build.0 = Release|Any CPU
		{B54F200C-D648-477B-BE39-B40A1D956F13}.Debug|Any CPU.ActiveCfg = Debug|Any CPU
		{B54F200C-D648-477B-BE39-B40A1D956F13}.Debug|Any CPU.Build.0 = Debug|Any CPU
		{B54F200C-D648-477B-BE39-B40A1D956F13}.Release|Any CPU.ActiveCfg = Release|Any CPU
		{B54F200C-D648-477B-BE39-B40A1D956F13}.Release|Any CPU.Build.0 = Release|Any CPU
		{FEC5FD25-9B26-4245-88D8-7621B26C7C3A}.Debug|Any CPU.ActiveCfg = Debug|Any CPU
		{FEC5FD25-9B26-4245-88D8-7621B26C7C3A}.Debug|Any CPU.Build.0 = Debug|Any CPU
		{FEC5FD25-9B26-4245-88D8-7621B26C7C3A}.Release|Any CPU.ActiveCfg = Release|Any CPU
		{FEC5FD25-9B26-4245-88D8-7621B26C7C3A}.Release|Any CPU.Build.0 = Release|Any CPU
		{DF963ABB-E713-49E9-A03C-DEB431E369DF}.Debug|Any CPU.ActiveCfg = Debug|Any CPU
		{DF963ABB-E713-49E9-A03C-DEB431E369DF}.Debug|Any CPU.Build.0 = Debug|Any CPU
		{DF963ABB-E713-49E9-A03C-DEB431E369DF}.Release|Any CPU.ActiveCfg = Release|Any CPU
		{DF963ABB-E713-49E9-A03C-DEB431E369DF}.Release|Any CPU.Build.0 = Release|Any CPU
	EndGlobalSection
	GlobalSection(SolutionProperties) = preSolution
		HideSolutionNode = FALSE
	EndGlobalSection
	GlobalSection(NestedProjects) = preSolution
		{691CD138-9FFA-4988-BAC4-A32F0DAE1090} = {C38EB7EF-BAE9-4129-862A-71C652B81775}
		{8873A651-4F83-43B3-A34E-7AAA8A3ED4CF} = {C38EB7EF-BAE9-4129-862A-71C652B81775}
		{D5EC4CA0-7E16-4D17-B08E-E162EF332C77} = {C38EB7EF-BAE9-4129-862A-71C652B81775}
		{09039DDF-5B0E-4670-8055-CC0BE82D4D2C} = {C38EB7EF-BAE9-4129-862A-71C652B81775}
		{283B0039-F67C-41F7-B554-DF5EE9178C4A} = {C38EB7EF-BAE9-4129-862A-71C652B81775}
		{B8AB5E9B-9711-470E-8072-7444579EC5F6} = {C38EB7EF-BAE9-4129-862A-71C652B81775}
		{AC0B4342-9C9B-41E6-9646-E505C763EE77} = {C38EB7EF-BAE9-4129-862A-71C652B81775}
		{7051C251-11D0-4971-B13E-F6929AE6DE89} = {385578CC-C0F1-4377-A7A2-682B8F416234}
		{E8022994-A19F-4540-B9D1-7EF4AA85D18A} = {8DA8A2EE-0B26-487E-A6C4-518906E92B1B}
		{4A049C32-55F2-4A5F-954A-C8A977C2D87F} = {C38EB7EF-BAE9-4129-862A-71C652B81775}
		{4C59F590-AA6C-4C46-8060-DA65D8305980} = {C38EB7EF-BAE9-4129-862A-71C652B81775}
		{8507BBFA-FE56-4426-BBFA-C92906CB8407} = {C38EB7EF-BAE9-4129-862A-71C652B81775}
		{56C759D1-6FE6-4111-A2DB-CD65DCE82061} = {C38EB7EF-BAE9-4129-862A-71C652B81775}
		{7937785C-0D28-46B3-A7E7-0B592821A1F2} = {385578CC-C0F1-4377-A7A2-682B8F416234}
		{D17DEF79-635B-478D-89D7-32EAE616869A} = {C38EB7EF-BAE9-4129-862A-71C652B81775}
		{A817B7B7-A225-404A-A301-B42D400DE4B7} = {C38EB7EF-BAE9-4129-862A-71C652B81775}
		{3D0A1901-36FB-4DA2-9F8D-05308598E98C} = {C38EB7EF-BAE9-4129-862A-71C652B81775}
		{17D7ED0F-E789-4637-9B06-57DF693C6E1E} = {A9536BD2-2573-44CA-B033-DC16B7E345E5}
		{1978B64C-B2F5-4F68-9E5C-B45F948E7155} = {C38EB7EF-BAE9-4129-862A-71C652B81775}
		{23620224-93A1-4A88-93B7-23D37929FCF7} = {18918B94-BB48-48F3-874D-B91B0252440A}
		{09F7171C-6DA1-4466-AB4A-DC92E93368EC} = {18918B94-BB48-48F3-874D-B91B0252440A}
		{2FA23894-E598-4896-A336-3E7C682699D9} = {FA5E30C9-05E3-4E35-AEDD-7DC5534E3A01}
		{194DAB61-BC3C-4003-BFF0-C87763E7B8B0} = {FA5E30C9-05E3-4E35-AEDD-7DC5534E3A01}
		{DD51A1AE-830F-4909-A729-7EBC398B17AD} = {18918B94-BB48-48F3-874D-B91B0252440A}
		{3EE8383C-6F25-4BCD-8852-B23D1C864324} = {B38D2141-AC0F-4F4A-9315-4292E3856C15}
		{B54F200C-D648-477B-BE39-B40A1D956F13} = {B38D2141-AC0F-4F4A-9315-4292E3856C15}
		{FEC5FD25-9B26-4245-88D8-7621B26C7C3A} = {B38D2141-AC0F-4F4A-9315-4292E3856C15}
		{DF963ABB-E713-49E9-A03C-DEB431E369DF} = {B38D2141-AC0F-4F4A-9315-4292E3856C15}
	EndGlobalSection
	GlobalSection(ExtensibilityGlobals) = postSolution
		SolutionGuid = {E1FD1F4C-D344-408B-97CF-B6F1F6D7D293}
	EndGlobalSection
EndGlobal
