
Microsoft Visual Studio Solution File, Format Version 12.00
# Visual Studio Version 16
VisualStudioVersion = 16.0.30011.22
MinimumVisualStudioVersion = 10.0.40219.1
Project("{2150E333-8FDC-42A3-9474-1A3956D46DE8}") = "modules", "modules", "{14B8F528-C649-4FAD-9BBB-6C979ED403E1}"
EndProject
Project("{9A19103F-16F7-4668-BE54-9A1E7A4F7556}") = "LINGYUN.Abp.IdentityServer.Domain", "modules\identityServer\LINGYUN.Abp.IdentityServer.Domain\LINGYUN.Abp.IdentityServer.Domain.csproj", "{DC379D12-77E1-4600-8E99-AAD9B92C3A1B}"
EndProject
Project("{9A19103F-16F7-4668-BE54-9A1E7A4F7556}") = "LINGYUN.Abp.IdentityServer.Application.Contracts", "modules\identityServer\LINGYUN.Abp.IdentityServer.Application.Contracts\LINGYUN.Abp.IdentityServer.Application.Contracts.csproj", "{3265F0C5-2D16-4CA8-A980-1B4B3CB928BB}"
EndProject
Project("{9A19103F-16F7-4668-BE54-9A1E7A4F7556}") = "LINGYUN.Abp.IdentityServer.Application", "modules\identityServer\LINGYUN.Abp.IdentityServer.Application\LINGYUN.Abp.IdentityServer.Application.csproj", "{DBC8DC97-06DD-4496-9D2A-F28FDD379AE4}"
EndProject
Project("{9A19103F-16F7-4668-BE54-9A1E7A4F7556}") = "LINGYUN.Abp.IdentityServer.EntityFrameworkCore", "modules\identityServer\LINGYUN.Abp.IdentityServer.EntityFrameworkCore\LINGYUN.Abp.IdentityServer.EntityFrameworkCore.csproj", "{DA57672C-501D-4CAF-8BF2-4D93B2D460BF}"
EndProject
Project("{9A19103F-16F7-4668-BE54-9A1E7A4F7556}") = "LINGYUN.Abp.IdentityServer.HttpApi", "modules\identityServer\LINGYUN.Abp.IdentityServer.HttpApi\LINGYUN.Abp.IdentityServer.HttpApi.csproj", "{9C505703-C073-4E7F-9BB5-9DE0631C95AB}"
EndProject
Project("{2150E333-8FDC-42A3-9474-1A3956D46DE8}") = "services", "services", "{0CA2F891-7E8E-453B-9FEF-ADCBEB7795DD}"
EndProject
Project("{9A19103F-16F7-4668-BE54-9A1E7A4F7556}") = "LINGYUN.Abp.IdentityServer4.HttpApi.Host", "services\identity-server\LINGYUN.Abp.IdentityServer4.HttpApi.Host\LINGYUN.Abp.IdentityServer4.HttpApi.Host.csproj", "{DE9E58E2-268C-4DF0-85AA-FF7F328B62F0}"
EndProject
Project("{2150E333-8FDC-42A3-9474-1A3956D46DE8}") = "account", "account", "{4F06C65B-22CC-466E-B3FD-3F695DD38191}"
EndProject
Project("{2150E333-8FDC-42A3-9474-1A3956D46DE8}") = "identity-server", "identity-server", "{7AB942D5-D139-4F9F-9342-71534AA3A5AC}"
EndProject
Project("{2150E333-8FDC-42A3-9474-1A3956D46DE8}") = "identity", "identity", "{BD964040-90B2-4179-A5EB-5830F5C7E073}"
EndProject
Project("{9A19103F-16F7-4668-BE54-9A1E7A4F7556}") = "LINGYUN.Abp.Account.Application.Contracts", "modules\account\LINGYUN.Abp.Account.Application.Contracts\LINGYUN.Abp.Account.Application.Contracts.csproj", "{A4DFDE21-1931-46B5-8381-36B6EB6E51E1}"
EndProject
Project("{9A19103F-16F7-4668-BE54-9A1E7A4F7556}") = "LINGYUN.Abp.Account.Application", "modules\account\LINGYUN.Abp.Account.Application\LINGYUN.Abp.Account.Application.csproj", "{6EE4D85F-6035-4AB5-B650-9E3D3A2AA8D2}"
EndProject
Project("{9A19103F-16F7-4668-BE54-9A1E7A4F7556}") = "LINGYUN.Abp.Account.HttpApi", "modules\account\LINGYUN.Abp.Account.HttpApi\LINGYUN.Abp.Account.HttpApi.csproj", "{BB1124C0-79F4-4E72-8854-945B3F0AD76D}"
EndProject
Project("{9A19103F-16F7-4668-BE54-9A1E7A4F7556}") = "LINGYUN.Abp.Identity.Domain", "modules\identity\LINGYUN.Abp.Identity.Domain\LINGYUN.Abp.Identity.Domain.csproj", "{E22445B9-7039-4DA1-B547-BAB437D6D2B3}"
EndProject
Project("{9A19103F-16F7-4668-BE54-9A1E7A4F7556}") = "LINGYUN.Abp.Identity.Application.Contracts", "modules\identity\LINGYUN.Abp.Identity.Application.Contracts\LINGYUN.Abp.Identity.Application.Contracts.csproj", "{116D9D69-ED2C-4F23-9445-3981D8EA0EB7}"
EndProject
Project("{9A19103F-16F7-4668-BE54-9A1E7A4F7556}") = "LINGYUN.Abp.Identity.Application", "modules\identity\LINGYUN.Abp.Identity.Application\LINGYUN.Abp.Identity.Application.csproj", "{B07A1763-1B37-4416-8F0C-B938C175A56D}"
EndProject
Project("{9A19103F-16F7-4668-BE54-9A1E7A4F7556}") = "LINGYUN.Abp.Identity.HttpApi", "modules\identity\LINGYUN.Abp.Identity.HttpApi\LINGYUN.Abp.Identity.HttpApi.csproj", "{0F87C16B-8E91-4B25-B501-AD81F8EC599E}"
EndProject
Project("{9A19103F-16F7-4668-BE54-9A1E7A4F7556}") = "LINGYUN.Abp.Identity.EntityFrameworkCore", "modules\identity\LINGYUN.Abp.Identity.EntityFrameworkCore\LINGYUN.Abp.Identity.EntityFrameworkCore.csproj", "{BF059F48-C8C0-4E17-AC4F-A1D1ADE405C7}"
EndProject
Project("{9A19103F-16F7-4668-BE54-9A1E7A4F7556}") = "LINGYUN.Abp.Identity.HttpApi.Client", "modules\identity\LINGYUN.Abp.Identity.HttpApi.Client\LINGYUN.Abp.Identity.HttpApi.Client.csproj", "{6679A09F-124A-470A-81F5-A94302CEFEE4}"
EndProject
Project("{9A19103F-16F7-4668-BE54-9A1E7A4F7556}") = "LINGYUN.Abp.PermissionManagement.Domain.Identity", "modules\identity\LINGYUN.Abp.PermissionManagement.Domain.Identity\LINGYUN.Abp.PermissionManagement.Domain.Identity.csproj", "{177B6CD3-1690-416D-9B37-A821093DEFBD}"
EndProject
Project("{2150E333-8FDC-42A3-9474-1A3956D46DE8}") = "wechat", "wechat", "{7EE9651C-17B0-4343-A2ED-92439F8C9019}"
EndProject
Project("{2150E333-8FDC-42A3-9474-1A3956D46DE8}") = "common", "common", "{FD2DDD48-8F84-4924-BBAF-52080AB32267}"
EndProject
Project("{9A19103F-16F7-4668-BE54-9A1E7A4F7556}") = "LINGYUN.Abp.Settings", "modules\common\LINGYUN.Abp.Settings\LINGYUN.Abp.Settings.csproj", "{A8C83B9C-C9BF-48EF-80FF-D4FE2C936EFC}"
EndProject
Project("{9A19103F-16F7-4668-BE54-9A1E7A4F7556}") = "LINGYUN.Abp.Identity.Domain.Shared", "modules\identity\LINGYUN.Abp.Identity.Domain.Shared\LINGYUN.Abp.Identity.Domain.Shared.csproj", "{23536755-4F00-4929-9C5E-D4CABD1CC513}"
EndProject
Project("{9A19103F-16F7-4668-BE54-9A1E7A4F7556}") = "LINGYUN.Abp.ExceptionHandling", "modules\common\LINGYUN.Abp.ExceptionHandling\LINGYUN.Abp.ExceptionHandling.csproj", "{80A418EB-6149-4684-80EF-D8574B91FE2B}"
EndProject
Project("{9A19103F-16F7-4668-BE54-9A1E7A4F7556}") = "LINGYUN.Abp.ExceptionHandling.Emailing", "modules\common\LINGYUN.Abp.ExceptionHandling.Emailing\LINGYUN.Abp.ExceptionHandling.Emailing.csproj", "{986B0610-4AC3-499A-AB81-DF15EA06F4D1}"
EndProject
Project("{9A19103F-16F7-4668-BE54-9A1E7A4F7556}") = "LINGYUN.Abp.WeChat", "modules\wechat\LINGYUN.Abp.WeChat\LINGYUN.Abp.WeChat.csproj", "{53E90646-2933-4381-9386-6BC6ED16E71A}"
EndProject
Project("{9A19103F-16F7-4668-BE54-9A1E7A4F7556}") = "LINGYUN.Abp.Aliyun.Authorization", "modules\common\LINGYUN.Abp.Aliyun.Authorization\LINGYUN.Abp.Aliyun.Authorization.csproj", "{720120B4-76F6-4701-9426-611BB8F84515}"
EndProject
Project("{9A19103F-16F7-4668-BE54-9A1E7A4F7556}") = "LINGYUN.Abp.Sms.Aliyun", "modules\common\LINGYUN.Abp.Sms.Aliyun\LINGYUN.Abp.Sms.Aliyun.csproj", "{D89ECB96-3349-4E77-B884-C18B30289D0D}"
EndProject
Project("{9A19103F-16F7-4668-BE54-9A1E7A4F7556}") = "LINGYUN.Abp.EventBus.CAP", "modules\common\LINGYUN.Abp.EventBus.CAP\LINGYUN.Abp.EventBus.CAP.csproj", "{39B77454-52AB-43BE-AB33-7680719415A6}"
EndProject
Project("{2150E333-8FDC-42A3-9474-1A3956D46DE8}") = "tenants", "tenants", "{89BA9708-62E5-4FD6-A28A-CF9E1C26DCAE}"
EndProject
Project("{9A19103F-16F7-4668-BE54-9A1E7A4F7556}") = "LINGYUN.Abp.MultiTenancy", "modules\tenants\LINGYUN.Abp.MultiTenancy\LINGYUN.Abp.MultiTenancy.csproj", "{99B60A42-29DA-4D91-9255-B90F53BC6D6E}"
EndProject
Project("{9A19103F-16F7-4668-BE54-9A1E7A4F7556}") = "LINGYUN.Abp.MultiTenancy.DbFinder", "modules\tenants\LINGYUN.Abp.MultiTenancy.DbFinder\LINGYUN.Abp.MultiTenancy.DbFinder.csproj", "{70C4FA43-0526-48E3-B852-A21395502604}"
EndProject
Project("{9A19103F-16F7-4668-BE54-9A1E7A4F7556}") = "LINGYUN.Abp.AspNetCore.Mvc.Validation", "modules\common\LINGYUN.Abp.AspNetCore.Mvc.Validation\LINGYUN.Abp.AspNetCore.Mvc.Validation.csproj", "{B3181D37-F379-4E16-8621-5E739C519393}"
EndProject
Project("{9A19103F-16F7-4668-BE54-9A1E7A4F7556}") = "LINGYUN.Abp.WeChat.MiniProgram", "modules\wechat\LINGYUN.Abp.WeChat.MiniProgram\LINGYUN.Abp.WeChat.MiniProgram.csproj", "{AD1C3335-A2A1-49C1-A6DB-817C54859B65}"
EndProject
Global
	GlobalSection(SolutionConfigurationPlatforms) = preSolution
		Debug|Any CPU = Debug|Any CPU
		Release|Any CPU = Release|Any CPU
	EndGlobalSection
	GlobalSection(ProjectConfigurationPlatforms) = postSolution
		{DC379D12-77E1-4600-8E99-AAD9B92C3A1B}.Debug|Any CPU.ActiveCfg = Debug|Any CPU
		{DC379D12-77E1-4600-8E99-AAD9B92C3A1B}.Debug|Any CPU.Build.0 = Debug|Any CPU
		{DC379D12-77E1-4600-8E99-AAD9B92C3A1B}.Release|Any CPU.ActiveCfg = Release|Any CPU
		{DC379D12-77E1-4600-8E99-AAD9B92C3A1B}.Release|Any CPU.Build.0 = Release|Any CPU
		{3265F0C5-2D16-4CA8-A980-1B4B3CB928BB}.Debug|Any CPU.ActiveCfg = Debug|Any CPU
		{3265F0C5-2D16-4CA8-A980-1B4B3CB928BB}.Debug|Any CPU.Build.0 = Debug|Any CPU
		{3265F0C5-2D16-4CA8-A980-1B4B3CB928BB}.Release|Any CPU.ActiveCfg = Release|Any CPU
		{3265F0C5-2D16-4CA8-A980-1B4B3CB928BB}.Release|Any CPU.Build.0 = Release|Any CPU
		{DBC8DC97-06DD-4496-9D2A-F28FDD379AE4}.Debug|Any CPU.ActiveCfg = Debug|Any CPU
		{DBC8DC97-06DD-4496-9D2A-F28FDD379AE4}.Debug|Any CPU.Build.0 = Debug|Any CPU
		{DBC8DC97-06DD-4496-9D2A-F28FDD379AE4}.Release|Any CPU.ActiveCfg = Release|Any CPU
		{DBC8DC97-06DD-4496-9D2A-F28FDD379AE4}.Release|Any CPU.Build.0 = Release|Any CPU
		{DA57672C-501D-4CAF-8BF2-4D93B2D460BF}.Debug|Any CPU.ActiveCfg = Debug|Any CPU
		{DA57672C-501D-4CAF-8BF2-4D93B2D460BF}.Debug|Any CPU.Build.0 = Debug|Any CPU
		{DA57672C-501D-4CAF-8BF2-4D93B2D460BF}.Release|Any CPU.ActiveCfg = Release|Any CPU
		{DA57672C-501D-4CAF-8BF2-4D93B2D460BF}.Release|Any CPU.Build.0 = Release|Any CPU
		{9C505703-C073-4E7F-9BB5-9DE0631C95AB}.Debug|Any CPU.ActiveCfg = Debug|Any CPU
		{9C505703-C073-4E7F-9BB5-9DE0631C95AB}.Debug|Any CPU.Build.0 = Debug|Any CPU
		{9C505703-C073-4E7F-9BB5-9DE0631C95AB}.Release|Any CPU.ActiveCfg = Release|Any CPU
		{9C505703-C073-4E7F-9BB5-9DE0631C95AB}.Release|Any CPU.Build.0 = Release|Any CPU
		{DE9E58E2-268C-4DF0-85AA-FF7F328B62F0}.Debug|Any CPU.ActiveCfg = Debug|Any CPU
		{DE9E58E2-268C-4DF0-85AA-FF7F328B62F0}.Debug|Any CPU.Build.0 = Debug|Any CPU
		{DE9E58E2-268C-4DF0-85AA-FF7F328B62F0}.Release|Any CPU.ActiveCfg = Release|Any CPU
		{DE9E58E2-268C-4DF0-85AA-FF7F328B62F0}.Release|Any CPU.Build.0 = Release|Any CPU
		{A4DFDE21-1931-46B5-8381-36B6EB6E51E1}.Debug|Any CPU.ActiveCfg = Debug|Any CPU
		{A4DFDE21-1931-46B5-8381-36B6EB6E51E1}.Debug|Any CPU.Build.0 = Debug|Any CPU
		{A4DFDE21-1931-46B5-8381-36B6EB6E51E1}.Release|Any CPU.ActiveCfg = Release|Any CPU
		{A4DFDE21-1931-46B5-8381-36B6EB6E51E1}.Release|Any CPU.Build.0 = Release|Any CPU
		{6EE4D85F-6035-4AB5-B650-9E3D3A2AA8D2}.Debug|Any CPU.ActiveCfg = Debug|Any CPU
		{6EE4D85F-6035-4AB5-B650-9E3D3A2AA8D2}.Debug|Any CPU.Build.0 = Debug|Any CPU
		{6EE4D85F-6035-4AB5-B650-9E3D3A2AA8D2}.Release|Any CPU.ActiveCfg = Release|Any CPU
		{6EE4D85F-6035-4AB5-B650-9E3D3A2AA8D2}.Release|Any CPU.Build.0 = Release|Any CPU
		{BB1124C0-79F4-4E72-8854-945B3F0AD76D}.Debug|Any CPU.ActiveCfg = Debug|Any CPU
		{BB1124C0-79F4-4E72-8854-945B3F0AD76D}.Debug|Any CPU.Build.0 = Debug|Any CPU
		{BB1124C0-79F4-4E72-8854-945B3F0AD76D}.Release|Any CPU.ActiveCfg = Release|Any CPU
		{BB1124C0-79F4-4E72-8854-945B3F0AD76D}.Release|Any CPU.Build.0 = Release|Any CPU
		{E22445B9-7039-4DA1-B547-BAB437D6D2B3}.Debug|Any CPU.ActiveCfg = Debug|Any CPU
		{E22445B9-7039-4DA1-B547-BAB437D6D2B3}.Debug|Any CPU.Build.0 = Debug|Any CPU
		{E22445B9-7039-4DA1-B547-BAB437D6D2B3}.Release|Any CPU.ActiveCfg = Release|Any CPU
		{E22445B9-7039-4DA1-B547-BAB437D6D2B3}.Release|Any CPU.Build.0 = Release|Any CPU
		{116D9D69-ED2C-4F23-9445-3981D8EA0EB7}.Debug|Any CPU.ActiveCfg = Debug|Any CPU
		{116D9D69-ED2C-4F23-9445-3981D8EA0EB7}.Debug|Any CPU.Build.0 = Debug|Any CPU
		{116D9D69-ED2C-4F23-9445-3981D8EA0EB7}.Release|Any CPU.ActiveCfg = Release|Any CPU
		{116D9D69-ED2C-4F23-9445-3981D8EA0EB7}.Release|Any CPU.Build.0 = Release|Any CPU
		{B07A1763-1B37-4416-8F0C-B938C175A56D}.Debug|Any CPU.ActiveCfg = Debug|Any CPU
		{B07A1763-1B37-4416-8F0C-B938C175A56D}.Debug|Any CPU.Build.0 = Debug|Any CPU
		{B07A1763-1B37-4416-8F0C-B938C175A56D}.Release|Any CPU.ActiveCfg = Release|Any CPU
		{B07A1763-1B37-4416-8F0C-B938C175A56D}.Release|Any CPU.Build.0 = Release|Any CPU
		{0F87C16B-8E91-4B25-B501-AD81F8EC599E}.Debug|Any CPU.ActiveCfg = Debug|Any CPU
		{0F87C16B-8E91-4B25-B501-AD81F8EC599E}.Debug|Any CPU.Build.0 = Debug|Any CPU
		{0F87C16B-8E91-4B25-B501-AD81F8EC599E}.Release|Any CPU.ActiveCfg = Release|Any CPU
		{0F87C16B-8E91-4B25-B501-AD81F8EC599E}.Release|Any CPU.Build.0 = Release|Any CPU
		{BF059F48-C8C0-4E17-AC4F-A1D1ADE405C7}.Debug|Any CPU.ActiveCfg = Debug|Any CPU
		{BF059F48-C8C0-4E17-AC4F-A1D1ADE405C7}.Debug|Any CPU.Build.0 = Debug|Any CPU
		{BF059F48-C8C0-4E17-AC4F-A1D1ADE405C7}.Release|Any CPU.ActiveCfg = Release|Any CPU
		{BF059F48-C8C0-4E17-AC4F-A1D1ADE405C7}.Release|Any CPU.Build.0 = Release|Any CPU
		{6679A09F-124A-470A-81F5-A94302CEFEE4}.Debug|Any CPU.ActiveCfg = Debug|Any CPU
		{6679A09F-124A-470A-81F5-A94302CEFEE4}.Debug|Any CPU.Build.0 = Debug|Any CPU
		{6679A09F-124A-470A-81F5-A94302CEFEE4}.Release|Any CPU.ActiveCfg = Release|Any CPU
		{6679A09F-124A-470A-81F5-A94302CEFEE4}.Release|Any CPU.Build.0 = Release|Any CPU
		{177B6CD3-1690-416D-9B37-A821093DEFBD}.Debug|Any CPU.ActiveCfg = Debug|Any CPU
		{177B6CD3-1690-416D-9B37-A821093DEFBD}.Debug|Any CPU.Build.0 = Debug|Any CPU
		{177B6CD3-1690-416D-9B37-A821093DEFBD}.Release|Any CPU.ActiveCfg = Release|Any CPU
		{177B6CD3-1690-416D-9B37-A821093DEFBD}.Release|Any CPU.Build.0 = Release|Any CPU
		{A8C83B9C-C9BF-48EF-80FF-D4FE2C936EFC}.Debug|Any CPU.ActiveCfg = Debug|Any CPU
		{A8C83B9C-C9BF-48EF-80FF-D4FE2C936EFC}.Debug|Any CPU.Build.0 = Debug|Any CPU
		{A8C83B9C-C9BF-48EF-80FF-D4FE2C936EFC}.Release|Any CPU.ActiveCfg = Release|Any CPU
		{A8C83B9C-C9BF-48EF-80FF-D4FE2C936EFC}.Release|Any CPU.Build.0 = Release|Any CPU
		{23536755-4F00-4929-9C5E-D4CABD1CC513}.Debug|Any CPU.ActiveCfg = Debug|Any CPU
		{23536755-4F00-4929-9C5E-D4CABD1CC513}.Debug|Any CPU.Build.0 = Debug|Any CPU
		{23536755-4F00-4929-9C5E-D4CABD1CC513}.Release|Any CPU.ActiveCfg = Release|Any CPU
		{23536755-4F00-4929-9C5E-D4CABD1CC513}.Release|Any CPU.Build.0 = Release|Any CPU
		{80A418EB-6149-4684-80EF-D8574B91FE2B}.Debug|Any CPU.ActiveCfg = Debug|Any CPU
		{80A418EB-6149-4684-80EF-D8574B91FE2B}.Debug|Any CPU.Build.0 = Debug|Any CPU
		{80A418EB-6149-4684-80EF-D8574B91FE2B}.Release|Any CPU.ActiveCfg = Release|Any CPU
		{80A418EB-6149-4684-80EF-D8574B91FE2B}.Release|Any CPU.Build.0 = Release|Any CPU
		{986B0610-4AC3-499A-AB81-DF15EA06F4D1}.Debug|Any CPU.ActiveCfg = Debug|Any CPU
		{986B0610-4AC3-499A-AB81-DF15EA06F4D1}.Debug|Any CPU.Build.0 = Debug|Any CPU
		{986B0610-4AC3-499A-AB81-DF15EA06F4D1}.Release|Any CPU.ActiveCfg = Release|Any CPU
		{986B0610-4AC3-499A-AB81-DF15EA06F4D1}.Release|Any CPU.Build.0 = Release|Any CPU
		{53E90646-2933-4381-9386-6BC6ED16E71A}.Debug|Any CPU.ActiveCfg = Debug|Any CPU
		{53E90646-2933-4381-9386-6BC6ED16E71A}.Debug|Any CPU.Build.0 = Debug|Any CPU
		{53E90646-2933-4381-9386-6BC6ED16E71A}.Release|Any CPU.ActiveCfg = Release|Any CPU
		{53E90646-2933-4381-9386-6BC6ED16E71A}.Release|Any CPU.Build.0 = Release|Any CPU
		{720120B4-76F6-4701-9426-611BB8F84515}.Debug|Any CPU.ActiveCfg = Debug|Any CPU
		{720120B4-76F6-4701-9426-611BB8F84515}.Debug|Any CPU.Build.0 = Debug|Any CPU
		{720120B4-76F6-4701-9426-611BB8F84515}.Release|Any CPU.ActiveCfg = Release|Any CPU
		{720120B4-76F6-4701-9426-611BB8F84515}.Release|Any CPU.Build.0 = Release|Any CPU
		{D89ECB96-3349-4E77-B884-C18B30289D0D}.Debug|Any CPU.ActiveCfg = Debug|Any CPU
		{D89ECB96-3349-4E77-B884-C18B30289D0D}.Debug|Any CPU.Build.0 = Debug|Any CPU
		{D89ECB96-3349-4E77-B884-C18B30289D0D}.Release|Any CPU.ActiveCfg = Release|Any CPU
		{D89ECB96-3349-4E77-B884-C18B30289D0D}.Release|Any CPU.Build.0 = Release|Any CPU
		{39B77454-52AB-43BE-AB33-7680719415A6}.Debug|Any CPU.ActiveCfg = Debug|Any CPU
		{39B77454-52AB-43BE-AB33-7680719415A6}.Debug|Any CPU.Build.0 = Debug|Any CPU
		{39B77454-52AB-43BE-AB33-7680719415A6}.Release|Any CPU.ActiveCfg = Release|Any CPU
		{39B77454-52AB-43BE-AB33-7680719415A6}.Release|Any CPU.Build.0 = Release|Any CPU
		{99B60A42-29DA-4D91-9255-B90F53BC6D6E}.Debug|Any CPU.ActiveCfg = Debug|Any CPU
		{99B60A42-29DA-4D91-9255-B90F53BC6D6E}.Debug|Any CPU.Build.0 = Debug|Any CPU
		{99B60A42-29DA-4D91-9255-B90F53BC6D6E}.Release|Any CPU.ActiveCfg = Release|Any CPU
		{99B60A42-29DA-4D91-9255-B90F53BC6D6E}.Release|Any CPU.Build.0 = Release|Any CPU
		{70C4FA43-0526-48E3-B852-A21395502604}.Debug|Any CPU.ActiveCfg = Debug|Any CPU
		{70C4FA43-0526-48E3-B852-A21395502604}.Debug|Any CPU.Build.0 = Debug|Any CPU
		{70C4FA43-0526-48E3-B852-A21395502604}.Release|Any CPU.ActiveCfg = Release|Any CPU
		{70C4FA43-0526-48E3-B852-A21395502604}.Release|Any CPU.Build.0 = Release|Any CPU
		{B3181D37-F379-4E16-8621-5E739C519393}.Debug|Any CPU.ActiveCfg = Debug|Any CPU
		{B3181D37-F379-4E16-8621-5E739C519393}.Debug|Any CPU.Build.0 = Debug|Any CPU
		{B3181D37-F379-4E16-8621-5E739C519393}.Release|Any CPU.ActiveCfg = Release|Any CPU
		{B3181D37-F379-4E16-8621-5E739C519393}.Release|Any CPU.Build.0 = Release|Any CPU
		{AD1C3335-A2A1-49C1-A6DB-817C54859B65}.Debug|Any CPU.ActiveCfg = Debug|Any CPU
		{AD1C3335-A2A1-49C1-A6DB-817C54859B65}.Debug|Any CPU.Build.0 = Debug|Any CPU
		{AD1C3335-A2A1-49C1-A6DB-817C54859B65}.Release|Any CPU.ActiveCfg = Release|Any CPU
		{AD1C3335-A2A1-49C1-A6DB-817C54859B65}.Release|Any CPU.Build.0 = Release|Any CPU
	EndGlobalSection
	GlobalSection(SolutionProperties) = preSolution
		HideSolutionNode = FALSE
	EndGlobalSection
	GlobalSection(NestedProjects) = preSolution
		{DC379D12-77E1-4600-8E99-AAD9B92C3A1B} = {7AB942D5-D139-4F9F-9342-71534AA3A5AC}
		{3265F0C5-2D16-4CA8-A980-1B4B3CB928BB} = {7AB942D5-D139-4F9F-9342-71534AA3A5AC}
		{DBC8DC97-06DD-4496-9D2A-F28FDD379AE4} = {7AB942D5-D139-4F9F-9342-71534AA3A5AC}
		{DA57672C-501D-4CAF-8BF2-4D93B2D460BF} = {7AB942D5-D139-4F9F-9342-71534AA3A5AC}
		{9C505703-C073-4E7F-9BB5-9DE0631C95AB} = {7AB942D5-D139-4F9F-9342-71534AA3A5AC}
		{DE9E58E2-268C-4DF0-85AA-FF7F328B62F0} = {0CA2F891-7E8E-453B-9FEF-ADCBEB7795DD}
		{4F06C65B-22CC-466E-B3FD-3F695DD38191} = {14B8F528-C649-4FAD-9BBB-6C979ED403E1}
		{7AB942D5-D139-4F9F-9342-71534AA3A5AC} = {14B8F528-C649-4FAD-9BBB-6C979ED403E1}
		{BD964040-90B2-4179-A5EB-5830F5C7E073} = {14B8F528-C649-4FAD-9BBB-6C979ED403E1}
		{A4DFDE21-1931-46B5-8381-36B6EB6E51E1} = {4F06C65B-22CC-466E-B3FD-3F695DD38191}
		{6EE4D85F-6035-4AB5-B650-9E3D3A2AA8D2} = {4F06C65B-22CC-466E-B3FD-3F695DD38191}
		{BB1124C0-79F4-4E72-8854-945B3F0AD76D} = {4F06C65B-22CC-466E-B3FD-3F695DD38191}
		{E22445B9-7039-4DA1-B547-BAB437D6D2B3} = {BD964040-90B2-4179-A5EB-5830F5C7E073}
		{116D9D69-ED2C-4F23-9445-3981D8EA0EB7} = {BD964040-90B2-4179-A5EB-5830F5C7E073}
		{B07A1763-1B37-4416-8F0C-B938C175A56D} = {BD964040-90B2-4179-A5EB-5830F5C7E073}
		{0F87C16B-8E91-4B25-B501-AD81F8EC599E} = {BD964040-90B2-4179-A5EB-5830F5C7E073}
		{BF059F48-C8C0-4E17-AC4F-A1D1ADE405C7} = {BD964040-90B2-4179-A5EB-5830F5C7E073}
		{6679A09F-124A-470A-81F5-A94302CEFEE4} = {BD964040-90B2-4179-A5EB-5830F5C7E073}
		{177B6CD3-1690-416D-9B37-A821093DEFBD} = {BD964040-90B2-4179-A5EB-5830F5C7E073}
		{7EE9651C-17B0-4343-A2ED-92439F8C9019} = {14B8F528-C649-4FAD-9BBB-6C979ED403E1}
		{FD2DDD48-8F84-4924-BBAF-52080AB32267} = {14B8F528-C649-4FAD-9BBB-6C979ED403E1}
		{A8C83B9C-C9BF-48EF-80FF-D4FE2C936EFC} = {FD2DDD48-8F84-4924-BBAF-52080AB32267}
		{23536755-4F00-4929-9C5E-D4CABD1CC513} = {BD964040-90B2-4179-A5EB-5830F5C7E073}
		{80A418EB-6149-4684-80EF-D8574B91FE2B} = {FD2DDD48-8F84-4924-BBAF-52080AB32267}
		{986B0610-4AC3-499A-AB81-DF15EA06F4D1} = {FD2DDD48-8F84-4924-BBAF-52080AB32267}
		{53E90646-2933-4381-9386-6BC6ED16E71A} = {7EE9651C-17B0-4343-A2ED-92439F8C9019}
		{720120B4-76F6-4701-9426-611BB8F84515} = {FD2DDD48-8F84-4924-BBAF-52080AB32267}
		{D89ECB96-3349-4E77-B884-C18B30289D0D} = {FD2DDD48-8F84-4924-BBAF-52080AB32267}
		{39B77454-52AB-43BE-AB33-7680719415A6} = {FD2DDD48-8F84-4924-BBAF-52080AB32267}
		{89BA9708-62E5-4FD6-A28A-CF9E1C26DCAE} = {14B8F528-C649-4FAD-9BBB-6C979ED403E1}
		{99B60A42-29DA-4D91-9255-B90F53BC6D6E} = {89BA9708-62E5-4FD6-A28A-CF9E1C26DCAE}
		{70C4FA43-0526-48E3-B852-A21395502604} = {89BA9708-62E5-4FD6-A28A-CF9E1C26DCAE}
		{B3181D37-F379-4E16-8621-5E739C519393} = {FD2DDD48-8F84-4924-BBAF-52080AB32267}
		{AD1C3335-A2A1-49C1-A6DB-817C54859B65} = {7EE9651C-17B0-4343-A2ED-92439F8C9019}
	EndGlobalSection
	GlobalSection(ExtensibilityGlobals) = postSolution
		SolutionGuid = {785FFF4D-BC59-499E-88A3-7CB7A7667228}
	EndGlobalSection
EndGlobal
