
Microsoft Visual Studio Solution File, Format Version 12.00
# Visual Studio Version 17
VisualStudioVersion = 17.0.31903.59
MinimumVisualStudioVersion = 10.0.40219.1
Project("{2150E333-8FDC-42A3-9474-1A3956D46DE8}") = "host", "host", "{6CB521FC-AC40-49A6-B9A5-91399CAA59AB}"
EndProject
Project("{9A19103F-16F7-4668-BE54-9A1E7A4F7556}") = "LY.MicroService.WorkflowManagement.HttpApi.Host", "services\LY.MicroService.WorkflowManagement.HttpApi.Host\LY.MicroService.WorkflowManagement.HttpApi.Host.csproj", "{D5ED348D-D6F0-4093-BD7D-20E05AA1EB7B}"
EndProject
Project("{2150E333-8FDC-42A3-9474-1A3956D46DE8}") = "elsa", "elsa", "{F1CCBEC7-ACAB-4DC5-909E-D8CC2E1B7EEC}"
EndProject
Project("{9A19103F-16F7-4668-BE54-9A1E7A4F7556}") = "LINGYUN.Abp.Elsa", "modules\elsa\LINGYUN.Abp.Elsa\LINGYUN.Abp.Elsa.csproj", "{17EA5194-BBE8-4CE1-B6F9-DF6829622F38}"
EndProject
Project("{9A19103F-16F7-4668-BE54-9A1E7A4F7556}") = "LINGYUN.Abp.Elsa.Server", "modules\elsa\LINGYUN.Abp.Elsa.Server\LINGYUN.Abp.Elsa.Server.csproj", "{88AA0D46-597E-4969-8382-A3F8054B9409}"
EndProject
Project("{9A19103F-16F7-4668-BE54-9A1E7A4F7556}") = "LINGYUN.Abp.Elsa.EntityFrameworkCore", "modules\elsa\LINGYUN.Abp.Elsa.EntityFrameworkCore\LINGYUN.Abp.Elsa.EntityFrameworkCore.csproj", "{CAC0D3A2-8BFA-4A84-A7FA-550A3BB16288}"
EndProject
Project("{9A19103F-16F7-4668-BE54-9A1E7A4F7556}") = "LINGYUN.Abp.Elsa.Activities.BlobStoring", "modules\elsa\LINGYUN.Abp.Elsa.Activities.BlobStoring\LINGYUN.Abp.Elsa.Activities.BlobStoring.csproj", "{81CB5141-4FC5-413A-A516-CD65F40465C0}"
EndProject
Project("{9A19103F-16F7-4668-BE54-9A1E7A4F7556}") = "LINGYUN.Abp.Elsa.Activities.Notifications", "modules\elsa\LINGYUN.Abp.Elsa.Activities.Notifications\LINGYUN.Abp.Elsa.Activities.Notifications.csproj", "{F5023AD3-D9C5-40C9-B76A-58D95E441997}"
EndProject
Project("{9A19103F-16F7-4668-BE54-9A1E7A4F7556}") = "LINGYUN.Abp.Elsa.Activities.IM", "modules\elsa\LINGYUN.Abp.Elsa.Activities.IM\LINGYUN.Abp.Elsa.Activities.IM.csproj", "{4FD7B21B-3689-4D4A-BDD2-A07E2DC2E80C}"
EndProject
Project("{9A19103F-16F7-4668-BE54-9A1E7A4F7556}") = "LINGYUN.Abp.Elsa.Activities.Sms", "modules\elsa\LINGYUN.Abp.Elsa.Activities.Sms\LINGYUN.Abp.Elsa.Activities.Sms.csproj", "{FF3A193B-6131-4B4D-9729-1BF8A125C0AB}"
EndProject
Project("{2150E333-8FDC-42A3-9474-1A3956D46DE8}") = "common", "common", "{6DA78E72-BA55-4ECF-97DB-6258174D3E2A}"
EndProject
Project("{9A19103F-16F7-4668-BE54-9A1E7A4F7556}") = "LINGYUN.Abp.RealTime", "framework\common\LINGYUN.Abp.RealTime\LINGYUN.Abp.RealTime.csproj", "{18A20311-84D8-49C4-B7BA-1187FF25E9BC}"
EndProject
Project("{9A19103F-16F7-4668-BE54-9A1E7A4F7556}") = "LINGYUN.Abp.Notifications", "modules\realtime-notifications\LINGYUN.Abp.Notifications\LINGYUN.Abp.Notifications.csproj", "{2C3FABD7-808B-47B5-A194-849A1738E9A2}"
EndProject
Project("{9A19103F-16F7-4668-BE54-9A1E7A4F7556}") = "LINGYUN.Abp.IM", "modules\realtime-message\LINGYUN.Abp.IM\LINGYUN.Abp.IM.csproj", "{8BE6BA3E-048E-4FC7-81DD-7FCD29AE2126}"
EndProject
Project("{9A19103F-16F7-4668-BE54-9A1E7A4F7556}") = "LINGYUN.Abp.Elsa.Activities.Emailing", "modules\elsa\LINGYUN.Abp.Elsa.Activities.Emailing\LINGYUN.Abp.Elsa.Activities.Emailing.csproj", "{9E213E6F-77CB-4068-93EB-465C47FDA8FA}"
EndProject
Project("{9A19103F-16F7-4668-BE54-9A1E7A4F7556}") = "LINGYUN.Abp.Elsa.Activities", "modules\elsa\LINGYUN.Abp.Elsa.Activities\LINGYUN.Abp.Elsa.Activities.csproj", "{EEE9DF30-1901-4070-8E03-A8D8A0E10E34}"
EndProject
Project("{9A19103F-16F7-4668-BE54-9A1E7A4F7556}") = "LINGYUN.Abp.Notifications.Core", "modules\realtime-notifications\LINGYUN.Abp.Notifications.Core\LINGYUN.Abp.Notifications.Core.csproj", "{CE1B9AD0-7CDA-4459-86A3-A3162C1095D9}"
EndProject
Project("{9A19103F-16F7-4668-BE54-9A1E7A4F7556}") = "LINGYUN.Abp.Elsa.Activities.Webhooks", "modules\elsa\LINGYUN.Abp.Elsa.Activities.Webhooks\LINGYUN.Abp.Elsa.Activities.Webhooks.csproj", "{2CA34976-4A80-485C-8572-6004829BB727}"
EndProject
Project("{9A19103F-16F7-4668-BE54-9A1E7A4F7556}") = "LINGYUN.Abp.Webhooks.Core", "modules\webhooks\LINGYUN.Abp.Webhooks.Core\LINGYUN.Abp.Webhooks.Core.csproj", "{44E4EBFA-6F25-4FD7-A4B3-536C3A42677C}"
EndProject
Project("{9A19103F-16F7-4668-BE54-9A1E7A4F7556}") = "LINGYUN.Abp.Webhooks", "modules\webhooks\LINGYUN.Abp.Webhooks\LINGYUN.Abp.Webhooks.csproj", "{6489B162-2B28-42B9-9AD4-EB5CCBB8AE85}"
EndProject
Project("{9A19103F-16F7-4668-BE54-9A1E7A4F7556}") = "LINGYUN.Abp.Webhooks.EventBus", "modules\webhooks\LINGYUN.Abp.Webhooks.EventBus\LINGYUN.Abp.Webhooks.EventBus.csproj", "{B6246B7A-4095-433A-B981-5D1E43CDF712}"
EndProject
Project("{9A19103F-16F7-4668-BE54-9A1E7A4F7556}") = "LINGYUN.Abp.Elsa.EntityFrameworkCore.MySql", "modules\elsa\LINGYUN.Abp.Elsa.EntityFrameworkCore.MySql\LINGYUN.Abp.Elsa.EntityFrameworkCore.MySql.csproj", "{4B20572A-10E7-4414-943A-974F275677B4}"
EndProject
Project("{2150E333-8FDC-42A3-9474-1A3956D46DE8}") = "tests", "tests", "{035B86BF-DD63-4A78-B8CE-29994860C948}"
EndProject
Project("{9A19103F-16F7-4668-BE54-9A1E7A4F7556}") = "LINGYUN.Abp.Elsa.Tests", "tests\LINGYUN.Abp.Elsa.Tests\LINGYUN.Abp.Elsa.Tests.csproj", "{9F96F261-93F7-47C0-8F07-72CE39CE20A3}"
EndProject
Project("{9A19103F-16F7-4668-BE54-9A1E7A4F7556}") = "LINGYUN.Abp.TestsBase", "tests\LINGYUN.Abp.TestBase\LINGYUN.Abp.TestsBase.csproj", "{8395DA41-AF40-4B0D-B36D-FA8A56E75AED}"
EndProject
Project("{9A19103F-16F7-4668-BE54-9A1E7A4F7556}") = "LINGYUN.Abp.Elsa.Activities.Webhooks.Tests", "tests\LINGYUN.Abp.Elsa.Activities.Webhooks.Tests\LINGYUN.Abp.Elsa.Activities.Webhooks.Tests.csproj", "{B3C2AFCC-EE59-4CB4-AB62-B90D60335632}"
EndProject
Project("{9A19103F-16F7-4668-BE54-9A1E7A4F7556}") = "LINGYUN.Abp.AuditLogging", "framework\auditing\LINGYUN.Abp.AuditLogging\LINGYUN.Abp.AuditLogging.csproj", "{A03A98B6-19E9-4CCA-9801-AEFCBAAF5B72}"
EndProject
Project("{9A19103F-16F7-4668-BE54-9A1E7A4F7556}") = "LINGYUN.Abp.AuditLogging.Elasticsearch", "framework\auditing\LINGYUN.Abp.AuditLogging.Elasticsearch\LINGYUN.Abp.AuditLogging.Elasticsearch.csproj", "{00AB0A7E-578E-469C-B049-BCAA0233A9DD}"
EndProject
Project("{9A19103F-16F7-4668-BE54-9A1E7A4F7556}") = "LINGYUN.Abp.ExceptionHandling", "framework\common\LINGYUN.Abp.ExceptionHandling\LINGYUN.Abp.ExceptionHandling.csproj", "{90B326F6-99DF-4EEC-A480-26C27EE22237}"
EndProject
Project("{9A19103F-16F7-4668-BE54-9A1E7A4F7556}") = "LINGYUN.Abp.ExceptionHandling.Notifications", "modules\realtime-notifications\LINGYUN.Abp.ExceptionHandling.Notifications\LINGYUN.Abp.ExceptionHandling.Notifications.csproj", "{96EBCB1F-DB7B-40BA-B59E-82FC1AE13EA0}"
EndProject
Project("{9A19103F-16F7-4668-BE54-9A1E7A4F7556}") = "LINGYUN.Abp.Notifications.Common", "modules\realtime-notifications\LINGYUN.Abp.Notifications.Common\LINGYUN.Abp.Notifications.Common.csproj", "{6399C2FB-B063-4BB3-B605-88CE5303198B}"
EndProject
Project("{9A19103F-16F7-4668-BE54-9A1E7A4F7556}") = "LINGYUN.Abp.Elsa.Notifications", "modules\elsa\LINGYUN.Abp.Elsa.Notifications\LINGYUN.Abp.Elsa.Notifications.csproj", "{D2F6105D-D667-46DB-8CDA-89B4D3F69067}"
EndProject
Project("{9A19103F-16F7-4668-BE54-9A1E7A4F7556}") = "LINGYUN.Abp.BlobStoring.OssManagement", "modules\oss-management\LINGYUN.Abp.BlobStoring.OssManagement\LINGYUN.Abp.BlobStoring.OssManagement.csproj", "{CE550720-FA77-4FF3-B5F0-A2B7A1781E61}"
EndProject
Project("{9A19103F-16F7-4668-BE54-9A1E7A4F7556}") = "LINGYUN.Abp.Elasticsearch", "framework\elasticsearch\LINGYUN.Abp.Elasticsearch\LINGYUN.Abp.Elasticsearch.csproj", "{ECA9D3FA-248F-4D0E-A612-FE1CC72241D5}"
EndProject
Project("{2150E333-8FDC-42A3-9474-1A3956D46DE8}") = "oss-management", "oss-management", "{7B82C484-4DDF-45F2-B5FC-DFA9FFC3258B}"
EndProject
Project("{9A19103F-16F7-4668-BE54-9A1E7A4F7556}") = "LINGYUN.Abp.OssManagement.Domain.Shared", "modules\oss-management\LINGYUN.Abp.OssManagement.Domain.Shared\LINGYUN.Abp.OssManagement.Domain.Shared.csproj", "{C2F7971A-CFCE-4BE0-9A3A-805972A5F00B}"
EndProject
Project("{9A19103F-16F7-4668-BE54-9A1E7A4F7556}") = "LINGYUN.Abp.OssManagement.Application.Contracts", "modules\oss-management\LINGYUN.Abp.OssManagement.Application.Contracts\LINGYUN.Abp.OssManagement.Application.Contracts.csproj", "{0DA0B251-66A6-441C-91B3-DFF953C53C4A}"
EndProject
Project("{9A19103F-16F7-4668-BE54-9A1E7A4F7556}") = "LINGYUN.Abp.OssManagement.HttpApi.Client", "modules\oss-management\LINGYUN.Abp.OssManagement.HttpApi.Client\LINGYUN.Abp.OssManagement.HttpApi.Client.csproj", "{E71FE3BB-1793-460F-9802-77FB9BBC1356}"
EndProject
Project("{2150E333-8FDC-42A3-9474-1A3956D46DE8}") = "realtime", "realtime", "{54C52918-0B8B-4036-B673-23BE74AFFA95}"
EndProject
Project("{2150E333-8FDC-42A3-9474-1A3956D46DE8}") = "notifications", "notifications", "{927A4A04-56EF-4A0F-B17C-E80ABA78C554}"
EndProject
Project("{2150E333-8FDC-42A3-9474-1A3956D46DE8}") = "message", "message", "{7AF97C49-F445-4D77-9DBF-1A211933A471}"
EndProject
Project("{9A19103F-16F7-4668-BE54-9A1E7A4F7556}") = "LINGYUN.Abp.IdGenerator", "framework\common\LINGYUN.Abp.IdGenerator\LINGYUN.Abp.IdGenerator.csproj", "{9A5CDAEF-3767-4924-810E-C2018EFB5124}"
EndProject
Project("{2150E333-8FDC-42A3-9474-1A3956D46DE8}") = "webhooks", "webhooks", "{7C1D7F97-1D2C-47F3-B3E7-8275D57267C4}"
EndProject
Project("{9A19103F-16F7-4668-BE54-9A1E7A4F7556}") = "LINGYUN.Abp.Authorization.OrganizationUnits", "framework\authorization\LINGYUN.Abp.Authorization.OrganizationUnits\LINGYUN.Abp.Authorization.OrganizationUnits.csproj", "{EE20EC4E-9C09-485A-8FBF-AF7FE253714D}"
EndProject
Project("{9A19103F-16F7-4668-BE54-9A1E7A4F7556}") = "LINGYUN.Abp.EventBus.CAP", "framework\common\LINGYUN.Abp.EventBus.CAP\LINGYUN.Abp.EventBus.CAP.csproj", "{B08298CE-D261-4990-8458-17341992AD01}"
EndProject
Project("{9A19103F-16F7-4668-BE54-9A1E7A4F7556}") = "LINGYUN.Abp.Data.DbMigrator", "framework\common\LINGYUN.Abp.Data.DbMigrator\LINGYUN.Abp.Data.DbMigrator.csproj", "{9D0D219B-AC06-4371-9BA1-630BC00FE0F0}"
EndProject
Project("{9A19103F-16F7-4668-BE54-9A1E7A4F7556}") = "LINGYUN.Abp.ExceptionHandling.Emailing", "framework\common\LINGYUN.Abp.ExceptionHandling.Emailing\LINGYUN.Abp.ExceptionHandling.Emailing.csproj", "{ADFC9BA9-405D-4900-B5A3-D7A6F6EED38B}"
EndProject
Project("{9A19103F-16F7-4668-BE54-9A1E7A4F7556}") = "LINGYUN.Abp.Wrapper", "framework\common\LINGYUN.Abp.Wrapper\LINGYUN.Abp.Wrapper.csproj", "{0B7492A2-7B11-4BC1-A55D-5756B74F0055}"
EndProject
Project("{9A19103F-16F7-4668-BE54-9A1E7A4F7556}") = "LINGYUN.Abp.Http.Client.Wrapper", "framework\common\LINGYUN.Abp.Http.Client.Wrapper\LINGYUN.Abp.Http.Client.Wrapper.csproj", "{92808D98-A096-4C4D-A038-A1D359812E32}"
EndProject
Project("{9A19103F-16F7-4668-BE54-9A1E7A4F7556}") = "LINGYUN.Abp.Localization.CultureMap", "framework\localization\LINGYUN.Abp.Localization.CultureMap\LINGYUN.Abp.Localization.CultureMap.csproj", "{D2019F8C-BD18-4DB5-9C38-1AF511D511FC}"
EndProject
Project("{9A19103F-16F7-4668-BE54-9A1E7A4F7556}") = "LINGYUN.Abp.AspNetCore.Mvc.Localization", "framework\localization\LINGYUN.Abp.AspNetCore.Mvc.Localization\LINGYUN.Abp.AspNetCore.Mvc.Localization.csproj", "{57ED879F-2A6F-4618-AD0C-5896CAFA3902}"
EndProject
Project("{9A19103F-16F7-4668-BE54-9A1E7A4F7556}") = "LINGYUN.Abp.Serilog.Enrichers.Application", "framework\logging\LINGYUN.Abp.Serilog.Enrichers.Application\LINGYUN.Abp.Serilog.Enrichers.Application.csproj", "{9A21CDDA-E03F-432B-A539-D553B69E1B5E}"
EndProject
Project("{9A19103F-16F7-4668-BE54-9A1E7A4F7556}") = "LINGYUN.Abp.Serilog.Enrichers.UniqueId", "framework\logging\LINGYUN.Abp.Serilog.Enrichers.UniqueId\LINGYUN.Abp.Serilog.Enrichers.UniqueId.csproj", "{A3CC8323-B8C0-402E-B0CF-F67029E5E9E9}"
EndProject
Project("{9A19103F-16F7-4668-BE54-9A1E7A4F7556}") = "LINGYUN.Abp.AspNetCore.Mvc.Wrapper", "framework\mvc\LINGYUN.Abp.AspNetCore.Mvc.Wrapper\LINGYUN.Abp.AspNetCore.Mvc.Wrapper.csproj", "{0DC9EE7D-7A8E-4CC7-AE0B-CBA74B5C3F72}"
EndProject
Project("{2150E333-8FDC-42A3-9474-1A3956D46DE8}") = "localization-management", "localization-management", "{26C224A8-EA29-4FB9-BA1D-9FFA1D8608E7}"
EndProject
Project("{9A19103F-16F7-4668-BE54-9A1E7A4F7556}") = "LINGYUN.Abp.Localization.Persistence", "framework\localization\LINGYUN.Abp.Localization.Persistence\LINGYUN.Abp.Localization.Persistence.csproj", "{CBDC2774-72FE-4454-8547-01EF9A63FB08}"
EndProject
Project("{9A19103F-16F7-4668-BE54-9A1E7A4F7556}") = "LINGYUN.Abp.LocalizationManagement.Domain.Shared", "modules\localization-management\LINGYUN.Abp.LocalizationManagement.Domain.Shared\LINGYUN.Abp.LocalizationManagement.Domain.Shared.csproj", "{E2327757-4988-4710-8A67-06A7EEC12DFA}"
EndProject
Project("{9A19103F-16F7-4668-BE54-9A1E7A4F7556}") = "LINGYUN.Abp.LocalizationManagement.Domain", "modules\localization-management\LINGYUN.Abp.LocalizationManagement.Domain\LINGYUN.Abp.LocalizationManagement.Domain.csproj", "{28AFEB19-6CDE-4AD9-9A83-BDCD98C3E386}"
EndProject
Project("{9A19103F-16F7-4668-BE54-9A1E7A4F7556}") = "LINGYUN.Abp.LocalizationManagement.EntityFrameworkCore", "modules\localization-management\LINGYUN.Abp.LocalizationManagement.EntityFrameworkCore\LINGYUN.Abp.LocalizationManagement.EntityFrameworkCore.csproj", "{B281B9FE-8F1F-471C-B399-C1D07DF575E4}"
EndProject
Project("{2150E333-8FDC-42A3-9474-1A3956D46DE8}") = "task-management", "task-management", "{7844FF58-7DBF-46E1-88B7-9764382A4EE9}"
EndProject
Project("{9A19103F-16F7-4668-BE54-9A1E7A4F7556}") = "LINGYUN.Abp.BackgroundTasks.Abstractions", "modules\task-management\LINGYUN.Abp.BackgroundTasks.Abstractions\LINGYUN.Abp.BackgroundTasks.Abstractions.csproj", "{927AD997-604B-4553-B768-8BFC595E9D62}"
EndProject
Project("{9A19103F-16F7-4668-BE54-9A1E7A4F7556}") = "LINGYUN.Abp.BackgroundTasks", "modules\task-management\LINGYUN.Abp.BackgroundTasks\LINGYUN.Abp.BackgroundTasks.csproj", "{76AF3503-CB33-4DFA-BE4F-F2EBB51EEA07}"
EndProject
Project("{9A19103F-16F7-4668-BE54-9A1E7A4F7556}") = "LINGYUN.Abp.BackgroundTasks.Activities", "modules\task-management\LINGYUN.Abp.BackgroundTasks.Activities\LINGYUN.Abp.BackgroundTasks.Activities.csproj", "{F2DEFDB5-29FD-44B9-A22C-A7D857BA60A0}"
EndProject
Project("{9A19103F-16F7-4668-BE54-9A1E7A4F7556}") = "LINGYUN.Abp.BackgroundTasks.DistributedLocking", "modules\task-management\LINGYUN.Abp.BackgroundTasks.DistributedLocking\LINGYUN.Abp.BackgroundTasks.DistributedLocking.csproj", "{004C3502-A1E2-4CCC-AB8E-E823FCE3E916}"
EndProject
Project("{9A19103F-16F7-4668-BE54-9A1E7A4F7556}") = "LINGYUN.Abp.BackgroundTasks.ExceptionHandling", "modules\task-management\LINGYUN.Abp.BackgroundTasks.ExceptionHandling\LINGYUN.Abp.BackgroundTasks.ExceptionHandling.csproj", "{1E26260F-8D99-4F9D-B20F-4B4B12A315E1}"
EndProject
Project("{9A19103F-16F7-4668-BE54-9A1E7A4F7556}") = "LINGYUN.Abp.TaskManagement.Domain.Shared", "modules\task-management\LINGYUN.Abp.TaskManagement.Domain.Shared\LINGYUN.Abp.TaskManagement.Domain.Shared.csproj", "{A675EBDA-0021-406A-A0AA-5B27AF2902E0}"
EndProject
Project("{9A19103F-16F7-4668-BE54-9A1E7A4F7556}") = "LINGYUN.Abp.TaskManagement.Domain", "modules\task-management\LINGYUN.Abp.TaskManagement.Domain\LINGYUN.Abp.TaskManagement.Domain.csproj", "{7927F5D8-D950-45E5-B832-894A325445DC}"
EndProject
Project("{9A19103F-16F7-4668-BE54-9A1E7A4F7556}") = "LINGYUN.Abp.TaskManagement.EntityFrameworkCore", "modules\task-management\LINGYUN.Abp.TaskManagement.EntityFrameworkCore\LINGYUN.Abp.TaskManagement.EntityFrameworkCore.csproj", "{749899E3-86F3-48FD-AF09-BBFDA8E0EA36}"
EndProject
Project("{9A19103F-16F7-4668-BE54-9A1E7A4F7556}") = "LINGYUN.Abp.BackgroundTasks.Quartz", "modules\task-management\LINGYUN.Abp.BackgroundTasks.Quartz\LINGYUN.Abp.BackgroundTasks.Quartz.csproj", "{74500EF4-93FE-4B84-A538-BA94CEE73E92}"
EndProject
Project("{2150E333-8FDC-42A3-9474-1A3956D46DE8}") = "text-templating", "text-templating", "{459DEA84-19F7-49A2-BD23-F5B871DFF92D}"
EndProject
Project("{9A19103F-16F7-4668-BE54-9A1E7A4F7556}") = "LINGYUN.Abp.TextTemplating.Domain.Shared", "modules\text-templating\LINGYUN.Abp.TextTemplating.Domain.Shared\LINGYUN.Abp.TextTemplating.Domain.Shared.csproj", "{8420F159-401F-48F9-A206-CA5D5B0B4CDE}"
EndProject
Project("{9A19103F-16F7-4668-BE54-9A1E7A4F7556}") = "LINGYUN.Abp.TextTemplating.Domain", "modules\text-templating\LINGYUN.Abp.TextTemplating.Domain\LINGYUN.Abp.TextTemplating.Domain.csproj", "{7E7E8768-198D-400A-B8C4-7E86BB38BE4E}"
EndProject
Project("{9A19103F-16F7-4668-BE54-9A1E7A4F7556}") = "LINGYUN.Abp.TextTemplating.EntityFrameworkCore", "modules\text-templating\LINGYUN.Abp.TextTemplating.EntityFrameworkCore\LINGYUN.Abp.TextTemplating.EntityFrameworkCore.csproj", "{86C48FB7-09D7-47F5-A6C0-FB7C22A362B2}"
EndProject
Project("{9A19103F-16F7-4668-BE54-9A1E7A4F7556}") = "LINGYUN.Abp.MultiTenancy.Editions", "framework\tenants\LINGYUN.Abp.MultiTenancy.Editions\LINGYUN.Abp.MultiTenancy.Editions.csproj", "{3458DCC4-55CB-424A-A5BF-9DB11F24D41F}"
EndProject
Project("{2150E333-8FDC-42A3-9474-1A3956D46DE8}") = "saas", "saas", "{AD002164-CFB4-4583-BF13-62C815009ADE}"
EndProject
Project("{9A19103F-16F7-4668-BE54-9A1E7A4F7556}") = "LINGYUN.Abp.Saas.Domain.Shared", "modules\saas\LINGYUN.Abp.Saas.Domain.Shared\LINGYUN.Abp.Saas.Domain.Shared.csproj", "{A0869700-2CA0-40F1-8AEA-5ADEA1204294}"
EndProject
Project("{9A19103F-16F7-4668-BE54-9A1E7A4F7556}") = "LINGYUN.Abp.Saas.Domain", "modules\saas\LINGYUN.Abp.Saas.Domain\LINGYUN.Abp.Saas.Domain.csproj", "{911B7C56-1908-42B5-BCE8-860DE650AE31}"
EndProject
Project("{9A19103F-16F7-4668-BE54-9A1E7A4F7556}") = "LINGYUN.Abp.Saas.EntityFrameworkCore", "modules\saas\LINGYUN.Abp.Saas.EntityFrameworkCore\LINGYUN.Abp.Saas.EntityFrameworkCore.csproj", "{CAE0492C-11A3-424C-8613-7DAB83E4FB60}"
EndProject
Project("{9A19103F-16F7-4668-BE54-9A1E7A4F7556}") = "LINGYUN.Abp.AspNetCore.HttpOverrides", "framework\common\LINGYUN.Abp.AspNetCore.HttpOverrides\LINGYUN.Abp.AspNetCore.HttpOverrides.csproj", "{4D055853-DE80-4145-BB2F-33EB6B379F5E}"
EndProject
Project("{9A19103F-16F7-4668-BE54-9A1E7A4F7556}") = "LINGYUN.Abp.Security", "framework\security\LINGYUN.Abp.Security\LINGYUN.Abp.Security.csproj", "{E4783690-052A-4AB0-837E-BDBC77CC7EEC}"
EndProject
Project("{9A19103F-16F7-4668-BE54-9A1E7A4F7556}") = "LINGYUN.Abp.Claims.Mapping", "framework\security\LINGYUN.Abp.Claims.Mapping\LINGYUN.Abp.Claims.Mapping.csproj", "{1859E205-88DC-4E08-A0BD-55A045DCC495}"
EndProject
Project("{2150E333-8FDC-42A3-9474-1A3956D46DE8}") = "identity", "identity", "{9C73D4E6-4408-4717-B51C-63C20321D4DA}"
EndProject
Project("{9A19103F-16F7-4668-BE54-9A1E7A4F7556}") = "LINGYUN.Abp.Identity.Session", "modules\identity\LINGYUN.Abp.Identity.Session\LINGYUN.Abp.Identity.Session.csproj", "{6ECF678D-6F3A-4084-8538-A86C1D67C703}"
EndProject
Project("{9A19103F-16F7-4668-BE54-9A1E7A4F7556}") = "LINGYUN.Abp.Identity.Session.AspNetCore", "modules\identity\LINGYUN.Abp.Identity.Session.AspNetCore\LINGYUN.Abp.Identity.Session.AspNetCore.csproj", "{9FB5E943-7F6F-4281-9C00-E76284B4F1F3}"
EndProject
Project("{FAE04EC0-301F-11D3-BF4B-00C04F79EFBC}") = "LINGYUN.Abp.Elsa.EntityFrameworkCore.PostgreSql", "modules\elsa\LINGYUN.Abp.Elsa.EntityFrameworkCore.PostgreSql\LINGYUN.Abp.Elsa.EntityFrameworkCore.PostgreSql.csproj", "{D56851BB-557E-4CF9-B724-8E607EEE9D07}"
EndProject
Project("{FAE04EC0-301F-11D3-BF4B-00C04F79EFBC}") = "LINGYUN.Abp.Elsa.EntityFrameworkCore.SqlServer", "modules\elsa\LINGYUN.Abp.Elsa.EntityFrameworkCore.SqlServer\LINGYUN.Abp.Elsa.EntityFrameworkCore.SqlServer.csproj", "{22BB3760-8DA1-4714-ADB7-1585A4EB8496}"
EndProject
Global
	GlobalSection(SolutionConfigurationPlatforms) = preSolution
		Debug|Any CPU = Debug|Any CPU
		Release|Any CPU = Release|Any CPU
	EndGlobalSection
	GlobalSection(ProjectConfigurationPlatforms) = postSolution
		{D5ED348D-D6F0-4093-BD7D-20E05AA1EB7B}.Debug|Any CPU.ActiveCfg = Debug|Any CPU
		{D5ED348D-D6F0-4093-BD7D-20E05AA1EB7B}.Debug|Any CPU.Build.0 = Debug|Any CPU
		{D5ED348D-D6F0-4093-BD7D-20E05AA1EB7B}.Release|Any CPU.ActiveCfg = Release|Any CPU
		{D5ED348D-D6F0-4093-BD7D-20E05AA1EB7B}.Release|Any CPU.Build.0 = Release|Any CPU
		{17EA5194-BBE8-4CE1-B6F9-DF6829622F38}.Debug|Any CPU.ActiveCfg = Debug|Any CPU
		{17EA5194-BBE8-4CE1-B6F9-DF6829622F38}.Debug|Any CPU.Build.0 = Debug|Any CPU
		{17EA5194-BBE8-4CE1-B6F9-DF6829622F38}.Release|Any CPU.ActiveCfg = Release|Any CPU
		{17EA5194-BBE8-4CE1-B6F9-DF6829622F38}.Release|Any CPU.Build.0 = Release|Any CPU
		{88AA0D46-597E-4969-8382-A3F8054B9409}.Debug|Any CPU.ActiveCfg = Debug|Any CPU
		{88AA0D46-597E-4969-8382-A3F8054B9409}.Debug|Any CPU.Build.0 = Debug|Any CPU
		{88AA0D46-597E-4969-8382-A3F8054B9409}.Release|Any CPU.ActiveCfg = Release|Any CPU
		{88AA0D46-597E-4969-8382-A3F8054B9409}.Release|Any CPU.Build.0 = Release|Any CPU
		{CAC0D3A2-8BFA-4A84-A7FA-550A3BB16288}.Debug|Any CPU.ActiveCfg = Debug|Any CPU
		{CAC0D3A2-8BFA-4A84-A7FA-550A3BB16288}.Debug|Any CPU.Build.0 = Debug|Any CPU
		{CAC0D3A2-8BFA-4A84-A7FA-550A3BB16288}.Release|Any CPU.ActiveCfg = Release|Any CPU
		{CAC0D3A2-8BFA-4A84-A7FA-550A3BB16288}.Release|Any CPU.Build.0 = Release|Any CPU
		{81CB5141-4FC5-413A-A516-CD65F40465C0}.Debug|Any CPU.ActiveCfg = Debug|Any CPU
		{81CB5141-4FC5-413A-A516-CD65F40465C0}.Debug|Any CPU.Build.0 = Debug|Any CPU
		{81CB5141-4FC5-413A-A516-CD65F40465C0}.Release|Any CPU.ActiveCfg = Release|Any CPU
		{81CB5141-4FC5-413A-A516-CD65F40465C0}.Release|Any CPU.Build.0 = Release|Any CPU
		{F5023AD3-D9C5-40C9-B76A-58D95E441997}.Debug|Any CPU.ActiveCfg = Debug|Any CPU
		{F5023AD3-D9C5-40C9-B76A-58D95E441997}.Debug|Any CPU.Build.0 = Debug|Any CPU
		{F5023AD3-D9C5-40C9-B76A-58D95E441997}.Release|Any CPU.ActiveCfg = Release|Any CPU
		{F5023AD3-D9C5-40C9-B76A-58D95E441997}.Release|Any CPU.Build.0 = Release|Any CPU
		{4FD7B21B-3689-4D4A-BDD2-A07E2DC2E80C}.Debug|Any CPU.ActiveCfg = Debug|Any CPU
		{4FD7B21B-3689-4D4A-BDD2-A07E2DC2E80C}.Debug|Any CPU.Build.0 = Debug|Any CPU
		{4FD7B21B-3689-4D4A-BDD2-A07E2DC2E80C}.Release|Any CPU.ActiveCfg = Release|Any CPU
		{4FD7B21B-3689-4D4A-BDD2-A07E2DC2E80C}.Release|Any CPU.Build.0 = Release|Any CPU
		{FF3A193B-6131-4B4D-9729-1BF8A125C0AB}.Debug|Any CPU.ActiveCfg = Debug|Any CPU
		{FF3A193B-6131-4B4D-9729-1BF8A125C0AB}.Debug|Any CPU.Build.0 = Debug|Any CPU
		{FF3A193B-6131-4B4D-9729-1BF8A125C0AB}.Release|Any CPU.ActiveCfg = Release|Any CPU
		{FF3A193B-6131-4B4D-9729-1BF8A125C0AB}.Release|Any CPU.Build.0 = Release|Any CPU
		{18A20311-84D8-49C4-B7BA-1187FF25E9BC}.Debug|Any CPU.ActiveCfg = Debug|Any CPU
		{18A20311-84D8-49C4-B7BA-1187FF25E9BC}.Debug|Any CPU.Build.0 = Debug|Any CPU
		{18A20311-84D8-49C4-B7BA-1187FF25E9BC}.Release|Any CPU.ActiveCfg = Release|Any CPU
		{18A20311-84D8-49C4-B7BA-1187FF25E9BC}.Release|Any CPU.Build.0 = Release|Any CPU
		{2C3FABD7-808B-47B5-A194-849A1738E9A2}.Debug|Any CPU.ActiveCfg = Debug|Any CPU
		{2C3FABD7-808B-47B5-A194-849A1738E9A2}.Debug|Any CPU.Build.0 = Debug|Any CPU
		{2C3FABD7-808B-47B5-A194-849A1738E9A2}.Release|Any CPU.ActiveCfg = Release|Any CPU
		{2C3FABD7-808B-47B5-A194-849A1738E9A2}.Release|Any CPU.Build.0 = Release|Any CPU
		{8BE6BA3E-048E-4FC7-81DD-7FCD29AE2126}.Debug|Any CPU.ActiveCfg = Debug|Any CPU
		{8BE6BA3E-048E-4FC7-81DD-7FCD29AE2126}.Debug|Any CPU.Build.0 = Debug|Any CPU
		{8BE6BA3E-048E-4FC7-81DD-7FCD29AE2126}.Release|Any CPU.ActiveCfg = Release|Any CPU
		{8BE6BA3E-048E-4FC7-81DD-7FCD29AE2126}.Release|Any CPU.Build.0 = Release|Any CPU
		{9E213E6F-77CB-4068-93EB-465C47FDA8FA}.Debug|Any CPU.ActiveCfg = Debug|Any CPU
		{9E213E6F-77CB-4068-93EB-465C47FDA8FA}.Debug|Any CPU.Build.0 = Debug|Any CPU
		{9E213E6F-77CB-4068-93EB-465C47FDA8FA}.Release|Any CPU.ActiveCfg = Release|Any CPU
		{9E213E6F-77CB-4068-93EB-465C47FDA8FA}.Release|Any CPU.Build.0 = Release|Any CPU
		{EEE9DF30-1901-4070-8E03-A8D8A0E10E34}.Debug|Any CPU.ActiveCfg = Debug|Any CPU
		{EEE9DF30-1901-4070-8E03-A8D8A0E10E34}.Debug|Any CPU.Build.0 = Debug|Any CPU
		{EEE9DF30-1901-4070-8E03-A8D8A0E10E34}.Release|Any CPU.ActiveCfg = Release|Any CPU
		{EEE9DF30-1901-4070-8E03-A8D8A0E10E34}.Release|Any CPU.Build.0 = Release|Any CPU
		{CE1B9AD0-7CDA-4459-86A3-A3162C1095D9}.Debug|Any CPU.ActiveCfg = Debug|Any CPU
		{CE1B9AD0-7CDA-4459-86A3-A3162C1095D9}.Debug|Any CPU.Build.0 = Debug|Any CPU
		{CE1B9AD0-7CDA-4459-86A3-A3162C1095D9}.Release|Any CPU.ActiveCfg = Release|Any CPU
		{CE1B9AD0-7CDA-4459-86A3-A3162C1095D9}.Release|Any CPU.Build.0 = Release|Any CPU
		{2CA34976-4A80-485C-8572-6004829BB727}.Debug|Any CPU.ActiveCfg = Debug|Any CPU
		{2CA34976-4A80-485C-8572-6004829BB727}.Debug|Any CPU.Build.0 = Debug|Any CPU
		{2CA34976-4A80-485C-8572-6004829BB727}.Release|Any CPU.ActiveCfg = Release|Any CPU
		{2CA34976-4A80-485C-8572-6004829BB727}.Release|Any CPU.Build.0 = Release|Any CPU
		{44E4EBFA-6F25-4FD7-A4B3-536C3A42677C}.Debug|Any CPU.ActiveCfg = Debug|Any CPU
		{44E4EBFA-6F25-4FD7-A4B3-536C3A42677C}.Debug|Any CPU.Build.0 = Debug|Any CPU
		{44E4EBFA-6F25-4FD7-A4B3-536C3A42677C}.Release|Any CPU.ActiveCfg = Release|Any CPU
		{44E4EBFA-6F25-4FD7-A4B3-536C3A42677C}.Release|Any CPU.Build.0 = Release|Any CPU
		{6489B162-2B28-42B9-9AD4-EB5CCBB8AE85}.Debug|Any CPU.ActiveCfg = Debug|Any CPU
		{6489B162-2B28-42B9-9AD4-EB5CCBB8AE85}.Debug|Any CPU.Build.0 = Debug|Any CPU
		{6489B162-2B28-42B9-9AD4-EB5CCBB8AE85}.Release|Any CPU.ActiveCfg = Release|Any CPU
		{6489B162-2B28-42B9-9AD4-EB5CCBB8AE85}.Release|Any CPU.Build.0 = Release|Any CPU
		{B6246B7A-4095-433A-B981-5D1E43CDF712}.Debug|Any CPU.ActiveCfg = Debug|Any CPU
		{B6246B7A-4095-433A-B981-5D1E43CDF712}.Debug|Any CPU.Build.0 = Debug|Any CPU
		{B6246B7A-4095-433A-B981-5D1E43CDF712}.Release|Any CPU.ActiveCfg = Release|Any CPU
		{B6246B7A-4095-433A-B981-5D1E43CDF712}.Release|Any CPU.Build.0 = Release|Any CPU
		{4B20572A-10E7-4414-943A-974F275677B4}.Debug|Any CPU.ActiveCfg = Debug|Any CPU
		{4B20572A-10E7-4414-943A-974F275677B4}.Debug|Any CPU.Build.0 = Debug|Any CPU
		{4B20572A-10E7-4414-943A-974F275677B4}.Release|Any CPU.ActiveCfg = Release|Any CPU
		{4B20572A-10E7-4414-943A-974F275677B4}.Release|Any CPU.Build.0 = Release|Any CPU
		{9F96F261-93F7-47C0-8F07-72CE39CE20A3}.Debug|Any CPU.ActiveCfg = Debug|Any CPU
		{9F96F261-93F7-47C0-8F07-72CE39CE20A3}.Debug|Any CPU.Build.0 = Debug|Any CPU
		{9F96F261-93F7-47C0-8F07-72CE39CE20A3}.Release|Any CPU.ActiveCfg = Release|Any CPU
		{9F96F261-93F7-47C0-8F07-72CE39CE20A3}.Release|Any CPU.Build.0 = Release|Any CPU
		{8395DA41-AF40-4B0D-B36D-FA8A56E75AED}.Debug|Any CPU.ActiveCfg = Debug|Any CPU
		{8395DA41-AF40-4B0D-B36D-FA8A56E75AED}.Debug|Any CPU.Build.0 = Debug|Any CPU
		{8395DA41-AF40-4B0D-B36D-FA8A56E75AED}.Release|Any CPU.ActiveCfg = Release|Any CPU
		{8395DA41-AF40-4B0D-B36D-FA8A56E75AED}.Release|Any CPU.Build.0 = Release|Any CPU
		{B3C2AFCC-EE59-4CB4-AB62-B90D60335632}.Debug|Any CPU.ActiveCfg = Debug|Any CPU
		{B3C2AFCC-EE59-4CB4-AB62-B90D60335632}.Debug|Any CPU.Build.0 = Debug|Any CPU
		{B3C2AFCC-EE59-4CB4-AB62-B90D60335632}.Release|Any CPU.ActiveCfg = Release|Any CPU
		{B3C2AFCC-EE59-4CB4-AB62-B90D60335632}.Release|Any CPU.Build.0 = Release|Any CPU
		{A03A98B6-19E9-4CCA-9801-AEFCBAAF5B72}.Debug|Any CPU.ActiveCfg = Debug|Any CPU
		{A03A98B6-19E9-4CCA-9801-AEFCBAAF5B72}.Debug|Any CPU.Build.0 = Debug|Any CPU
		{A03A98B6-19E9-4CCA-9801-AEFCBAAF5B72}.Release|Any CPU.ActiveCfg = Release|Any CPU
		{A03A98B6-19E9-4CCA-9801-AEFCBAAF5B72}.Release|Any CPU.Build.0 = Release|Any CPU
		{00AB0A7E-578E-469C-B049-BCAA0233A9DD}.Debug|Any CPU.ActiveCfg = Debug|Any CPU
		{00AB0A7E-578E-469C-B049-BCAA0233A9DD}.Debug|Any CPU.Build.0 = Debug|Any CPU
		{00AB0A7E-578E-469C-B049-BCAA0233A9DD}.Release|Any CPU.ActiveCfg = Release|Any CPU
		{00AB0A7E-578E-469C-B049-BCAA0233A9DD}.Release|Any CPU.Build.0 = Release|Any CPU
		{90B326F6-99DF-4EEC-A480-26C27EE22237}.Debug|Any CPU.ActiveCfg = Debug|Any CPU
		{90B326F6-99DF-4EEC-A480-26C27EE22237}.Debug|Any CPU.Build.0 = Debug|Any CPU
		{90B326F6-99DF-4EEC-A480-26C27EE22237}.Release|Any CPU.ActiveCfg = Release|Any CPU
		{90B326F6-99DF-4EEC-A480-26C27EE22237}.Release|Any CPU.Build.0 = Release|Any CPU
		{96EBCB1F-DB7B-40BA-B59E-82FC1AE13EA0}.Debug|Any CPU.ActiveCfg = Debug|Any CPU
		{96EBCB1F-DB7B-40BA-B59E-82FC1AE13EA0}.Debug|Any CPU.Build.0 = Debug|Any CPU
		{96EBCB1F-DB7B-40BA-B59E-82FC1AE13EA0}.Release|Any CPU.ActiveCfg = Release|Any CPU
		{96EBCB1F-DB7B-40BA-B59E-82FC1AE13EA0}.Release|Any CPU.Build.0 = Release|Any CPU
		{6399C2FB-B063-4BB3-B605-88CE5303198B}.Debug|Any CPU.ActiveCfg = Debug|Any CPU
		{6399C2FB-B063-4BB3-B605-88CE5303198B}.Debug|Any CPU.Build.0 = Debug|Any CPU
		{6399C2FB-B063-4BB3-B605-88CE5303198B}.Release|Any CPU.ActiveCfg = Release|Any CPU
		{6399C2FB-B063-4BB3-B605-88CE5303198B}.Release|Any CPU.Build.0 = Release|Any CPU
		{D2F6105D-D667-46DB-8CDA-89B4D3F69067}.Debug|Any CPU.ActiveCfg = Debug|Any CPU
		{D2F6105D-D667-46DB-8CDA-89B4D3F69067}.Debug|Any CPU.Build.0 = Debug|Any CPU
		{D2F6105D-D667-46DB-8CDA-89B4D3F69067}.Release|Any CPU.ActiveCfg = Release|Any CPU
		{D2F6105D-D667-46DB-8CDA-89B4D3F69067}.Release|Any CPU.Build.0 = Release|Any CPU
		{CE550720-FA77-4FF3-B5F0-A2B7A1781E61}.Debug|Any CPU.ActiveCfg = Debug|Any CPU
		{CE550720-FA77-4FF3-B5F0-A2B7A1781E61}.Debug|Any CPU.Build.0 = Debug|Any CPU
		{CE550720-FA77-4FF3-B5F0-A2B7A1781E61}.Release|Any CPU.ActiveCfg = Release|Any CPU
		{CE550720-FA77-4FF3-B5F0-A2B7A1781E61}.Release|Any CPU.Build.0 = Release|Any CPU
		{ECA9D3FA-248F-4D0E-A612-FE1CC72241D5}.Debug|Any CPU.ActiveCfg = Debug|Any CPU
		{ECA9D3FA-248F-4D0E-A612-FE1CC72241D5}.Debug|Any CPU.Build.0 = Debug|Any CPU
		{ECA9D3FA-248F-4D0E-A612-FE1CC72241D5}.Release|Any CPU.ActiveCfg = Release|Any CPU
		{ECA9D3FA-248F-4D0E-A612-FE1CC72241D5}.Release|Any CPU.Build.0 = Release|Any CPU
		{C2F7971A-CFCE-4BE0-9A3A-805972A5F00B}.Debug|Any CPU.ActiveCfg = Debug|Any CPU
		{C2F7971A-CFCE-4BE0-9A3A-805972A5F00B}.Debug|Any CPU.Build.0 = Debug|Any CPU
		{C2F7971A-CFCE-4BE0-9A3A-805972A5F00B}.Release|Any CPU.ActiveCfg = Release|Any CPU
		{C2F7971A-CFCE-4BE0-9A3A-805972A5F00B}.Release|Any CPU.Build.0 = Release|Any CPU
		{0DA0B251-66A6-441C-91B3-DFF953C53C4A}.Debug|Any CPU.ActiveCfg = Debug|Any CPU
		{0DA0B251-66A6-441C-91B3-DFF953C53C4A}.Debug|Any CPU.Build.0 = Debug|Any CPU
		{0DA0B251-66A6-441C-91B3-DFF953C53C4A}.Release|Any CPU.ActiveCfg = Release|Any CPU
		{0DA0B251-66A6-441C-91B3-DFF953C53C4A}.Release|Any CPU.Build.0 = Release|Any CPU
		{E71FE3BB-1793-460F-9802-77FB9BBC1356}.Debug|Any CPU.ActiveCfg = Debug|Any CPU
		{E71FE3BB-1793-460F-9802-77FB9BBC1356}.Debug|Any CPU.Build.0 = Debug|Any CPU
		{E71FE3BB-1793-460F-9802-77FB9BBC1356}.Release|Any CPU.ActiveCfg = Release|Any CPU
		{E71FE3BB-1793-460F-9802-77FB9BBC1356}.Release|Any CPU.Build.0 = Release|Any CPU
		{9A5CDAEF-3767-4924-810E-C2018EFB5124}.Debug|Any CPU.ActiveCfg = Debug|Any CPU
		{9A5CDAEF-3767-4924-810E-C2018EFB5124}.Debug|Any CPU.Build.0 = Debug|Any CPU
		{9A5CDAEF-3767-4924-810E-C2018EFB5124}.Release|Any CPU.ActiveCfg = Release|Any CPU
		{9A5CDAEF-3767-4924-810E-C2018EFB5124}.Release|Any CPU.Build.0 = Release|Any CPU
		{EE20EC4E-9C09-485A-8FBF-AF7FE253714D}.Debug|Any CPU.ActiveCfg = Debug|Any CPU
		{EE20EC4E-9C09-485A-8FBF-AF7FE253714D}.Debug|Any CPU.Build.0 = Debug|Any CPU
		{EE20EC4E-9C09-485A-8FBF-AF7FE253714D}.Release|Any CPU.ActiveCfg = Release|Any CPU
		{EE20EC4E-9C09-485A-8FBF-AF7FE253714D}.Release|Any CPU.Build.0 = Release|Any CPU
		{B08298CE-D261-4990-8458-17341992AD01}.Debug|Any CPU.ActiveCfg = Debug|Any CPU
		{B08298CE-D261-4990-8458-17341992AD01}.Debug|Any CPU.Build.0 = Debug|Any CPU
		{B08298CE-D261-4990-8458-17341992AD01}.Release|Any CPU.ActiveCfg = Release|Any CPU
		{B08298CE-D261-4990-8458-17341992AD01}.Release|Any CPU.Build.0 = Release|Any CPU
		{9D0D219B-AC06-4371-9BA1-630BC00FE0F0}.Debug|Any CPU.ActiveCfg = Debug|Any CPU
		{9D0D219B-AC06-4371-9BA1-630BC00FE0F0}.Debug|Any CPU.Build.0 = Debug|Any CPU
		{9D0D219B-AC06-4371-9BA1-630BC00FE0F0}.Release|Any CPU.ActiveCfg = Release|Any CPU
		{9D0D219B-AC06-4371-9BA1-630BC00FE0F0}.Release|Any CPU.Build.0 = Release|Any CPU
		{ADFC9BA9-405D-4900-B5A3-D7A6F6EED38B}.Debug|Any CPU.ActiveCfg = Debug|Any CPU
		{ADFC9BA9-405D-4900-B5A3-D7A6F6EED38B}.Debug|Any CPU.Build.0 = Debug|Any CPU
		{ADFC9BA9-405D-4900-B5A3-D7A6F6EED38B}.Release|Any CPU.ActiveCfg = Release|Any CPU
		{ADFC9BA9-405D-4900-B5A3-D7A6F6EED38B}.Release|Any CPU.Build.0 = Release|Any CPU
		{0B7492A2-7B11-4BC1-A55D-5756B74F0055}.Debug|Any CPU.ActiveCfg = Debug|Any CPU
		{0B7492A2-7B11-4BC1-A55D-5756B74F0055}.Debug|Any CPU.Build.0 = Debug|Any CPU
		{0B7492A2-7B11-4BC1-A55D-5756B74F0055}.Release|Any CPU.ActiveCfg = Release|Any CPU
		{0B7492A2-7B11-4BC1-A55D-5756B74F0055}.Release|Any CPU.Build.0 = Release|Any CPU
		{92808D98-A096-4C4D-A038-A1D359812E32}.Debug|Any CPU.ActiveCfg = Debug|Any CPU
		{92808D98-A096-4C4D-A038-A1D359812E32}.Debug|Any CPU.Build.0 = Debug|Any CPU
		{92808D98-A096-4C4D-A038-A1D359812E32}.Release|Any CPU.ActiveCfg = Release|Any CPU
		{92808D98-A096-4C4D-A038-A1D359812E32}.Release|Any CPU.Build.0 = Release|Any CPU
		{D2019F8C-BD18-4DB5-9C38-1AF511D511FC}.Debug|Any CPU.ActiveCfg = Debug|Any CPU
		{D2019F8C-BD18-4DB5-9C38-1AF511D511FC}.Debug|Any CPU.Build.0 = Debug|Any CPU
		{D2019F8C-BD18-4DB5-9C38-1AF511D511FC}.Release|Any CPU.ActiveCfg = Release|Any CPU
		{D2019F8C-BD18-4DB5-9C38-1AF511D511FC}.Release|Any CPU.Build.0 = Release|Any CPU
		{57ED879F-2A6F-4618-AD0C-5896CAFA3902}.Debug|Any CPU.ActiveCfg = Debug|Any CPU
		{57ED879F-2A6F-4618-AD0C-5896CAFA3902}.Debug|Any CPU.Build.0 = Debug|Any CPU
		{57ED879F-2A6F-4618-AD0C-5896CAFA3902}.Release|Any CPU.ActiveCfg = Release|Any CPU
		{57ED879F-2A6F-4618-AD0C-5896CAFA3902}.Release|Any CPU.Build.0 = Release|Any CPU
		{9A21CDDA-E03F-432B-A539-D553B69E1B5E}.Debug|Any CPU.ActiveCfg = Debug|Any CPU
		{9A21CDDA-E03F-432B-A539-D553B69E1B5E}.Debug|Any CPU.Build.0 = Debug|Any CPU
		{9A21CDDA-E03F-432B-A539-D553B69E1B5E}.Release|Any CPU.ActiveCfg = Release|Any CPU
		{9A21CDDA-E03F-432B-A539-D553B69E1B5E}.Release|Any CPU.Build.0 = Release|Any CPU
		{A3CC8323-B8C0-402E-B0CF-F67029E5E9E9}.Debug|Any CPU.ActiveCfg = Debug|Any CPU
		{A3CC8323-B8C0-402E-B0CF-F67029E5E9E9}.Debug|Any CPU.Build.0 = Debug|Any CPU
		{A3CC8323-B8C0-402E-B0CF-F67029E5E9E9}.Release|Any CPU.ActiveCfg = Release|Any CPU
		{A3CC8323-B8C0-402E-B0CF-F67029E5E9E9}.Release|Any CPU.Build.0 = Release|Any CPU
		{0DC9EE7D-7A8E-4CC7-AE0B-CBA74B5C3F72}.Debug|Any CPU.ActiveCfg = Debug|Any CPU
		{0DC9EE7D-7A8E-4CC7-AE0B-CBA74B5C3F72}.Debug|Any CPU.Build.0 = Debug|Any CPU
		{0DC9EE7D-7A8E-4CC7-AE0B-CBA74B5C3F72}.Release|Any CPU.ActiveCfg = Release|Any CPU
		{0DC9EE7D-7A8E-4CC7-AE0B-CBA74B5C3F72}.Release|Any CPU.Build.0 = Release|Any CPU
		{CBDC2774-72FE-4454-8547-01EF9A63FB08}.Debug|Any CPU.ActiveCfg = Debug|Any CPU
		{CBDC2774-72FE-4454-8547-01EF9A63FB08}.Debug|Any CPU.Build.0 = Debug|Any CPU
		{CBDC2774-72FE-4454-8547-01EF9A63FB08}.Release|Any CPU.ActiveCfg = Release|Any CPU
		{CBDC2774-72FE-4454-8547-01EF9A63FB08}.Release|Any CPU.Build.0 = Release|Any CPU
		{E2327757-4988-4710-8A67-06A7EEC12DFA}.Debug|Any CPU.ActiveCfg = Debug|Any CPU
		{E2327757-4988-4710-8A67-06A7EEC12DFA}.Debug|Any CPU.Build.0 = Debug|Any CPU
		{E2327757-4988-4710-8A67-06A7EEC12DFA}.Release|Any CPU.ActiveCfg = Release|Any CPU
		{E2327757-4988-4710-8A67-06A7EEC12DFA}.Release|Any CPU.Build.0 = Release|Any CPU
		{28AFEB19-6CDE-4AD9-9A83-BDCD98C3E386}.Debug|Any CPU.ActiveCfg = Debug|Any CPU
		{28AFEB19-6CDE-4AD9-9A83-BDCD98C3E386}.Debug|Any CPU.Build.0 = Debug|Any CPU
		{28AFEB19-6CDE-4AD9-9A83-BDCD98C3E386}.Release|Any CPU.ActiveCfg = Release|Any CPU
		{28AFEB19-6CDE-4AD9-9A83-BDCD98C3E386}.Release|Any CPU.Build.0 = Release|Any CPU
		{B281B9FE-8F1F-471C-B399-C1D07DF575E4}.Debug|Any CPU.ActiveCfg = Debug|Any CPU
		{B281B9FE-8F1F-471C-B399-C1D07DF575E4}.Debug|Any CPU.Build.0 = Debug|Any CPU
		{B281B9FE-8F1F-471C-B399-C1D07DF575E4}.Release|Any CPU.ActiveCfg = Release|Any CPU
		{B281B9FE-8F1F-471C-B399-C1D07DF575E4}.Release|Any CPU.Build.0 = Release|Any CPU
		{927AD997-604B-4553-B768-8BFC595E9D62}.Debug|Any CPU.ActiveCfg = Debug|Any CPU
		{927AD997-604B-4553-B768-8BFC595E9D62}.Debug|Any CPU.Build.0 = Debug|Any CPU
		{927AD997-604B-4553-B768-8BFC595E9D62}.Release|Any CPU.ActiveCfg = Release|Any CPU
		{927AD997-604B-4553-B768-8BFC595E9D62}.Release|Any CPU.Build.0 = Release|Any CPU
		{76AF3503-CB33-4DFA-BE4F-F2EBB51EEA07}.Debug|Any CPU.ActiveCfg = Debug|Any CPU
		{76AF3503-CB33-4DFA-BE4F-F2EBB51EEA07}.Debug|Any CPU.Build.0 = Debug|Any CPU
		{76AF3503-CB33-4DFA-BE4F-F2EBB51EEA07}.Release|Any CPU.ActiveCfg = Release|Any CPU
		{76AF3503-CB33-4DFA-BE4F-F2EBB51EEA07}.Release|Any CPU.Build.0 = Release|Any CPU
		{F2DEFDB5-29FD-44B9-A22C-A7D857BA60A0}.Debug|Any CPU.ActiveCfg = Debug|Any CPU
		{F2DEFDB5-29FD-44B9-A22C-A7D857BA60A0}.Debug|Any CPU.Build.0 = Debug|Any CPU
		{F2DEFDB5-29FD-44B9-A22C-A7D857BA60A0}.Release|Any CPU.ActiveCfg = Release|Any CPU
		{F2DEFDB5-29FD-44B9-A22C-A7D857BA60A0}.Release|Any CPU.Build.0 = Release|Any CPU
		{004C3502-A1E2-4CCC-AB8E-E823FCE3E916}.Debug|Any CPU.ActiveCfg = Debug|Any CPU
		{004C3502-A1E2-4CCC-AB8E-E823FCE3E916}.Debug|Any CPU.Build.0 = Debug|Any CPU
		{004C3502-A1E2-4CCC-AB8E-E823FCE3E916}.Release|Any CPU.ActiveCfg = Release|Any CPU
		{004C3502-A1E2-4CCC-AB8E-E823FCE3E916}.Release|Any CPU.Build.0 = Release|Any CPU
		{1E26260F-8D99-4F9D-B20F-4B4B12A315E1}.Debug|Any CPU.ActiveCfg = Debug|Any CPU
		{1E26260F-8D99-4F9D-B20F-4B4B12A315E1}.Debug|Any CPU.Build.0 = Debug|Any CPU
		{1E26260F-8D99-4F9D-B20F-4B4B12A315E1}.Release|Any CPU.ActiveCfg = Release|Any CPU
		{1E26260F-8D99-4F9D-B20F-4B4B12A315E1}.Release|Any CPU.Build.0 = Release|Any CPU
		{A675EBDA-0021-406A-A0AA-5B27AF2902E0}.Debug|Any CPU.ActiveCfg = Debug|Any CPU
		{A675EBDA-0021-406A-A0AA-5B27AF2902E0}.Debug|Any CPU.Build.0 = Debug|Any CPU
		{A675EBDA-0021-406A-A0AA-5B27AF2902E0}.Release|Any CPU.ActiveCfg = Release|Any CPU
		{A675EBDA-0021-406A-A0AA-5B27AF2902E0}.Release|Any CPU.Build.0 = Release|Any CPU
		{7927F5D8-D950-45E5-B832-894A325445DC}.Debug|Any CPU.ActiveCfg = Debug|Any CPU
		{7927F5D8-D950-45E5-B832-894A325445DC}.Debug|Any CPU.Build.0 = Debug|Any CPU
		{7927F5D8-D950-45E5-B832-894A325445DC}.Release|Any CPU.ActiveCfg = Release|Any CPU
		{7927F5D8-D950-45E5-B832-894A325445DC}.Release|Any CPU.Build.0 = Release|Any CPU
		{749899E3-86F3-48FD-AF09-BBFDA8E0EA36}.Debug|Any CPU.ActiveCfg = Debug|Any CPU
		{749899E3-86F3-48FD-AF09-BBFDA8E0EA36}.Debug|Any CPU.Build.0 = Debug|Any CPU
		{749899E3-86F3-48FD-AF09-BBFDA8E0EA36}.Release|Any CPU.ActiveCfg = Release|Any CPU
		{749899E3-86F3-48FD-AF09-BBFDA8E0EA36}.Release|Any CPU.Build.0 = Release|Any CPU
		{74500EF4-93FE-4B84-A538-BA94CEE73E92}.Debug|Any CPU.ActiveCfg = Debug|Any CPU
		{74500EF4-93FE-4B84-A538-BA94CEE73E92}.Debug|Any CPU.Build.0 = Debug|Any CPU
		{74500EF4-93FE-4B84-A538-BA94CEE73E92}.Release|Any CPU.ActiveCfg = Release|Any CPU
		{74500EF4-93FE-4B84-A538-BA94CEE73E92}.Release|Any CPU.Build.0 = Release|Any CPU
		{8420F159-401F-48F9-A206-CA5D5B0B4CDE}.Debug|Any CPU.ActiveCfg = Debug|Any CPU
		{8420F159-401F-48F9-A206-CA5D5B0B4CDE}.Debug|Any CPU.Build.0 = Debug|Any CPU
		{8420F159-401F-48F9-A206-CA5D5B0B4CDE}.Release|Any CPU.ActiveCfg = Release|Any CPU
		{8420F159-401F-48F9-A206-CA5D5B0B4CDE}.Release|Any CPU.Build.0 = Release|Any CPU
		{7E7E8768-198D-400A-B8C4-7E86BB38BE4E}.Debug|Any CPU.ActiveCfg = Debug|Any CPU
		{7E7E8768-198D-400A-B8C4-7E86BB38BE4E}.Debug|Any CPU.Build.0 = Debug|Any CPU
		{7E7E8768-198D-400A-B8C4-7E86BB38BE4E}.Release|Any CPU.ActiveCfg = Release|Any CPU
		{7E7E8768-198D-400A-B8C4-7E86BB38BE4E}.Release|Any CPU.Build.0 = Release|Any CPU
		{86C48FB7-09D7-47F5-A6C0-FB7C22A362B2}.Debug|Any CPU.ActiveCfg = Debug|Any CPU
		{86C48FB7-09D7-47F5-A6C0-FB7C22A362B2}.Debug|Any CPU.Build.0 = Debug|Any CPU
		{86C48FB7-09D7-47F5-A6C0-FB7C22A362B2}.Release|Any CPU.ActiveCfg = Release|Any CPU
		{86C48FB7-09D7-47F5-A6C0-FB7C22A362B2}.Release|Any CPU.Build.0 = Release|Any CPU
		{3458DCC4-55CB-424A-A5BF-9DB11F24D41F}.Debug|Any CPU.ActiveCfg = Debug|Any CPU
		{3458DCC4-55CB-424A-A5BF-9DB11F24D41F}.Debug|Any CPU.Build.0 = Debug|Any CPU
		{3458DCC4-55CB-424A-A5BF-9DB11F24D41F}.Release|Any CPU.ActiveCfg = Release|Any CPU
		{3458DCC4-55CB-424A-A5BF-9DB11F24D41F}.Release|Any CPU.Build.0 = Release|Any CPU
		{A0869700-2CA0-40F1-8AEA-5ADEA1204294}.Debug|Any CPU.ActiveCfg = Debug|Any CPU
		{A0869700-2CA0-40F1-8AEA-5ADEA1204294}.Debug|Any CPU.Build.0 = Debug|Any CPU
		{A0869700-2CA0-40F1-8AEA-5ADEA1204294}.Release|Any CPU.ActiveCfg = Release|Any CPU
		{A0869700-2CA0-40F1-8AEA-5ADEA1204294}.Release|Any CPU.Build.0 = Release|Any CPU
		{911B7C56-1908-42B5-BCE8-860DE650AE31}.Debug|Any CPU.ActiveCfg = Debug|Any CPU
		{911B7C56-1908-42B5-BCE8-860DE650AE31}.Debug|Any CPU.Build.0 = Debug|Any CPU
		{911B7C56-1908-42B5-BCE8-860DE650AE31}.Release|Any CPU.ActiveCfg = Release|Any CPU
		{911B7C56-1908-42B5-BCE8-860DE650AE31}.Release|Any CPU.Build.0 = Release|Any CPU
		{CAE0492C-11A3-424C-8613-7DAB83E4FB60}.Debug|Any CPU.ActiveCfg = Debug|Any CPU
		{CAE0492C-11A3-424C-8613-7DAB83E4FB60}.Debug|Any CPU.Build.0 = Debug|Any CPU
		{CAE0492C-11A3-424C-8613-7DAB83E4FB60}.Release|Any CPU.ActiveCfg = Release|Any CPU
		{CAE0492C-11A3-424C-8613-7DAB83E4FB60}.Release|Any CPU.Build.0 = Release|Any CPU
		{4D055853-DE80-4145-BB2F-33EB6B379F5E}.Debug|Any CPU.ActiveCfg = Debug|Any CPU
		{4D055853-DE80-4145-BB2F-33EB6B379F5E}.Debug|Any CPU.Build.0 = Debug|Any CPU
		{4D055853-DE80-4145-BB2F-33EB6B379F5E}.Release|Any CPU.ActiveCfg = Release|Any CPU
		{4D055853-DE80-4145-BB2F-33EB6B379F5E}.Release|Any CPU.Build.0 = Release|Any CPU
		{E4783690-052A-4AB0-837E-BDBC77CC7EEC}.Debug|Any CPU.ActiveCfg = Debug|Any CPU
		{E4783690-052A-4AB0-837E-BDBC77CC7EEC}.Debug|Any CPU.Build.0 = Debug|Any CPU
		{E4783690-052A-4AB0-837E-BDBC77CC7EEC}.Release|Any CPU.ActiveCfg = Release|Any CPU
		{E4783690-052A-4AB0-837E-BDBC77CC7EEC}.Release|Any CPU.Build.0 = Release|Any CPU
		{1859E205-88DC-4E08-A0BD-55A045DCC495}.Debug|Any CPU.ActiveCfg = Debug|Any CPU
		{1859E205-88DC-4E08-A0BD-55A045DCC495}.Debug|Any CPU.Build.0 = Debug|Any CPU
		{1859E205-88DC-4E08-A0BD-55A045DCC495}.Release|Any CPU.ActiveCfg = Release|Any CPU
		{1859E205-88DC-4E08-A0BD-55A045DCC495}.Release|Any CPU.Build.0 = Release|Any CPU
		{6ECF678D-6F3A-4084-8538-A86C1D67C703}.Debug|Any CPU.ActiveCfg = Debug|Any CPU
		{6ECF678D-6F3A-4084-8538-A86C1D67C703}.Debug|Any CPU.Build.0 = Debug|Any CPU
		{6ECF678D-6F3A-4084-8538-A86C1D67C703}.Release|Any CPU.ActiveCfg = Release|Any CPU
		{6ECF678D-6F3A-4084-8538-A86C1D67C703}.Release|Any CPU.Build.0 = Release|Any CPU
		{9FB5E943-7F6F-4281-9C00-E76284B4F1F3}.Debug|Any CPU.ActiveCfg = Debug|Any CPU
		{9FB5E943-7F6F-4281-9C00-E76284B4F1F3}.Debug|Any CPU.Build.0 = Debug|Any CPU
		{9FB5E943-7F6F-4281-9C00-E76284B4F1F3}.Release|Any CPU.ActiveCfg = Release|Any CPU
		{9FB5E943-7F6F-4281-9C00-E76284B4F1F3}.Release|Any CPU.Build.0 = Release|Any CPU
		{D56851BB-557E-4CF9-B724-8E607EEE9D07}.Debug|Any CPU.ActiveCfg = Debug|Any CPU
		{D56851BB-557E-4CF9-B724-8E607EEE9D07}.Debug|Any CPU.Build.0 = Debug|Any CPU
		{D56851BB-557E-4CF9-B724-8E607EEE9D07}.Release|Any CPU.ActiveCfg = Release|Any CPU
		{D56851BB-557E-4CF9-B724-8E607EEE9D07}.Release|Any CPU.Build.0 = Release|Any CPU
		{22BB3760-8DA1-4714-ADB7-1585A4EB8496}.Debug|Any CPU.ActiveCfg = Debug|Any CPU
		{22BB3760-8DA1-4714-ADB7-1585A4EB8496}.Debug|Any CPU.Build.0 = Debug|Any CPU
		{22BB3760-8DA1-4714-ADB7-1585A4EB8496}.Release|Any CPU.ActiveCfg = Release|Any CPU
		{22BB3760-8DA1-4714-ADB7-1585A4EB8496}.Release|Any CPU.Build.0 = Release|Any CPU
	EndGlobalSection
	GlobalSection(SolutionProperties) = preSolution
		HideSolutionNode = FALSE
	EndGlobalSection
	GlobalSection(NestedProjects) = preSolution
		{D5ED348D-D6F0-4093-BD7D-20E05AA1EB7B} = {6CB521FC-AC40-49A6-B9A5-91399CAA59AB}
		{17EA5194-BBE8-4CE1-B6F9-DF6829622F38} = {F1CCBEC7-ACAB-4DC5-909E-D8CC2E1B7EEC}
		{88AA0D46-597E-4969-8382-A3F8054B9409} = {F1CCBEC7-ACAB-4DC5-909E-D8CC2E1B7EEC}
		{CAC0D3A2-8BFA-4A84-A7FA-550A3BB16288} = {F1CCBEC7-ACAB-4DC5-909E-D8CC2E1B7EEC}
		{81CB5141-4FC5-413A-A516-CD65F40465C0} = {F1CCBEC7-ACAB-4DC5-909E-D8CC2E1B7EEC}
		{F5023AD3-D9C5-40C9-B76A-58D95E441997} = {F1CCBEC7-ACAB-4DC5-909E-D8CC2E1B7EEC}
		{4FD7B21B-3689-4D4A-BDD2-A07E2DC2E80C} = {F1CCBEC7-ACAB-4DC5-909E-D8CC2E1B7EEC}
		{FF3A193B-6131-4B4D-9729-1BF8A125C0AB} = {F1CCBEC7-ACAB-4DC5-909E-D8CC2E1B7EEC}
		{18A20311-84D8-49C4-B7BA-1187FF25E9BC} = {54C52918-0B8B-4036-B673-23BE74AFFA95}
		{2C3FABD7-808B-47B5-A194-849A1738E9A2} = {927A4A04-56EF-4A0F-B17C-E80ABA78C554}
		{8BE6BA3E-048E-4FC7-81DD-7FCD29AE2126} = {7AF97C49-F445-4D77-9DBF-1A211933A471}
		{9E213E6F-77CB-4068-93EB-465C47FDA8FA} = {F1CCBEC7-ACAB-4DC5-909E-D8CC2E1B7EEC}
		{EEE9DF30-1901-4070-8E03-A8D8A0E10E34} = {F1CCBEC7-ACAB-4DC5-909E-D8CC2E1B7EEC}
		{CE1B9AD0-7CDA-4459-86A3-A3162C1095D9} = {927A4A04-56EF-4A0F-B17C-E80ABA78C554}
		{2CA34976-4A80-485C-8572-6004829BB727} = {F1CCBEC7-ACAB-4DC5-909E-D8CC2E1B7EEC}
		{44E4EBFA-6F25-4FD7-A4B3-536C3A42677C} = {7C1D7F97-1D2C-47F3-B3E7-8275D57267C4}
		{6489B162-2B28-42B9-9AD4-EB5CCBB8AE85} = {7C1D7F97-1D2C-47F3-B3E7-8275D57267C4}
		{B6246B7A-4095-433A-B981-5D1E43CDF712} = {7C1D7F97-1D2C-47F3-B3E7-8275D57267C4}
		{4B20572A-10E7-4414-943A-974F275677B4} = {F1CCBEC7-ACAB-4DC5-909E-D8CC2E1B7EEC}
		{9F96F261-93F7-47C0-8F07-72CE39CE20A3} = {035B86BF-DD63-4A78-B8CE-29994860C948}
		{8395DA41-AF40-4B0D-B36D-FA8A56E75AED} = {035B86BF-DD63-4A78-B8CE-29994860C948}
		{B3C2AFCC-EE59-4CB4-AB62-B90D60335632} = {035B86BF-DD63-4A78-B8CE-29994860C948}
		{A03A98B6-19E9-4CCA-9801-AEFCBAAF5B72} = {6DA78E72-BA55-4ECF-97DB-6258174D3E2A}
		{00AB0A7E-578E-469C-B049-BCAA0233A9DD} = {6DA78E72-BA55-4ECF-97DB-6258174D3E2A}
		{90B326F6-99DF-4EEC-A480-26C27EE22237} = {6DA78E72-BA55-4ECF-97DB-6258174D3E2A}
		{96EBCB1F-DB7B-40BA-B59E-82FC1AE13EA0} = {927A4A04-56EF-4A0F-B17C-E80ABA78C554}
		{6399C2FB-B063-4BB3-B605-88CE5303198B} = {927A4A04-56EF-4A0F-B17C-E80ABA78C554}
		{D2F6105D-D667-46DB-8CDA-89B4D3F69067} = {F1CCBEC7-ACAB-4DC5-909E-D8CC2E1B7EEC}
		{CE550720-FA77-4FF3-B5F0-A2B7A1781E61} = {7B82C484-4DDF-45F2-B5FC-DFA9FFC3258B}
		{ECA9D3FA-248F-4D0E-A612-FE1CC72241D5} = {6DA78E72-BA55-4ECF-97DB-6258174D3E2A}
		{C2F7971A-CFCE-4BE0-9A3A-805972A5F00B} = {7B82C484-4DDF-45F2-B5FC-DFA9FFC3258B}
		{0DA0B251-66A6-441C-91B3-DFF953C53C4A} = {7B82C484-4DDF-45F2-B5FC-DFA9FFC3258B}
		{E71FE3BB-1793-460F-9802-77FB9BBC1356} = {7B82C484-4DDF-45F2-B5FC-DFA9FFC3258B}
		{927A4A04-56EF-4A0F-B17C-E80ABA78C554} = {54C52918-0B8B-4036-B673-23BE74AFFA95}
		{7AF97C49-F445-4D77-9DBF-1A211933A471} = {54C52918-0B8B-4036-B673-23BE74AFFA95}
		{9A5CDAEF-3767-4924-810E-C2018EFB5124} = {6DA78E72-BA55-4ECF-97DB-6258174D3E2A}
		{EE20EC4E-9C09-485A-8FBF-AF7FE253714D} = {6DA78E72-BA55-4ECF-97DB-6258174D3E2A}
		{B08298CE-D261-4990-8458-17341992AD01} = {6DA78E72-BA55-4ECF-97DB-6258174D3E2A}
		{9D0D219B-AC06-4371-9BA1-630BC00FE0F0} = {6DA78E72-BA55-4ECF-97DB-6258174D3E2A}
		{ADFC9BA9-405D-4900-B5A3-D7A6F6EED38B} = {6DA78E72-BA55-4ECF-97DB-6258174D3E2A}
		{0B7492A2-7B11-4BC1-A55D-5756B74F0055} = {6DA78E72-BA55-4ECF-97DB-6258174D3E2A}
		{92808D98-A096-4C4D-A038-A1D359812E32} = {6DA78E72-BA55-4ECF-97DB-6258174D3E2A}
		{D2019F8C-BD18-4DB5-9C38-1AF511D511FC} = {6DA78E72-BA55-4ECF-97DB-6258174D3E2A}
		{57ED879F-2A6F-4618-AD0C-5896CAFA3902} = {6DA78E72-BA55-4ECF-97DB-6258174D3E2A}
		{9A21CDDA-E03F-432B-A539-D553B69E1B5E} = {6DA78E72-BA55-4ECF-97DB-6258174D3E2A}
		{A3CC8323-B8C0-402E-B0CF-F67029E5E9E9} = {6DA78E72-BA55-4ECF-97DB-6258174D3E2A}
		{0DC9EE7D-7A8E-4CC7-AE0B-CBA74B5C3F72} = {6DA78E72-BA55-4ECF-97DB-6258174D3E2A}
		{CBDC2774-72FE-4454-8547-01EF9A63FB08} = {6DA78E72-BA55-4ECF-97DB-6258174D3E2A}
		{E2327757-4988-4710-8A67-06A7EEC12DFA} = {26C224A8-EA29-4FB9-BA1D-9FFA1D8608E7}
		{28AFEB19-6CDE-4AD9-9A83-BDCD98C3E386} = {26C224A8-EA29-4FB9-BA1D-9FFA1D8608E7}
		{B281B9FE-8F1F-471C-B399-C1D07DF575E4} = {26C224A8-EA29-4FB9-BA1D-9FFA1D8608E7}
		{927AD997-604B-4553-B768-8BFC595E9D62} = {7844FF58-7DBF-46E1-88B7-9764382A4EE9}
		{76AF3503-CB33-4DFA-BE4F-F2EBB51EEA07} = {7844FF58-7DBF-46E1-88B7-9764382A4EE9}
		{F2DEFDB5-29FD-44B9-A22C-A7D857BA60A0} = {7844FF58-7DBF-46E1-88B7-9764382A4EE9}
		{004C3502-A1E2-4CCC-AB8E-E823FCE3E916} = {7844FF58-7DBF-46E1-88B7-9764382A4EE9}
		{1E26260F-8D99-4F9D-B20F-4B4B12A315E1} = {7844FF58-7DBF-46E1-88B7-9764382A4EE9}
		{A675EBDA-0021-406A-A0AA-5B27AF2902E0} = {7844FF58-7DBF-46E1-88B7-9764382A4EE9}
		{7927F5D8-D950-45E5-B832-894A325445DC} = {7844FF58-7DBF-46E1-88B7-9764382A4EE9}
		{749899E3-86F3-48FD-AF09-BBFDA8E0EA36} = {7844FF58-7DBF-46E1-88B7-9764382A4EE9}
		{74500EF4-93FE-4B84-A538-BA94CEE73E92} = {7844FF58-7DBF-46E1-88B7-9764382A4EE9}
		{8420F159-401F-48F9-A206-CA5D5B0B4CDE} = {459DEA84-19F7-49A2-BD23-F5B871DFF92D}
		{7E7E8768-198D-400A-B8C4-7E86BB38BE4E} = {459DEA84-19F7-49A2-BD23-F5B871DFF92D}
		{86C48FB7-09D7-47F5-A6C0-FB7C22A362B2} = {459DEA84-19F7-49A2-BD23-F5B871DFF92D}
		{3458DCC4-55CB-424A-A5BF-9DB11F24D41F} = {6DA78E72-BA55-4ECF-97DB-6258174D3E2A}
		{A0869700-2CA0-40F1-8AEA-5ADEA1204294} = {AD002164-CFB4-4583-BF13-62C815009ADE}
		{911B7C56-1908-42B5-BCE8-860DE650AE31} = {AD002164-CFB4-4583-BF13-62C815009ADE}
		{CAE0492C-11A3-424C-8613-7DAB83E4FB60} = {AD002164-CFB4-4583-BF13-62C815009ADE}
		{4D055853-DE80-4145-BB2F-33EB6B379F5E} = {6DA78E72-BA55-4ECF-97DB-6258174D3E2A}
		{E4783690-052A-4AB0-837E-BDBC77CC7EEC} = {6DA78E72-BA55-4ECF-97DB-6258174D3E2A}
		{1859E205-88DC-4E08-A0BD-55A045DCC495} = {6DA78E72-BA55-4ECF-97DB-6258174D3E2A}
		{6ECF678D-6F3A-4084-8538-A86C1D67C703} = {9C73D4E6-4408-4717-B51C-63C20321D4DA}
		{9FB5E943-7F6F-4281-9C00-E76284B4F1F3} = {9C73D4E6-4408-4717-B51C-63C20321D4DA}
		{D56851BB-557E-4CF9-B724-8E607EEE9D07} = {F1CCBEC7-ACAB-4DC5-909E-D8CC2E1B7EEC}
		{22BB3760-8DA1-4714-ADB7-1585A4EB8496} = {F1CCBEC7-ACAB-4DC5-909E-D8CC2E1B7EEC}
	EndGlobalSection
	GlobalSection(ExtensibilityGlobals) = postSolution
		SolutionGuid = {6BB7A5DE-DA12-44DC-BC9B-0F6CA524346F}
	EndGlobalSection
EndGlobal
