
Microsoft Visual Studio Solution File, Format Version 12.00
# Visual Studio Version 17
VisualStudioVersion = 17.0.31903.59
MinimumVisualStudioVersion = 10.0.40219.1
Project("{2150E333-8FDC-42A3-9474-1A3956D46DE8}") = "host", "host", "{8DA8A2EE-0B26-487E-A6C4-518906E92B1B}"
EndProject
Project("{2150E333-8FDC-42A3-9474-1A3956D46DE8}") = "src", "src", "{C38EB7EF-BAE9-4129-862A-71C652B81775}"
EndProject
Project("{2150E333-8FDC-42A3-9474-1A3956D46DE8}") = "tests", "tests", "{77341F31-F54C-436A-AF8D-F78D91303C45}"
EndProject
Project("{9A19103F-16F7-4668-BE54-9A1E7A4F7556}") = "LINGYUN.Abp.TaskManagement.Domain.Shared", "modules\task-management\LINGYUN.Abp.TaskManagement.Domain.Shared\LINGYUN.Abp.TaskManagement.Domain.Shared.csproj", "{691CD138-9FFA-4988-BAC4-A32F0DAE1090}"
EndProject
Project("{9A19103F-16F7-4668-BE54-9A1E7A4F7556}") = "LINGYUN.Abp.TaskManagement.Domain", "modules\task-management\LINGYUN.Abp.TaskManagement.Domain\LINGYUN.Abp.TaskManagement.Domain.csproj", "{8873A651-4F83-43B3-A34E-7AAA8A3ED4CF}"
EndProject
Project("{9A19103F-16F7-4668-BE54-9A1E7A4F7556}") = "LINGYUN.Abp.TaskManagement.Application.Contracts", "modules\task-management\LINGYUN.Abp.TaskManagement.Application.Contracts\LINGYUN.Abp.TaskManagement.Application.Contracts.csproj", "{D5EC4CA0-7E16-4D17-B08E-E162EF332C77}"
EndProject
Project("{9A19103F-16F7-4668-BE54-9A1E7A4F7556}") = "LINGYUN.Abp.TaskManagement.Application", "modules\task-management\LINGYUN.Abp.TaskManagement.Application\LINGYUN.Abp.TaskManagement.Application.csproj", "{09039DDF-5B0E-4670-8055-CC0BE82D4D2C}"
EndProject
Project("{9A19103F-16F7-4668-BE54-9A1E7A4F7556}") = "LINGYUN.Abp.TaskManagement.HttpApi", "modules\task-management\LINGYUN.Abp.TaskManagement.HttpApi\LINGYUN.Abp.TaskManagement.HttpApi.csproj", "{283B0039-F67C-41F7-B554-DF5EE9178C4A}"
EndProject
Project("{9A19103F-16F7-4668-BE54-9A1E7A4F7556}") = "LINGYUN.Abp.TaskManagement.EntityFrameworkCore", "modules\task-management\LINGYUN.Abp.TaskManagement.EntityFrameworkCore\LINGYUN.Abp.TaskManagement.EntityFrameworkCore.csproj", "{B8AB5E9B-9711-470E-8072-7444579EC5F6}"
EndProject
Project("{2150E333-8FDC-42A3-9474-1A3956D46DE8}") = "Solution Items", "Solution Items", "{C99728F6-FB3C-4D26-8917-1D30725209B9}"
	ProjectSection(SolutionItems) = preProject
		.editorconfig = .editorconfig
		..\common.props = ..\common.props
		..\common.secrets.props = ..\common.secrets.props
		..\configureawait.props = ..\configureawait.props
		..\Directory.Build.props = ..\Directory.Build.props
		..\Directory.Packages.props = ..\Directory.Packages.props
		..\NuGet.Config = ..\NuGet.Config
	EndProjectSection
EndProject
Project("{2150E333-8FDC-42A3-9474-1A3956D46DE8}") = "provider", "provider", "{385578CC-C0F1-4377-A7A2-682B8F416234}"
EndProject
Project("{9A19103F-16F7-4668-BE54-9A1E7A4F7556}") = "LINGYUN.Abp.BackgroundTasks", "modules\task-management\LINGYUN.Abp.BackgroundTasks\LINGYUN.Abp.BackgroundTasks.csproj", "{AC0B4342-9C9B-41E6-9646-E505C763EE77}"
EndProject
Project("{9A19103F-16F7-4668-BE54-9A1E7A4F7556}") = "LINGYUN.Abp.BackgroundTasks.Quartz", "modules\task-management\LINGYUN.Abp.BackgroundTasks.Quartz\LINGYUN.Abp.BackgroundTasks.Quartz.csproj", "{7051C251-11D0-4971-B13E-F6929AE6DE89}"
EndProject
Project("{9A19103F-16F7-4668-BE54-9A1E7A4F7556}") = "LY.MicroService.TaskManagement.HttpApi.Host", "services\LY.MicroService.TaskManagement.HttpApi.Host\LY.MicroService.TaskManagement.HttpApi.Host.csproj", "{E8022994-A19F-4540-B9D1-7EF4AA85D18A}"
EndProject
Project("{9A19103F-16F7-4668-BE54-9A1E7A4F7556}") = "LINGYUN.Abp.BackgroundTasks.Abstractions", "modules\task-management\LINGYUN.Abp.BackgroundTasks.Abstractions\LINGYUN.Abp.BackgroundTasks.Abstractions.csproj", "{4A049C32-55F2-4A5F-954A-C8A977C2D87F}"
EndProject
Project("{9A19103F-16F7-4668-BE54-9A1E7A4F7556}") = "LINGYUN.Abp.BackgroundTasks.Jobs", "modules\task-management\LINGYUN.Abp.BackgroundTasks.Jobs\LINGYUN.Abp.BackgroundTasks.Jobs.csproj", "{4C59F590-AA6C-4C46-8060-DA65D8305980}"
EndProject
Project("{9A19103F-16F7-4668-BE54-9A1E7A4F7556}") = "LINGYUN.Abp.BackgroundTasks.ExceptionHandling", "modules\task-management\LINGYUN.Abp.BackgroundTasks.ExceptionHandling\LINGYUN.Abp.BackgroundTasks.ExceptionHandling.csproj", "{8507BBFA-FE56-4426-BBFA-C92906CB8407}"
EndProject
Project("{9A19103F-16F7-4668-BE54-9A1E7A4F7556}") = "LINGYUN.Abp.TaskManagement.HttpApi.Client", "modules\task-management\LINGYUN.Abp.TaskManagement.HttpApi.Client\LINGYUN.Abp.TaskManagement.HttpApi.Client.csproj", "{56C759D1-6FE6-4111-A2DB-CD65DCE82061}"
EndProject
Project("{9A19103F-16F7-4668-BE54-9A1E7A4F7556}") = "LINGYUN.Abp.BackgroundTasks.TaskManagement", "modules\task-management\LINGYUN.Abp.BackgroundTasks.TaskManagement\LINGYUN.Abp.BackgroundTasks.TaskManagement.csproj", "{7937785C-0D28-46B3-A7E7-0B592821A1F2}"
EndProject
Project("{9A19103F-16F7-4668-BE54-9A1E7A4F7556}") = "LINGYUN.Abp.BackgroundTasks.EventBus", "modules\task-management\LINGYUN.Abp.BackgroundTasks.EventBus\LINGYUN.Abp.BackgroundTasks.EventBus.csproj", "{D17DEF79-635B-478D-89D7-32EAE616869A}"
EndProject
Project("{9A19103F-16F7-4668-BE54-9A1E7A4F7556}") = "LINGYUN.Abp.BackgroundTasks.DistributedLocking", "modules\task-management\LINGYUN.Abp.BackgroundTasks.DistributedLocking\LINGYUN.Abp.BackgroundTasks.DistributedLocking.csproj", "{A817B7B7-A225-404A-A301-B42D400DE4B7}"
EndProject
Project("{9A19103F-16F7-4668-BE54-9A1E7A4F7556}") = "LINGYUN.Abp.BackgroundTasks.Activities", "modules\task-management\LINGYUN.Abp.BackgroundTasks.Activities\LINGYUN.Abp.BackgroundTasks.Activities.csproj", "{3D0A1901-36FB-4DA2-9F8D-05308598E98C}"
EndProject
Project("{2150E333-8FDC-42A3-9474-1A3956D46DE8}") = "extend-jobs", "extend-jobs", "{A9536BD2-2573-44CA-B033-DC16B7E345E5}"
EndProject
Project("{9A19103F-16F7-4668-BE54-9A1E7A4F7556}") = "LINGYUN.Abp.Notifications.Jobs", "modules\task-management\LINGYUN.Abp.Notifications.Jobs\LINGYUN.Abp.Notifications.Jobs.csproj", "{17D7ED0F-E789-4637-9B06-57DF693C6E1E}"
EndProject
Project("{9A19103F-16F7-4668-BE54-9A1E7A4F7556}") = "LINGYUN.Abp.BackgroundTasks.Notifications", "modules\task-management\LINGYUN.Abp.BackgroundTasks.Notifications\LINGYUN.Abp.BackgroundTasks.Notifications.csproj", "{1978B64C-B2F5-4F68-9E5C-B45F948E7155}"
EndProject
Project("{2150E333-8FDC-42A3-9474-1A3956D46DE8}") = "realtime", "realtime", "{18918B94-BB48-48F3-874D-B91B0252440A}"
EndProject
Project("{9A19103F-16F7-4668-BE54-9A1E7A4F7556}") = "LINGYUN.Abp.RealTime", "framework\common\LINGYUN.Abp.RealTime\LINGYUN.Abp.RealTime.csproj", "{23620224-93A1-4A88-93B7-23D37929FCF7}"
EndProject
Project("{9A19103F-16F7-4668-BE54-9A1E7A4F7556}") = "LINGYUN.Abp.Notifications", "modules\realtime-notifications\LINGYUN.Abp.Notifications\LINGYUN.Abp.Notifications.csproj", "{09F7171C-6DA1-4466-AB4A-DC92E93368EC}"
EndProject
Project("{2150E333-8FDC-42A3-9474-1A3956D46DE8}") = "dapr", "dapr", "{FA5E30C9-05E3-4E35-AEDD-7DC5534E3A01}"
EndProject
Project("{9A19103F-16F7-4668-BE54-9A1E7A4F7556}") = "LINGYUN.Abp.Dapr", "framework\dapr\LINGYUN.Abp.Dapr\LINGYUN.Abp.Dapr.csproj", "{2FA23894-E598-4896-A336-3E7C682699D9}"
EndProject
Project("{9A19103F-16F7-4668-BE54-9A1E7A4F7556}") = "LINGYUN.Abp.Dapr.Client", "framework\dapr\LINGYUN.Abp.Dapr.Client\LINGYUN.Abp.Dapr.Client.csproj", "{194DAB61-BC3C-4003-BFF0-C87763E7B8B0}"
EndProject
Project("{9A19103F-16F7-4668-BE54-9A1E7A4F7556}") = "LINGYUN.Abp.Notifications.Core", "modules\realtime-notifications\LINGYUN.Abp.Notifications.Core\LINGYUN.Abp.Notifications.Core.csproj", "{DD51A1AE-830F-4909-A729-7EBC398B17AD}"
EndProject
Project("{2150E333-8FDC-42A3-9474-1A3956D46DE8}") = "exten-plugin", "exten-plugin", "{B38D2141-AC0F-4F4A-9315-4292E3856C15}"
EndProject
Project("{9A19103F-16F7-4668-BE54-9A1E7A4F7556}") = "LINGYUN.Linq.Dynamic.Queryable", "framework\dynamic-queryable\LINGYUN.Linq.Dynamic.Queryable\LINGYUN.Linq.Dynamic.Queryable.csproj", "{3EE8383C-6F25-4BCD-8852-B23D1C864324}"
EndProject
Project("{9A19103F-16F7-4668-BE54-9A1E7A4F7556}") = "LINGYUN.Abp.Dynamic.Queryable.Application.Contracts", "framework\dynamic-queryable\LINGYUN.Abp.Dynamic.Queryable.Application.Contracts\LINGYUN.Abp.Dynamic.Queryable.Application.Contracts.csproj", "{B54F200C-D648-477B-BE39-B40A1D956F13}"
EndProject
Project("{9A19103F-16F7-4668-BE54-9A1E7A4F7556}") = "LINGYUN.Abp.Dynamic.Queryable.Application", "framework\dynamic-queryable\LINGYUN.Abp.Dynamic.Queryable.Application\LINGYUN.Abp.Dynamic.Queryable.Application.csproj", "{FEC5FD25-9B26-4245-88D8-7621B26C7C3A}"
EndProject
Project("{9A19103F-16F7-4668-BE54-9A1E7A4F7556}") = "LINGYUN.Abp.Dynamic.Queryable.HttpApi", "framework\dynamic-queryable\LINGYUN.Abp.Dynamic.Queryable.HttpApi\LINGYUN.Abp.Dynamic.Queryable.HttpApi.csproj", "{DF963ABB-E713-49E9-A03C-DEB431E369DF}"
EndProject
Project("{2150E333-8FDC-42A3-9474-1A3956D46DE8}") = "migrations", "migrations", "{820A8FA4-17C4-44DF-8C31-9F211D00F790}"
EndProject
Project("{9A19103F-16F7-4668-BE54-9A1E7A4F7556}") = "LY.MicroService.TaskManagement.DbMigrator", "migrations\LY.MicroService.TaskManagement.DbMigrator\LY.MicroService.TaskManagement.DbMigrator.csproj", "{52FD8F39-0AB6-4C51-A584-187C219AC8B5}"
EndProject
Project("{9A19103F-16F7-4668-BE54-9A1E7A4F7556}") = "LY.MicroService.TaskManagement.EntityFrameworkCore", "migrations\LY.MicroService.TaskManagement.EntityFrameworkCore\LY.MicroService.TaskManagement.EntityFrameworkCore.csproj", "{58F51875-6D2C-4A65-9DD3-8BC004B39B72}"
EndProject
Project("{2150E333-8FDC-42A3-9474-1A3956D46DE8}") = "elasticsearch", "elasticsearch", "{DC7ACD8B-044B-435D-94C5-06C75A8BD026}"
EndProject
Project("{9A19103F-16F7-4668-BE54-9A1E7A4F7556}") = "LINGYUN.Abp.Elasticsearch", "framework\elasticsearch\LINGYUN.Abp.Elasticsearch\LINGYUN.Abp.Elasticsearch.csproj", "{167CE485-72D3-4E95-80B1-00430CBB8888}"
EndProject
Project("{9A19103F-16F7-4668-BE54-9A1E7A4F7556}") = "LINGYUN.Abp.Elasticsearch.Jobs", "modules\task-management\LINGYUN.Abp.Elasticsearch.Jobs\LINGYUN.Abp.Elasticsearch.Jobs.csproj", "{798FEFB4-B65F-4B6C-A36D-611DD71A48AB}"
EndProject
Project("{2150E333-8FDC-42A3-9474-1A3956D46DE8}") = "common", "common", "{5A41C31A-B966-418B-B446-5BA1D7E61A62}"
EndProject
Project("{9A19103F-16F7-4668-BE54-9A1E7A4F7556}") = "LINGYUN.Abp.Data.DbMigrator", "framework\common\LINGYUN.Abp.Data.DbMigrator\LINGYUN.Abp.Data.DbMigrator.csproj", "{6A82AEB7-A048-420A-ACFB-94DC52ADADDC}"
EndProject
Project("{9A19103F-16F7-4668-BE54-9A1E7A4F7556}") = "LINGYUN.Abp.AuditLogging", "framework\auditing\LINGYUN.Abp.AuditLogging\LINGYUN.Abp.AuditLogging.csproj", "{8EB3C845-BF73-446D-8C5D-FE855CFF2A90}"
EndProject
Project("{9A19103F-16F7-4668-BE54-9A1E7A4F7556}") = "LINGYUN.Abp.AuditLogging.Elasticsearch", "framework\auditing\LINGYUN.Abp.AuditLogging.Elasticsearch\LINGYUN.Abp.AuditLogging.Elasticsearch.csproj", "{8729BEEB-CABF-4B3B-8228-8AEE2E760796}"
EndProject
Project("{9A19103F-16F7-4668-BE54-9A1E7A4F7556}") = "LINGYUN.Abp.Authorization.OrganizationUnits", "framework\authorization\LINGYUN.Abp.Authorization.OrganizationUnits\LINGYUN.Abp.Authorization.OrganizationUnits.csproj", "{AC15003C-473B-4049-B268-DE02ECD58097}"
EndProject
Project("{9A19103F-16F7-4668-BE54-9A1E7A4F7556}") = "LINGYUN.Abp.EventBus.CAP", "framework\common\LINGYUN.Abp.EventBus.CAP\LINGYUN.Abp.EventBus.CAP.csproj", "{AC99FAF5-6321-447A-BB13-41CAAEA3E459}"
EndProject
Project("{9A19103F-16F7-4668-BE54-9A1E7A4F7556}") = "LINGYUN.Abp.ExceptionHandling", "framework\common\LINGYUN.Abp.ExceptionHandling\LINGYUN.Abp.ExceptionHandling.csproj", "{3FDE2E70-EA02-4296-BA1A-ADABA5054DD1}"
EndProject
Project("{9A19103F-16F7-4668-BE54-9A1E7A4F7556}") = "LINGYUN.Abp.ExceptionHandling.Emailing", "framework\common\LINGYUN.Abp.ExceptionHandling.Emailing\LINGYUN.Abp.ExceptionHandling.Emailing.csproj", "{F72E1F2E-0064-4159-9327-884D7CB83D48}"
EndProject
Project("{9A19103F-16F7-4668-BE54-9A1E7A4F7556}") = "LINGYUN.Abp.Wrapper", "framework\common\LINGYUN.Abp.Wrapper\LINGYUN.Abp.Wrapper.csproj", "{0979BDAB-B4D3-48DD-88EC-64AED972B8FC}"
EndProject
Project("{9A19103F-16F7-4668-BE54-9A1E7A4F7556}") = "LINGYUN.Abp.Http.Client.Wrapper", "framework\common\LINGYUN.Abp.Http.Client.Wrapper\LINGYUN.Abp.Http.Client.Wrapper.csproj", "{83FCF202-0625-46BB-96CD-4D9D684508FC}"
EndProject
Project("{9A19103F-16F7-4668-BE54-9A1E7A4F7556}") = "LINGYUN.Abp.AspNetCore.Mvc.Localization", "framework\localization\LINGYUN.Abp.AspNetCore.Mvc.Localization\LINGYUN.Abp.AspNetCore.Mvc.Localization.csproj", "{6BAABDAC-C172-419D-A75D-E7823C86E871}"
EndProject
Project("{9A19103F-16F7-4668-BE54-9A1E7A4F7556}") = "LINGYUN.Abp.Localization.CultureMap", "framework\localization\LINGYUN.Abp.Localization.CultureMap\LINGYUN.Abp.Localization.CultureMap.csproj", "{988BDB8E-FD0D-457B-8B45-CFFD70CCB203}"
EndProject
Project("{9A19103F-16F7-4668-BE54-9A1E7A4F7556}") = "LINGYUN.Abp.Serilog.Enrichers.Application", "framework\logging\LINGYUN.Abp.Serilog.Enrichers.Application\LINGYUN.Abp.Serilog.Enrichers.Application.csproj", "{CD88BE12-F08D-40AB-9D13-63D6DC5B9DAE}"
EndProject
Project("{9A19103F-16F7-4668-BE54-9A1E7A4F7556}") = "LINGYUN.Abp.Serilog.Enrichers.UniqueId", "framework\logging\LINGYUN.Abp.Serilog.Enrichers.UniqueId\LINGYUN.Abp.Serilog.Enrichers.UniqueId.csproj", "{97271BF5-D965-4EE1-A2DD-58ADD35B529D}"
EndProject
Project("{9A19103F-16F7-4668-BE54-9A1E7A4F7556}") = "LINGYUN.Abp.AspNetCore.Mvc.Wrapper", "framework\mvc\LINGYUN.Abp.AspNetCore.Mvc.Wrapper\LINGYUN.Abp.AspNetCore.Mvc.Wrapper.csproj", "{CA5D2340-00EF-4248-A288-A9244A1C6A61}"
EndProject
Project("{9A19103F-16F7-4668-BE54-9A1E7A4F7556}") = "LINGYUN.Abp.Localization.Persistence", "framework\localization\LINGYUN.Abp.Localization.Persistence\LINGYUN.Abp.Localization.Persistence.csproj", "{09B08612-D167-486E-9EFC-ABD12BD1A33E}"
EndProject
Project("{9A19103F-16F7-4668-BE54-9A1E7A4F7556}") = "LINGYUN.Abp.LocalizationManagement.Domain.Shared", "modules\localization-management\LINGYUN.Abp.LocalizationManagement.Domain.Shared\LINGYUN.Abp.LocalizationManagement.Domain.Shared.csproj", "{DC42B5FE-C5EA-49A7-A92A-3F19D82009E3}"
EndProject
Project("{9A19103F-16F7-4668-BE54-9A1E7A4F7556}") = "LINGYUN.Abp.LocalizationManagement.Domain", "modules\localization-management\LINGYUN.Abp.LocalizationManagement.Domain\LINGYUN.Abp.LocalizationManagement.Domain.csproj", "{469D4CA9-D6C8-4A47-8795-31D5AA81B4AD}"
EndProject
Project("{9A19103F-16F7-4668-BE54-9A1E7A4F7556}") = "LINGYUN.Abp.LocalizationManagement.EntityFrameworkCore", "modules\localization-management\LINGYUN.Abp.LocalizationManagement.EntityFrameworkCore\LINGYUN.Abp.LocalizationManagement.EntityFrameworkCore.csproj", "{6E030005-EEA7-480E-9E68-4FC74CFCAF42}"
EndProject
Project("{9A19103F-16F7-4668-BE54-9A1E7A4F7556}") = "LINGYUN.Abp.MultiTenancy.Editions", "framework\tenants\LINGYUN.Abp.MultiTenancy.Editions\LINGYUN.Abp.MultiTenancy.Editions.csproj", "{B3E81983-629A-4380-B4C2-50E247916F5E}"
EndProject
Project("{9A19103F-16F7-4668-BE54-9A1E7A4F7556}") = "LINGYUN.Abp.AspNetCore.HttpOverrides", "framework\common\LINGYUN.Abp.AspNetCore.HttpOverrides\LINGYUN.Abp.AspNetCore.HttpOverrides.csproj", "{088064DD-D141-4E9A-B185-E332920A323A}"
EndProject
Project("{9A19103F-16F7-4668-BE54-9A1E7A4F7556}") = "LINGYUN.Abp.Security", "framework\security\LINGYUN.Abp.Security\LINGYUN.Abp.Security.csproj", "{BEE1B759-5B65-481B-928B-8BC6A89A7C13}"
EndProject
Project("{2150E333-8FDC-42A3-9474-1A3956D46DE8}") = "oss-management", "oss-management", "{F36E71F7-B05F-4513-A923-81E2A7474EAE}"
EndProject
Project("{9A19103F-16F7-4668-BE54-9A1E7A4F7556}") = "LINGYUN.Abp.OssManagement.Domain.Shared", "modules\oss-management\LINGYUN.Abp.OssManagement.Domain.Shared\LINGYUN.Abp.OssManagement.Domain.Shared.csproj", "{94D1C512-09E4-4A68-8989-6DB49FEABA67}"
EndProject
Project("{9A19103F-16F7-4668-BE54-9A1E7A4F7556}") = "LINGYUN.Abp.OssManagement.Application.Contracts", "modules\oss-management\LINGYUN.Abp.OssManagement.Application.Contracts\LINGYUN.Abp.OssManagement.Application.Contracts.csproj", "{96B4D255-BB21-4BAF-902A-ADE3F25A44C2}"
EndProject
Project("{9A19103F-16F7-4668-BE54-9A1E7A4F7556}") = "LINGYUN.Abp.OssManagement.HttpApi.Client", "modules\oss-management\LINGYUN.Abp.OssManagement.HttpApi.Client\LINGYUN.Abp.OssManagement.HttpApi.Client.csproj", "{44778F3C-7610-4F1C-A2B6-DF8925B1CBE0}"
EndProject
Project("{9A19103F-16F7-4668-BE54-9A1E7A4F7556}") = "LINGYUN.Abp.BackgroundTasks.Tests", "tests\LINGYUN.Abp.BackgroundTasks.Tests\LINGYUN.Abp.BackgroundTasks.Tests.csproj", "{A8EFC95D-6700-4840-A7FD-1F5BF4D0C71C}"
EndProject
Project("{9A19103F-16F7-4668-BE54-9A1E7A4F7556}") = "LINGYUN.Abp.TestsBase", "tests\LINGYUN.Abp.TestBase\LINGYUN.Abp.TestsBase.csproj", "{6CC06BD8-FA30-45E0-BD3A-25FF39906EF5}"
EndProject
Project("{9A19103F-16F7-4668-BE54-9A1E7A4F7556}") = "LINGYUN.Abp.BackgroundTasks.Activities.Tests", "tests\LINGYUN.Abp.BackgroundTasks.Activities.Tests\LINGYUN.Abp.BackgroundTasks.Activities.Tests.csproj", "{3EBB4CA4-82C2-41C6-94C5-CB0D4D2B6D07}"
EndProject
Project("{9A19103F-16F7-4668-BE54-9A1E7A4F7556}") = "LINGYUN.Abp.Claims.Mapping", "framework\security\LINGYUN.Abp.Claims.Mapping\LINGYUN.Abp.Claims.Mapping.csproj", "{34042B8E-B896-4E5E-A243-31E2802264CE}"
EndProject
Global
	GlobalSection(SolutionConfigurationPlatforms) = preSolution
		Debug|Any CPU = Debug|Any CPU
		Release|Any CPU = Release|Any CPU
	EndGlobalSection
	GlobalSection(ProjectConfigurationPlatforms) = postSolution
		{691CD138-9FFA-4988-BAC4-A32F0DAE1090}.Debug|Any CPU.ActiveCfg = Debug|Any CPU
		{691CD138-9FFA-4988-BAC4-A32F0DAE1090}.Debug|Any CPU.Build.0 = Debug|Any CPU
		{691CD138-9FFA-4988-BAC4-A32F0DAE1090}.Release|Any CPU.ActiveCfg = Release|Any CPU
		{691CD138-9FFA-4988-BAC4-A32F0DAE1090}.Release|Any CPU.Build.0 = Release|Any CPU
		{8873A651-4F83-43B3-A34E-7AAA8A3ED4CF}.Debug|Any CPU.ActiveCfg = Debug|Any CPU
		{8873A651-4F83-43B3-A34E-7AAA8A3ED4CF}.Debug|Any CPU.Build.0 = Debug|Any CPU
		{8873A651-4F83-43B3-A34E-7AAA8A3ED4CF}.Release|Any CPU.ActiveCfg = Release|Any CPU
		{8873A651-4F83-43B3-A34E-7AAA8A3ED4CF}.Release|Any CPU.Build.0 = Release|Any CPU
		{D5EC4CA0-7E16-4D17-B08E-E162EF332C77}.Debug|Any CPU.ActiveCfg = Debug|Any CPU
		{D5EC4CA0-7E16-4D17-B08E-E162EF332C77}.Debug|Any CPU.Build.0 = Debug|Any CPU
		{D5EC4CA0-7E16-4D17-B08E-E162EF332C77}.Release|Any CPU.ActiveCfg = Release|Any CPU
		{D5EC4CA0-7E16-4D17-B08E-E162EF332C77}.Release|Any CPU.Build.0 = Release|Any CPU
		{09039DDF-5B0E-4670-8055-CC0BE82D4D2C}.Debug|Any CPU.ActiveCfg = Debug|Any CPU
		{09039DDF-5B0E-4670-8055-CC0BE82D4D2C}.Debug|Any CPU.Build.0 = Debug|Any CPU
		{09039DDF-5B0E-4670-8055-CC0BE82D4D2C}.Release|Any CPU.ActiveCfg = Release|Any CPU
		{09039DDF-5B0E-4670-8055-CC0BE82D4D2C}.Release|Any CPU.Build.0 = Release|Any CPU
		{283B0039-F67C-41F7-B554-DF5EE9178C4A}.Debug|Any CPU.ActiveCfg = Debug|Any CPU
		{283B0039-F67C-41F7-B554-DF5EE9178C4A}.Debug|Any CPU.Build.0 = Debug|Any CPU
		{283B0039-F67C-41F7-B554-DF5EE9178C4A}.Release|Any CPU.ActiveCfg = Release|Any CPU
		{283B0039-F67C-41F7-B554-DF5EE9178C4A}.Release|Any CPU.Build.0 = Release|Any CPU
		{B8AB5E9B-9711-470E-8072-7444579EC5F6}.Debug|Any CPU.ActiveCfg = Debug|Any CPU
		{B8AB5E9B-9711-470E-8072-7444579EC5F6}.Debug|Any CPU.Build.0 = Debug|Any CPU
		{B8AB5E9B-9711-470E-8072-7444579EC5F6}.Release|Any CPU.ActiveCfg = Release|Any CPU
		{B8AB5E9B-9711-470E-8072-7444579EC5F6}.Release|Any CPU.Build.0 = Release|Any CPU
		{AC0B4342-9C9B-41E6-9646-E505C763EE77}.Debug|Any CPU.ActiveCfg = Debug|Any CPU
		{AC0B4342-9C9B-41E6-9646-E505C763EE77}.Debug|Any CPU.Build.0 = Debug|Any CPU
		{AC0B4342-9C9B-41E6-9646-E505C763EE77}.Release|Any CPU.ActiveCfg = Release|Any CPU
		{AC0B4342-9C9B-41E6-9646-E505C763EE77}.Release|Any CPU.Build.0 = Release|Any CPU
		{7051C251-11D0-4971-B13E-F6929AE6DE89}.Debug|Any CPU.ActiveCfg = Debug|Any CPU
		{7051C251-11D0-4971-B13E-F6929AE6DE89}.Debug|Any CPU.Build.0 = Debug|Any CPU
		{7051C251-11D0-4971-B13E-F6929AE6DE89}.Release|Any CPU.ActiveCfg = Release|Any CPU
		{7051C251-11D0-4971-B13E-F6929AE6DE89}.Release|Any CPU.Build.0 = Release|Any CPU
		{E8022994-A19F-4540-B9D1-7EF4AA85D18A}.Debug|Any CPU.ActiveCfg = Debug|Any CPU
		{E8022994-A19F-4540-B9D1-7EF4AA85D18A}.Debug|Any CPU.Build.0 = Debug|Any CPU
		{E8022994-A19F-4540-B9D1-7EF4AA85D18A}.Release|Any CPU.ActiveCfg = Release|Any CPU
		{E8022994-A19F-4540-B9D1-7EF4AA85D18A}.Release|Any CPU.Build.0 = Release|Any CPU
		{4A049C32-55F2-4A5F-954A-C8A977C2D87F}.Debug|Any CPU.ActiveCfg = Debug|Any CPU
		{4A049C32-55F2-4A5F-954A-C8A977C2D87F}.Debug|Any CPU.Build.0 = Debug|Any CPU
		{4A049C32-55F2-4A5F-954A-C8A977C2D87F}.Release|Any CPU.ActiveCfg = Release|Any CPU
		{4A049C32-55F2-4A5F-954A-C8A977C2D87F}.Release|Any CPU.Build.0 = Release|Any CPU
		{4C59F590-AA6C-4C46-8060-DA65D8305980}.Debug|Any CPU.ActiveCfg = Debug|Any CPU
		{4C59F590-AA6C-4C46-8060-DA65D8305980}.Debug|Any CPU.Build.0 = Debug|Any CPU
		{4C59F590-AA6C-4C46-8060-DA65D8305980}.Release|Any CPU.ActiveCfg = Release|Any CPU
		{4C59F590-AA6C-4C46-8060-DA65D8305980}.Release|Any CPU.Build.0 = Release|Any CPU
		{8507BBFA-FE56-4426-BBFA-C92906CB8407}.Debug|Any CPU.ActiveCfg = Debug|Any CPU
		{8507BBFA-FE56-4426-BBFA-C92906CB8407}.Debug|Any CPU.Build.0 = Debug|Any CPU
		{8507BBFA-FE56-4426-BBFA-C92906CB8407}.Release|Any CPU.ActiveCfg = Release|Any CPU
		{8507BBFA-FE56-4426-BBFA-C92906CB8407}.Release|Any CPU.Build.0 = Release|Any CPU
		{56C759D1-6FE6-4111-A2DB-CD65DCE82061}.Debug|Any CPU.ActiveCfg = Debug|Any CPU
		{56C759D1-6FE6-4111-A2DB-CD65DCE82061}.Debug|Any CPU.Build.0 = Debug|Any CPU
		{56C759D1-6FE6-4111-A2DB-CD65DCE82061}.Release|Any CPU.ActiveCfg = Release|Any CPU
		{56C759D1-6FE6-4111-A2DB-CD65DCE82061}.Release|Any CPU.Build.0 = Release|Any CPU
		{7937785C-0D28-46B3-A7E7-0B592821A1F2}.Debug|Any CPU.ActiveCfg = Debug|Any CPU
		{7937785C-0D28-46B3-A7E7-0B592821A1F2}.Debug|Any CPU.Build.0 = Debug|Any CPU
		{7937785C-0D28-46B3-A7E7-0B592821A1F2}.Release|Any CPU.ActiveCfg = Release|Any CPU
		{7937785C-0D28-46B3-A7E7-0B592821A1F2}.Release|Any CPU.Build.0 = Release|Any CPU
		{D17DEF79-635B-478D-89D7-32EAE616869A}.Debug|Any CPU.ActiveCfg = Debug|Any CPU
		{D17DEF79-635B-478D-89D7-32EAE616869A}.Debug|Any CPU.Build.0 = Debug|Any CPU
		{D17DEF79-635B-478D-89D7-32EAE616869A}.Release|Any CPU.ActiveCfg = Release|Any CPU
		{D17DEF79-635B-478D-89D7-32EAE616869A}.Release|Any CPU.Build.0 = Release|Any CPU
		{A817B7B7-A225-404A-A301-B42D400DE4B7}.Debug|Any CPU.ActiveCfg = Debug|Any CPU
		{A817B7B7-A225-404A-A301-B42D400DE4B7}.Debug|Any CPU.Build.0 = Debug|Any CPU
		{A817B7B7-A225-404A-A301-B42D400DE4B7}.Release|Any CPU.ActiveCfg = Release|Any CPU
		{A817B7B7-A225-404A-A301-B42D400DE4B7}.Release|Any CPU.Build.0 = Release|Any CPU
		{3D0A1901-36FB-4DA2-9F8D-05308598E98C}.Debug|Any CPU.ActiveCfg = Debug|Any CPU
		{3D0A1901-36FB-4DA2-9F8D-05308598E98C}.Debug|Any CPU.Build.0 = Debug|Any CPU
		{3D0A1901-36FB-4DA2-9F8D-05308598E98C}.Release|Any CPU.ActiveCfg = Release|Any CPU
		{3D0A1901-36FB-4DA2-9F8D-05308598E98C}.Release|Any CPU.Build.0 = Release|Any CPU
		{17D7ED0F-E789-4637-9B06-57DF693C6E1E}.Debug|Any CPU.ActiveCfg = Debug|Any CPU
		{17D7ED0F-E789-4637-9B06-57DF693C6E1E}.Debug|Any CPU.Build.0 = Debug|Any CPU
		{17D7ED0F-E789-4637-9B06-57DF693C6E1E}.Release|Any CPU.ActiveCfg = Release|Any CPU
		{17D7ED0F-E789-4637-9B06-57DF693C6E1E}.Release|Any CPU.Build.0 = Release|Any CPU
		{1978B64C-B2F5-4F68-9E5C-B45F948E7155}.Debug|Any CPU.ActiveCfg = Debug|Any CPU
		{1978B64C-B2F5-4F68-9E5C-B45F948E7155}.Debug|Any CPU.Build.0 = Debug|Any CPU
		{1978B64C-B2F5-4F68-9E5C-B45F948E7155}.Release|Any CPU.ActiveCfg = Release|Any CPU
		{1978B64C-B2F5-4F68-9E5C-B45F948E7155}.Release|Any CPU.Build.0 = Release|Any CPU
		{23620224-93A1-4A88-93B7-23D37929FCF7}.Debug|Any CPU.ActiveCfg = Debug|Any CPU
		{23620224-93A1-4A88-93B7-23D37929FCF7}.Debug|Any CPU.Build.0 = Debug|Any CPU
		{23620224-93A1-4A88-93B7-23D37929FCF7}.Release|Any CPU.ActiveCfg = Release|Any CPU
		{23620224-93A1-4A88-93B7-23D37929FCF7}.Release|Any CPU.Build.0 = Release|Any CPU
		{09F7171C-6DA1-4466-AB4A-DC92E93368EC}.Debug|Any CPU.ActiveCfg = Debug|Any CPU
		{09F7171C-6DA1-4466-AB4A-DC92E93368EC}.Debug|Any CPU.Build.0 = Debug|Any CPU
		{09F7171C-6DA1-4466-AB4A-DC92E93368EC}.Release|Any CPU.ActiveCfg = Release|Any CPU
		{09F7171C-6DA1-4466-AB4A-DC92E93368EC}.Release|Any CPU.Build.0 = Release|Any CPU
		{2FA23894-E598-4896-A336-3E7C682699D9}.Debug|Any CPU.ActiveCfg = Debug|Any CPU
		{2FA23894-E598-4896-A336-3E7C682699D9}.Debug|Any CPU.Build.0 = Debug|Any CPU
		{2FA23894-E598-4896-A336-3E7C682699D9}.Release|Any CPU.ActiveCfg = Release|Any CPU
		{2FA23894-E598-4896-A336-3E7C682699D9}.Release|Any CPU.Build.0 = Release|Any CPU
		{194DAB61-BC3C-4003-BFF0-C87763E7B8B0}.Debug|Any CPU.ActiveCfg = Debug|Any CPU
		{194DAB61-BC3C-4003-BFF0-C87763E7B8B0}.Debug|Any CPU.Build.0 = Debug|Any CPU
		{194DAB61-BC3C-4003-BFF0-C87763E7B8B0}.Release|Any CPU.ActiveCfg = Release|Any CPU
		{194DAB61-BC3C-4003-BFF0-C87763E7B8B0}.Release|Any CPU.Build.0 = Release|Any CPU
		{DD51A1AE-830F-4909-A729-7EBC398B17AD}.Debug|Any CPU.ActiveCfg = Debug|Any CPU
		{DD51A1AE-830F-4909-A729-7EBC398B17AD}.Debug|Any CPU.Build.0 = Debug|Any CPU
		{DD51A1AE-830F-4909-A729-7EBC398B17AD}.Release|Any CPU.ActiveCfg = Release|Any CPU
		{DD51A1AE-830F-4909-A729-7EBC398B17AD}.Release|Any CPU.Build.0 = Release|Any CPU
		{3EE8383C-6F25-4BCD-8852-B23D1C864324}.Debug|Any CPU.ActiveCfg = Debug|Any CPU
		{3EE8383C-6F25-4BCD-8852-B23D1C864324}.Debug|Any CPU.Build.0 = Debug|Any CPU
		{3EE8383C-6F25-4BCD-8852-B23D1C864324}.Release|Any CPU.ActiveCfg = Release|Any CPU
		{3EE8383C-6F25-4BCD-8852-B23D1C864324}.Release|Any CPU.Build.0 = Release|Any CPU
		{B54F200C-D648-477B-BE39-B40A1D956F13}.Debug|Any CPU.ActiveCfg = Debug|Any CPU
		{B54F200C-D648-477B-BE39-B40A1D956F13}.Debug|Any CPU.Build.0 = Debug|Any CPU
		{B54F200C-D648-477B-BE39-B40A1D956F13}.Release|Any CPU.ActiveCfg = Release|Any CPU
		{B54F200C-D648-477B-BE39-B40A1D956F13}.Release|Any CPU.Build.0 = Release|Any CPU
		{FEC5FD25-9B26-4245-88D8-7621B26C7C3A}.Debug|Any CPU.ActiveCfg = Debug|Any CPU
		{FEC5FD25-9B26-4245-88D8-7621B26C7C3A}.Debug|Any CPU.Build.0 = Debug|Any CPU
		{FEC5FD25-9B26-4245-88D8-7621B26C7C3A}.Release|Any CPU.ActiveCfg = Release|Any CPU
		{FEC5FD25-9B26-4245-88D8-7621B26C7C3A}.Release|Any CPU.Build.0 = Release|Any CPU
		{DF963ABB-E713-49E9-A03C-DEB431E369DF}.Debug|Any CPU.ActiveCfg = Debug|Any CPU
		{DF963ABB-E713-49E9-A03C-DEB431E369DF}.Debug|Any CPU.Build.0 = Debug|Any CPU
		{DF963ABB-E713-49E9-A03C-DEB431E369DF}.Release|Any CPU.ActiveCfg = Release|Any CPU
		{DF963ABB-E713-49E9-A03C-DEB431E369DF}.Release|Any CPU.Build.0 = Release|Any CPU
		{52FD8F39-0AB6-4C51-A584-187C219AC8B5}.Debug|Any CPU.ActiveCfg = Debug|Any CPU
		{52FD8F39-0AB6-4C51-A584-187C219AC8B5}.Debug|Any CPU.Build.0 = Debug|Any CPU
		{52FD8F39-0AB6-4C51-A584-187C219AC8B5}.Release|Any CPU.ActiveCfg = Release|Any CPU
		{52FD8F39-0AB6-4C51-A584-187C219AC8B5}.Release|Any CPU.Build.0 = Release|Any CPU
		{58F51875-6D2C-4A65-9DD3-8BC004B39B72}.Debug|Any CPU.ActiveCfg = Debug|Any CPU
		{58F51875-6D2C-4A65-9DD3-8BC004B39B72}.Debug|Any CPU.Build.0 = Debug|Any CPU
		{58F51875-6D2C-4A65-9DD3-8BC004B39B72}.Release|Any CPU.ActiveCfg = Release|Any CPU
		{58F51875-6D2C-4A65-9DD3-8BC004B39B72}.Release|Any CPU.Build.0 = Release|Any CPU
		{167CE485-72D3-4E95-80B1-00430CBB8888}.Debug|Any CPU.ActiveCfg = Debug|Any CPU
		{167CE485-72D3-4E95-80B1-00430CBB8888}.Debug|Any CPU.Build.0 = Debug|Any CPU
		{167CE485-72D3-4E95-80B1-00430CBB8888}.Release|Any CPU.ActiveCfg = Release|Any CPU
		{167CE485-72D3-4E95-80B1-00430CBB8888}.Release|Any CPU.Build.0 = Release|Any CPU
		{798FEFB4-B65F-4B6C-A36D-611DD71A48AB}.Debug|Any CPU.ActiveCfg = Debug|Any CPU
		{798FEFB4-B65F-4B6C-A36D-611DD71A48AB}.Debug|Any CPU.Build.0 = Debug|Any CPU
		{798FEFB4-B65F-4B6C-A36D-611DD71A48AB}.Release|Any CPU.ActiveCfg = Release|Any CPU
		{798FEFB4-B65F-4B6C-A36D-611DD71A48AB}.Release|Any CPU.Build.0 = Release|Any CPU
		{6A82AEB7-A048-420A-ACFB-94DC52ADADDC}.Debug|Any CPU.ActiveCfg = Debug|Any CPU
		{6A82AEB7-A048-420A-ACFB-94DC52ADADDC}.Debug|Any CPU.Build.0 = Debug|Any CPU
		{6A82AEB7-A048-420A-ACFB-94DC52ADADDC}.Release|Any CPU.ActiveCfg = Release|Any CPU
		{6A82AEB7-A048-420A-ACFB-94DC52ADADDC}.Release|Any CPU.Build.0 = Release|Any CPU
		{8EB3C845-BF73-446D-8C5D-FE855CFF2A90}.Debug|Any CPU.ActiveCfg = Debug|Any CPU
		{8EB3C845-BF73-446D-8C5D-FE855CFF2A90}.Debug|Any CPU.Build.0 = Debug|Any CPU
		{8EB3C845-BF73-446D-8C5D-FE855CFF2A90}.Release|Any CPU.ActiveCfg = Release|Any CPU
		{8EB3C845-BF73-446D-8C5D-FE855CFF2A90}.Release|Any CPU.Build.0 = Release|Any CPU
		{8729BEEB-CABF-4B3B-8228-8AEE2E760796}.Debug|Any CPU.ActiveCfg = Debug|Any CPU
		{8729BEEB-CABF-4B3B-8228-8AEE2E760796}.Debug|Any CPU.Build.0 = Debug|Any CPU
		{8729BEEB-CABF-4B3B-8228-8AEE2E760796}.Release|Any CPU.ActiveCfg = Release|Any CPU
		{8729BEEB-CABF-4B3B-8228-8AEE2E760796}.Release|Any CPU.Build.0 = Release|Any CPU
		{AC15003C-473B-4049-B268-DE02ECD58097}.Debug|Any CPU.ActiveCfg = Debug|Any CPU
		{AC15003C-473B-4049-B268-DE02ECD58097}.Debug|Any CPU.Build.0 = Debug|Any CPU
		{AC15003C-473B-4049-B268-DE02ECD58097}.Release|Any CPU.ActiveCfg = Release|Any CPU
		{AC15003C-473B-4049-B268-DE02ECD58097}.Release|Any CPU.Build.0 = Release|Any CPU
		{AC99FAF5-6321-447A-BB13-41CAAEA3E459}.Debug|Any CPU.ActiveCfg = Debug|Any CPU
		{AC99FAF5-6321-447A-BB13-41CAAEA3E459}.Debug|Any CPU.Build.0 = Debug|Any CPU
		{AC99FAF5-6321-447A-BB13-41CAAEA3E459}.Release|Any CPU.ActiveCfg = Release|Any CPU
		{AC99FAF5-6321-447A-BB13-41CAAEA3E459}.Release|Any CPU.Build.0 = Release|Any CPU
		{3FDE2E70-EA02-4296-BA1A-ADABA5054DD1}.Debug|Any CPU.ActiveCfg = Debug|Any CPU
		{3FDE2E70-EA02-4296-BA1A-ADABA5054DD1}.Debug|Any CPU.Build.0 = Debug|Any CPU
		{3FDE2E70-EA02-4296-BA1A-ADABA5054DD1}.Release|Any CPU.ActiveCfg = Release|Any CPU
		{3FDE2E70-EA02-4296-BA1A-ADABA5054DD1}.Release|Any CPU.Build.0 = Release|Any CPU
		{F72E1F2E-0064-4159-9327-884D7CB83D48}.Debug|Any CPU.ActiveCfg = Debug|Any CPU
		{F72E1F2E-0064-4159-9327-884D7CB83D48}.Debug|Any CPU.Build.0 = Debug|Any CPU
		{F72E1F2E-0064-4159-9327-884D7CB83D48}.Release|Any CPU.ActiveCfg = Release|Any CPU
		{F72E1F2E-0064-4159-9327-884D7CB83D48}.Release|Any CPU.Build.0 = Release|Any CPU
		{0979BDAB-B4D3-48DD-88EC-64AED972B8FC}.Debug|Any CPU.ActiveCfg = Debug|Any CPU
		{0979BDAB-B4D3-48DD-88EC-64AED972B8FC}.Debug|Any CPU.Build.0 = Debug|Any CPU
		{0979BDAB-B4D3-48DD-88EC-64AED972B8FC}.Release|Any CPU.ActiveCfg = Release|Any CPU
		{0979BDAB-B4D3-48DD-88EC-64AED972B8FC}.Release|Any CPU.Build.0 = Release|Any CPU
		{83FCF202-0625-46BB-96CD-4D9D684508FC}.Debug|Any CPU.ActiveCfg = Debug|Any CPU
		{83FCF202-0625-46BB-96CD-4D9D684508FC}.Debug|Any CPU.Build.0 = Debug|Any CPU
		{83FCF202-0625-46BB-96CD-4D9D684508FC}.Release|Any CPU.ActiveCfg = Release|Any CPU
		{83FCF202-0625-46BB-96CD-4D9D684508FC}.Release|Any CPU.Build.0 = Release|Any CPU
		{6BAABDAC-C172-419D-A75D-E7823C86E871}.Debug|Any CPU.ActiveCfg = Debug|Any CPU
		{6BAABDAC-C172-419D-A75D-E7823C86E871}.Debug|Any CPU.Build.0 = Debug|Any CPU
		{6BAABDAC-C172-419D-A75D-E7823C86E871}.Release|Any CPU.ActiveCfg = Release|Any CPU
		{6BAABDAC-C172-419D-A75D-E7823C86E871}.Release|Any CPU.Build.0 = Release|Any CPU
		{988BDB8E-FD0D-457B-8B45-CFFD70CCB203}.Debug|Any CPU.ActiveCfg = Debug|Any CPU
		{988BDB8E-FD0D-457B-8B45-CFFD70CCB203}.Debug|Any CPU.Build.0 = Debug|Any CPU
		{988BDB8E-FD0D-457B-8B45-CFFD70CCB203}.Release|Any CPU.ActiveCfg = Release|Any CPU
		{988BDB8E-FD0D-457B-8B45-CFFD70CCB203}.Release|Any CPU.Build.0 = Release|Any CPU
		{CD88BE12-F08D-40AB-9D13-63D6DC5B9DAE}.Debug|Any CPU.ActiveCfg = Debug|Any CPU
		{CD88BE12-F08D-40AB-9D13-63D6DC5B9DAE}.Debug|Any CPU.Build.0 = Debug|Any CPU
		{CD88BE12-F08D-40AB-9D13-63D6DC5B9DAE}.Release|Any CPU.ActiveCfg = Release|Any CPU
		{CD88BE12-F08D-40AB-9D13-63D6DC5B9DAE}.Release|Any CPU.Build.0 = Release|Any CPU
		{97271BF5-D965-4EE1-A2DD-58ADD35B529D}.Debug|Any CPU.ActiveCfg = Debug|Any CPU
		{97271BF5-D965-4EE1-A2DD-58ADD35B529D}.Debug|Any CPU.Build.0 = Debug|Any CPU
		{97271BF5-D965-4EE1-A2DD-58ADD35B529D}.Release|Any CPU.ActiveCfg = Release|Any CPU
		{97271BF5-D965-4EE1-A2DD-58ADD35B529D}.Release|Any CPU.Build.0 = Release|Any CPU
		{CA5D2340-00EF-4248-A288-A9244A1C6A61}.Debug|Any CPU.ActiveCfg = Debug|Any CPU
		{CA5D2340-00EF-4248-A288-A9244A1C6A61}.Debug|Any CPU.Build.0 = Debug|Any CPU
		{CA5D2340-00EF-4248-A288-A9244A1C6A61}.Release|Any CPU.ActiveCfg = Release|Any CPU
		{CA5D2340-00EF-4248-A288-A9244A1C6A61}.Release|Any CPU.Build.0 = Release|Any CPU
		{09B08612-D167-486E-9EFC-ABD12BD1A33E}.Debug|Any CPU.ActiveCfg = Debug|Any CPU
		{09B08612-D167-486E-9EFC-ABD12BD1A33E}.Debug|Any CPU.Build.0 = Debug|Any CPU
		{09B08612-D167-486E-9EFC-ABD12BD1A33E}.Release|Any CPU.ActiveCfg = Release|Any CPU
		{09B08612-D167-486E-9EFC-ABD12BD1A33E}.Release|Any CPU.Build.0 = Release|Any CPU
		{DC42B5FE-C5EA-49A7-A92A-3F19D82009E3}.Debug|Any CPU.ActiveCfg = Debug|Any CPU
		{DC42B5FE-C5EA-49A7-A92A-3F19D82009E3}.Debug|Any CPU.Build.0 = Debug|Any CPU
		{DC42B5FE-C5EA-49A7-A92A-3F19D82009E3}.Release|Any CPU.ActiveCfg = Release|Any CPU
		{DC42B5FE-C5EA-49A7-A92A-3F19D82009E3}.Release|Any CPU.Build.0 = Release|Any CPU
		{469D4CA9-D6C8-4A47-8795-31D5AA81B4AD}.Debug|Any CPU.ActiveCfg = Debug|Any CPU
		{469D4CA9-D6C8-4A47-8795-31D5AA81B4AD}.Debug|Any CPU.Build.0 = Debug|Any CPU
		{469D4CA9-D6C8-4A47-8795-31D5AA81B4AD}.Release|Any CPU.ActiveCfg = Release|Any CPU
		{469D4CA9-D6C8-4A47-8795-31D5AA81B4AD}.Release|Any CPU.Build.0 = Release|Any CPU
		{6E030005-EEA7-480E-9E68-4FC74CFCAF42}.Debug|Any CPU.ActiveCfg = Debug|Any CPU
		{6E030005-EEA7-480E-9E68-4FC74CFCAF42}.Debug|Any CPU.Build.0 = Debug|Any CPU
		{6E030005-EEA7-480E-9E68-4FC74CFCAF42}.Release|Any CPU.ActiveCfg = Release|Any CPU
		{6E030005-EEA7-480E-9E68-4FC74CFCAF42}.Release|Any CPU.Build.0 = Release|Any CPU
		{B3E81983-629A-4380-B4C2-50E247916F5E}.Debug|Any CPU.ActiveCfg = Debug|Any CPU
		{B3E81983-629A-4380-B4C2-50E247916F5E}.Debug|Any CPU.Build.0 = Debug|Any CPU
		{B3E81983-629A-4380-B4C2-50E247916F5E}.Release|Any CPU.ActiveCfg = Release|Any CPU
		{B3E81983-629A-4380-B4C2-50E247916F5E}.Release|Any CPU.Build.0 = Release|Any CPU
		{088064DD-D141-4E9A-B185-E332920A323A}.Debug|Any CPU.ActiveCfg = Debug|Any CPU
		{088064DD-D141-4E9A-B185-E332920A323A}.Debug|Any CPU.Build.0 = Debug|Any CPU
		{088064DD-D141-4E9A-B185-E332920A323A}.Release|Any CPU.ActiveCfg = Release|Any CPU
		{088064DD-D141-4E9A-B185-E332920A323A}.Release|Any CPU.Build.0 = Release|Any CPU
		{BEE1B759-5B65-481B-928B-8BC6A89A7C13}.Debug|Any CPU.ActiveCfg = Debug|Any CPU
		{BEE1B759-5B65-481B-928B-8BC6A89A7C13}.Debug|Any CPU.Build.0 = Debug|Any CPU
		{BEE1B759-5B65-481B-928B-8BC6A89A7C13}.Release|Any CPU.ActiveCfg = Release|Any CPU
		{BEE1B759-5B65-481B-928B-8BC6A89A7C13}.Release|Any CPU.Build.0 = Release|Any CPU
		{94D1C512-09E4-4A68-8989-6DB49FEABA67}.Debug|Any CPU.ActiveCfg = Debug|Any CPU
		{94D1C512-09E4-4A68-8989-6DB49FEABA67}.Debug|Any CPU.Build.0 = Debug|Any CPU
		{94D1C512-09E4-4A68-8989-6DB49FEABA67}.Release|Any CPU.ActiveCfg = Release|Any CPU
		{94D1C512-09E4-4A68-8989-6DB49FEABA67}.Release|Any CPU.Build.0 = Release|Any CPU
		{96B4D255-BB21-4BAF-902A-ADE3F25A44C2}.Debug|Any CPU.ActiveCfg = Debug|Any CPU
		{96B4D255-BB21-4BAF-902A-ADE3F25A44C2}.Debug|Any CPU.Build.0 = Debug|Any CPU
		{96B4D255-BB21-4BAF-902A-ADE3F25A44C2}.Release|Any CPU.ActiveCfg = Release|Any CPU
		{96B4D255-BB21-4BAF-902A-ADE3F25A44C2}.Release|Any CPU.Build.0 = Release|Any CPU
		{44778F3C-7610-4F1C-A2B6-DF8925B1CBE0}.Debug|Any CPU.ActiveCfg = Debug|Any CPU
		{44778F3C-7610-4F1C-A2B6-DF8925B1CBE0}.Debug|Any CPU.Build.0 = Debug|Any CPU
		{44778F3C-7610-4F1C-A2B6-DF8925B1CBE0}.Release|Any CPU.ActiveCfg = Release|Any CPU
		{44778F3C-7610-4F1C-A2B6-DF8925B1CBE0}.Release|Any CPU.Build.0 = Release|Any CPU
		{A8EFC95D-6700-4840-A7FD-1F5BF4D0C71C}.Debug|Any CPU.ActiveCfg = Debug|Any CPU
		{A8EFC95D-6700-4840-A7FD-1F5BF4D0C71C}.Debug|Any CPU.Build.0 = Debug|Any CPU
		{A8EFC95D-6700-4840-A7FD-1F5BF4D0C71C}.Release|Any CPU.ActiveCfg = Release|Any CPU
		{A8EFC95D-6700-4840-A7FD-1F5BF4D0C71C}.Release|Any CPU.Build.0 = Release|Any CPU
		{6CC06BD8-FA30-45E0-BD3A-25FF39906EF5}.Debug|Any CPU.ActiveCfg = Debug|Any CPU
		{6CC06BD8-FA30-45E0-BD3A-25FF39906EF5}.Debug|Any CPU.Build.0 = Debug|Any CPU
		{6CC06BD8-FA30-45E0-BD3A-25FF39906EF5}.Release|Any CPU.ActiveCfg = Release|Any CPU
		{6CC06BD8-FA30-45E0-BD3A-25FF39906EF5}.Release|Any CPU.Build.0 = Release|Any CPU
		{3EBB4CA4-82C2-41C6-94C5-CB0D4D2B6D07}.Debug|Any CPU.ActiveCfg = Debug|Any CPU
		{3EBB4CA4-82C2-41C6-94C5-CB0D4D2B6D07}.Debug|Any CPU.Build.0 = Debug|Any CPU
		{3EBB4CA4-82C2-41C6-94C5-CB0D4D2B6D07}.Release|Any CPU.ActiveCfg = Release|Any CPU
		{3EBB4CA4-82C2-41C6-94C5-CB0D4D2B6D07}.Release|Any CPU.Build.0 = Release|Any CPU
		{34042B8E-B896-4E5E-A243-31E2802264CE}.Debug|Any CPU.ActiveCfg = Debug|Any CPU
		{34042B8E-B896-4E5E-A243-31E2802264CE}.Debug|Any CPU.Build.0 = Debug|Any CPU
		{34042B8E-B896-4E5E-A243-31E2802264CE}.Release|Any CPU.ActiveCfg = Release|Any CPU
		{34042B8E-B896-4E5E-A243-31E2802264CE}.Release|Any CPU.Build.0 = Release|Any CPU
	EndGlobalSection
	GlobalSection(SolutionProperties) = preSolution
		HideSolutionNode = FALSE
	EndGlobalSection
	GlobalSection(NestedProjects) = preSolution
		{691CD138-9FFA-4988-BAC4-A32F0DAE1090} = {C38EB7EF-BAE9-4129-862A-71C652B81775}
		{8873A651-4F83-43B3-A34E-7AAA8A3ED4CF} = {C38EB7EF-BAE9-4129-862A-71C652B81775}
		{D5EC4CA0-7E16-4D17-B08E-E162EF332C77} = {C38EB7EF-BAE9-4129-862A-71C652B81775}
		{09039DDF-5B0E-4670-8055-CC0BE82D4D2C} = {C38EB7EF-BAE9-4129-862A-71C652B81775}
		{283B0039-F67C-41F7-B554-DF5EE9178C4A} = {C38EB7EF-BAE9-4129-862A-71C652B81775}
		{B8AB5E9B-9711-470E-8072-7444579EC5F6} = {C38EB7EF-BAE9-4129-862A-71C652B81775}
		{AC0B4342-9C9B-41E6-9646-E505C763EE77} = {C38EB7EF-BAE9-4129-862A-71C652B81775}
		{7051C251-11D0-4971-B13E-F6929AE6DE89} = {385578CC-C0F1-4377-A7A2-682B8F416234}
		{E8022994-A19F-4540-B9D1-7EF4AA85D18A} = {8DA8A2EE-0B26-487E-A6C4-518906E92B1B}
		{4A049C32-55F2-4A5F-954A-C8A977C2D87F} = {C38EB7EF-BAE9-4129-862A-71C652B81775}
		{4C59F590-AA6C-4C46-8060-DA65D8305980} = {C38EB7EF-BAE9-4129-862A-71C652B81775}
		{8507BBFA-FE56-4426-BBFA-C92906CB8407} = {C38EB7EF-BAE9-4129-862A-71C652B81775}
		{56C759D1-6FE6-4111-A2DB-CD65DCE82061} = {C38EB7EF-BAE9-4129-862A-71C652B81775}
		{7937785C-0D28-46B3-A7E7-0B592821A1F2} = {385578CC-C0F1-4377-A7A2-682B8F416234}
		{D17DEF79-635B-478D-89D7-32EAE616869A} = {C38EB7EF-BAE9-4129-862A-71C652B81775}
		{A817B7B7-A225-404A-A301-B42D400DE4B7} = {C38EB7EF-BAE9-4129-862A-71C652B81775}
		{3D0A1901-36FB-4DA2-9F8D-05308598E98C} = {C38EB7EF-BAE9-4129-862A-71C652B81775}
		{17D7ED0F-E789-4637-9B06-57DF693C6E1E} = {A9536BD2-2573-44CA-B033-DC16B7E345E5}
		{1978B64C-B2F5-4F68-9E5C-B45F948E7155} = {C38EB7EF-BAE9-4129-862A-71C652B81775}
		{23620224-93A1-4A88-93B7-23D37929FCF7} = {18918B94-BB48-48F3-874D-B91B0252440A}
		{09F7171C-6DA1-4466-AB4A-DC92E93368EC} = {18918B94-BB48-48F3-874D-B91B0252440A}
		{2FA23894-E598-4896-A336-3E7C682699D9} = {FA5E30C9-05E3-4E35-AEDD-7DC5534E3A01}
		{194DAB61-BC3C-4003-BFF0-C87763E7B8B0} = {FA5E30C9-05E3-4E35-AEDD-7DC5534E3A01}
		{DD51A1AE-830F-4909-A729-7EBC398B17AD} = {18918B94-BB48-48F3-874D-B91B0252440A}
		{3EE8383C-6F25-4BCD-8852-B23D1C864324} = {B38D2141-AC0F-4F4A-9315-4292E3856C15}
		{B54F200C-D648-477B-BE39-B40A1D956F13} = {B38D2141-AC0F-4F4A-9315-4292E3856C15}
		{FEC5FD25-9B26-4245-88D8-7621B26C7C3A} = {B38D2141-AC0F-4F4A-9315-4292E3856C15}
		{DF963ABB-E713-49E9-A03C-DEB431E369DF} = {B38D2141-AC0F-4F4A-9315-4292E3856C15}
		{52FD8F39-0AB6-4C51-A584-187C219AC8B5} = {820A8FA4-17C4-44DF-8C31-9F211D00F790}
		{58F51875-6D2C-4A65-9DD3-8BC004B39B72} = {820A8FA4-17C4-44DF-8C31-9F211D00F790}
		{167CE485-72D3-4E95-80B1-00430CBB8888} = {DC7ACD8B-044B-435D-94C5-06C75A8BD026}
		{798FEFB4-B65F-4B6C-A36D-611DD71A48AB} = {A9536BD2-2573-44CA-B033-DC16B7E345E5}
		{6A82AEB7-A048-420A-ACFB-94DC52ADADDC} = {5A41C31A-B966-418B-B446-5BA1D7E61A62}
		{8EB3C845-BF73-446D-8C5D-FE855CFF2A90} = {5A41C31A-B966-418B-B446-5BA1D7E61A62}
		{8729BEEB-CABF-4B3B-8228-8AEE2E760796} = {5A41C31A-B966-418B-B446-5BA1D7E61A62}
		{AC15003C-473B-4049-B268-DE02ECD58097} = {5A41C31A-B966-418B-B446-5BA1D7E61A62}
		{AC99FAF5-6321-447A-BB13-41CAAEA3E459} = {5A41C31A-B966-418B-B446-5BA1D7E61A62}
		{3FDE2E70-EA02-4296-BA1A-ADABA5054DD1} = {5A41C31A-B966-418B-B446-5BA1D7E61A62}
		{F72E1F2E-0064-4159-9327-884D7CB83D48} = {5A41C31A-B966-418B-B446-5BA1D7E61A62}
		{0979BDAB-B4D3-48DD-88EC-64AED972B8FC} = {5A41C31A-B966-418B-B446-5BA1D7E61A62}
		{83FCF202-0625-46BB-96CD-4D9D684508FC} = {5A41C31A-B966-418B-B446-5BA1D7E61A62}
		{6BAABDAC-C172-419D-A75D-E7823C86E871} = {5A41C31A-B966-418B-B446-5BA1D7E61A62}
		{988BDB8E-FD0D-457B-8B45-CFFD70CCB203} = {5A41C31A-B966-418B-B446-5BA1D7E61A62}
		{CD88BE12-F08D-40AB-9D13-63D6DC5B9DAE} = {5A41C31A-B966-418B-B446-5BA1D7E61A62}
		{97271BF5-D965-4EE1-A2DD-58ADD35B529D} = {5A41C31A-B966-418B-B446-5BA1D7E61A62}
		{CA5D2340-00EF-4248-A288-A9244A1C6A61} = {5A41C31A-B966-418B-B446-5BA1D7E61A62}
		{09B08612-D167-486E-9EFC-ABD12BD1A33E} = {5A41C31A-B966-418B-B446-5BA1D7E61A62}
		{DC42B5FE-C5EA-49A7-A92A-3F19D82009E3} = {5A41C31A-B966-418B-B446-5BA1D7E61A62}
		{469D4CA9-D6C8-4A47-8795-31D5AA81B4AD} = {5A41C31A-B966-418B-B446-5BA1D7E61A62}
		{6E030005-EEA7-480E-9E68-4FC74CFCAF42} = {5A41C31A-B966-418B-B446-5BA1D7E61A62}
		{B3E81983-629A-4380-B4C2-50E247916F5E} = {5A41C31A-B966-418B-B446-5BA1D7E61A62}
		{088064DD-D141-4E9A-B185-E332920A323A} = {5A41C31A-B966-418B-B446-5BA1D7E61A62}
		{BEE1B759-5B65-481B-928B-8BC6A89A7C13} = {5A41C31A-B966-418B-B446-5BA1D7E61A62}
		{94D1C512-09E4-4A68-8989-6DB49FEABA67} = {F36E71F7-B05F-4513-A923-81E2A7474EAE}
		{96B4D255-BB21-4BAF-902A-ADE3F25A44C2} = {F36E71F7-B05F-4513-A923-81E2A7474EAE}
		{44778F3C-7610-4F1C-A2B6-DF8925B1CBE0} = {F36E71F7-B05F-4513-A923-81E2A7474EAE}
		{A8EFC95D-6700-4840-A7FD-1F5BF4D0C71C} = {77341F31-F54C-436A-AF8D-F78D91303C45}
		{6CC06BD8-FA30-45E0-BD3A-25FF39906EF5} = {77341F31-F54C-436A-AF8D-F78D91303C45}
		{3EBB4CA4-82C2-41C6-94C5-CB0D4D2B6D07} = {77341F31-F54C-436A-AF8D-F78D91303C45}
		{34042B8E-B896-4E5E-A243-31E2802264CE} = {5A41C31A-B966-418B-B446-5BA1D7E61A62}
	EndGlobalSection
	GlobalSection(ExtensibilityGlobals) = postSolution
		SolutionGuid = {E1FD1F4C-D344-408B-97CF-B6F1F6D7D293}
	EndGlobalSection
EndGlobal
