
Microsoft Visual Studio Solution File, Format Version 12.00
# Visual Studio Version 16
VisualStudioVersion = 16.0.30011.22
MinimumVisualStudioVersion = 10.0.40219.1
Project("{2150E333-8FDC-42A3-9474-1A3956D46DE8}") = "modules", "modules", "{0C7AA298-2957-4D71-A8F1-1C3C7932A1B3}"
EndProject
Project("{2150E333-8FDC-42A3-9474-1A3956D46DE8}") = "services", "services", "{E7A821D8-85B5-4098-897D-5A814BD8131D}"
EndProject
Project("{2150E333-8FDC-42A3-9474-1A3956D46DE8}") = "common", "common", "{C00828FB-E7D5-4086-BA50-02022594AB73}"
EndProject
Project("{9A19103F-16F7-4668-BE54-9A1E7A4F7556}") = "LINGYUN.Abp.RealTime", "modules\common\LINGYUN.Abp.RealTime\LINGYUN.Abp.RealTime.csproj", "{07BCD006-F2F2-4685-8887-E8BEB18745FD}"
EndProject
Project("{9A19103F-16F7-4668-BE54-9A1E7A4F7556}") = "LINGYUN.Abp.RealTime.SignalR", "modules\common\LINGYUN.Abp.RealTime.SignalR\LINGYUN.Abp.RealTime.SignalR.csproj", "{60E37E86-ACA6-4464-9592-B0D8EFB629BD}"
EndProject
Project("{9A19103F-16F7-4668-BE54-9A1E7A4F7556}") = "LINGYUN.Abp.AspNetCore.SignalR.JwtToken", "modules\common\LINGYUN.Abp.AspNetCore.SignalR\LINGYUN.Abp.AspNetCore.SignalR.JwtToken.csproj", "{85B39FCE-6778-497C-A12E-6777C7FE651A}"
EndProject
Project("{9A19103F-16F7-4668-BE54-9A1E7A4F7556}") = "LINGYUN.Abp.AspNetCore.SignalR.Protocol.Json", "modules\common\LINGYUN.Abp.AspNetCore.SignalR.Protocol.Json\LINGYUN.Abp.AspNetCore.SignalR.Protocol.Json.csproj", "{8C973655-DF59-40D8-B206-82344575A8CF}"
EndProject
Project("{9A19103F-16F7-4668-BE54-9A1E7A4F7556}") = "LINGYUN.Abp.IM", "modules\common\LINGYUN.Abp.IM\LINGYUN.Abp.IM.csproj", "{55B9F554-1754-4EF9-B325-B33421D4F6A9}"
EndProject
Project("{9A19103F-16F7-4668-BE54-9A1E7A4F7556}") = "LINGYUN.Abp.IM.SignalR", "modules\common\LINGYUN.Abp.IM.SignalR\LINGYUN.Abp.IM.SignalR.csproj", "{7AC8C076-87E2-48ED-8AB3-C1F737F55DD1}"
EndProject
Project("{9A19103F-16F7-4668-BE54-9A1E7A4F7556}") = "LINGYUN.Abp.Notifications", "modules\common\LINGYUN.Abp.Notifications\LINGYUN.Abp.Notifications.csproj", "{C6F494D3-2C41-46DF-BCAD-F74D3E53CDE1}"
EndProject
Project("{9A19103F-16F7-4668-BE54-9A1E7A4F7556}") = "LINGYUN.Abp.Notifications.SignalR", "modules\common\LINGYUN.Abp.Notifications.SignalR\LINGYUN.Abp.Notifications.SignalR.csproj", "{3531699A-9FF9-4F8C-BEAD-9D114FE8E519}"
EndProject
Project("{9A19103F-16F7-4668-BE54-9A1E7A4F7556}") = "LINGYUN.Abp.MessageService.Domain.Shared", "modules\message\LINGYUN.Abp.MessageService.Domain.Shared\LINGYUN.Abp.MessageService.Domain.Shared.csproj", "{50DE8ABF-B50A-4AAB-A69B-4E727AFDB6B5}"
EndProject
Project("{9A19103F-16F7-4668-BE54-9A1E7A4F7556}") = "LINGYUN.Abp.MessageService.Domain", "modules\message\LINGYUN.Abp.MessageService.Domain\LINGYUN.Abp.MessageService.Domain.csproj", "{2094F03B-FC73-4B3F-88CB-F7951E22FED5}"
EndProject
Project("{9A19103F-16F7-4668-BE54-9A1E7A4F7556}") = "LINGYUN.Abp.MessageService.EntityFrameworkCore", "modules\message\LINGYUN.Abp.MessageService.EntityFrameworkCore\LINGYUN.Abp.MessageService.EntityFrameworkCore.csproj", "{554E5BCA-7F88-4E7C-86ED-8B6DE3A3A802}"
EndProject
Project("{9A19103F-16F7-4668-BE54-9A1E7A4F7556}") = "LINGYUN.Abp.MessageService.Application.Contracts", "modules\message\LINGYUN.Abp.MessageService.Application.Contracts\LINGYUN.Abp.MessageService.Application.Contracts.csproj", "{92E4CAD4-F5B9-4B16-B7BC-4A40DC1E93F1}"
EndProject
Project("{9A19103F-16F7-4668-BE54-9A1E7A4F7556}") = "LINGYUN.Abp.MessageService.Application", "modules\message\LINGYUN.Abp.MessageService.Application\LINGYUN.Abp.MessageService.Application.csproj", "{DB8CE5AF-1888-4C51-97C3-2188BE50FAF9}"
EndProject
Project("{9A19103F-16F7-4668-BE54-9A1E7A4F7556}") = "LINGYUN.Abp.MessageService.HttpApi", "modules\message\LINGYUN.Abp.MessageService.HttpApi\LINGYUN.Abp.MessageService.HttpApi.csproj", "{54395254-0383-4932-B2E4-50932DAD7D10}"
EndProject
Project("{9A19103F-16F7-4668-BE54-9A1E7A4F7556}") = "LINGYUN.Abp.MessageService.HttpApi.Client", "modules\message\LINGYUN.Abp.MessageService.HttpApi.Client\LINGYUN.Abp.MessageService.HttpApi.Client.csproj", "{3E9CCC0A-DAD5-4F32-8EAE-654D67DEE2B9}"
EndProject
Project("{9A19103F-16F7-4668-BE54-9A1E7A4F7556}") = "LINGYUN.Abp.MessageService.HttpApi.Host", "services\messages\LINGYUN.Abp.MessageService.HttpApi.Host\LINGYUN.Abp.MessageService.HttpApi.Host.csproj", "{8168B7B4-9F6B-4658-A28C-D0F9D10AB93D}"
EndProject
Project("{2150E333-8FDC-42A3-9474-1A3956D46DE8}") = "wechat", "wechat", "{78164C5C-63B9-4FB6-ACC9-6496E236C946}"
EndProject
Project("{9A19103F-16F7-4668-BE54-9A1E7A4F7556}") = "LINGYUN.Abp.Features.LimitValidation", "modules\common\LINGYUN.Abp.Features.LimitValidation\LINGYUN.Abp.Features.LimitValidation.csproj", "{93971F1F-F6AC-4F83-8119-21260FCE2828}"
EndProject
Project("{9A19103F-16F7-4668-BE54-9A1E7A4F7556}") = "LINGYUN.Abp.WeChat", "modules\wechat\LINGYUN.Abp.WeChat\LINGYUN.Abp.WeChat.csproj", "{3B87330F-A303-4413-B653-1C9536C74109}"
EndProject
Project("{2150E333-8FDC-42A3-9474-1A3956D46DE8}") = "message", "message", "{D58F1DF5-2DFE-40A2-B136-7606D4CDE903}"
EndProject
Project("{9A19103F-16F7-4668-BE54-9A1E7A4F7556}") = "LINGYUN.Abp.WeChat.MiniProgram", "modules\wechat\LINGYUN.Abp.WeChat.MiniProgram\LINGYUN.Abp.WeChat.MiniProgram.csproj", "{3A4601FE-B091-43A3-AEE6-6440BB37B277}"
EndProject
Project("{9A19103F-16F7-4668-BE54-9A1E7A4F7556}") = "LINGYUN.Abp.Notifications.Sms", "modules\common\LINGYUN.Abp.Notifications.Sms\LINGYUN.Abp.Notifications.Sms.csproj", "{454059F7-D087-439A-A724-80BDFE94776F}"
EndProject
Project("{9A19103F-16F7-4668-BE54-9A1E7A4F7556}") = "LINGYUN.Abp.Notifications.WeChat.MiniProgram", "modules\wechat\LINGYUN.Abp.Notifications.WeChat.MiniProgram\LINGYUN.Abp.Notifications.WeChat.MiniProgram.csproj", "{64E2622A-611D-4056-9497-0B52A91DC59C}"
EndProject
Project("{2150E333-8FDC-42A3-9474-1A3956D46DE8}") = "tests", "tests", "{42800C56-9473-4B96-BF29-1B0F25C867F4}"
EndProject
Project("{9A19103F-16F7-4668-BE54-9A1E7A4F7556}") = "LINGYUN.Abp.Notifications.Sms.Tests", "tests\LINGYUN.Abp.Notifications.Sms.Tests\LINGYUN.Abp.Notifications.Sms.Tests.csproj", "{5714481A-BDF5-4860-9158-3B18D3018EC5}"
EndProject
Project("{9A19103F-16F7-4668-BE54-9A1E7A4F7556}") = "LINGYUN.Abp.TestsBase", "tests\LINGYUN.Abp.TestBase\LINGYUN.Abp.TestsBase.csproj", "{B5E23AED-3068-4CFE-84B0-3B7725665506}"
EndProject
Project("{9A19103F-16F7-4668-BE54-9A1E7A4F7556}") = "LINGYUN.Abp.Notifications.Tests", "tests\LINGYUN.Abp.Notifications.Tests\LINGYUN.Abp.Notifications.Tests.csproj", "{E5257008-A0AD-473F-91B0-864FC601B84B}"
EndProject
Project("{9A19103F-16F7-4668-BE54-9A1E7A4F7556}") = "LINGYUN.Abp.Notifications.WeChat.MiniProgram.Tests", "tests\LINGYUN.Abp.Notifications.WeChat.MiniProgram.Tests\LINGYUN.Abp.Notifications.WeChat.MiniProgram.Tests.csproj", "{DB425943-CEE6-4FF6-A0EE-233B6ADA3BD7}"
EndProject
Project("{9A19103F-16F7-4668-BE54-9A1E7A4F7556}") = "LINGYUN.Abp.EntityFrameworkCore.Tests", "tests\LINGYUN.Abp.EntityFrameworkCore.Tests\LINGYUN.Abp.EntityFrameworkCore.Tests.csproj", "{25267137-08BE-44A6-9F7E-7783CC8C62E8}"
EndProject
Project("{9A19103F-16F7-4668-BE54-9A1E7A4F7556}") = "LINGYUN.Abp.MessageService.EntityFrameworkCore.Tests", "tests\LINGYUN.Abp.MessageService.EntityFrameworkCore.Tests\LINGYUN.Abp.MessageService.EntityFrameworkCore.Tests.csproj", "{CB6D56DA-539B-4D4F-81CD-D683ADEBFB5F}"
EndProject
Project("{9A19103F-16F7-4668-BE54-9A1E7A4F7556}") = "LINGYUN.Abp.MessageService.Domain.Tests", "tests\LINGYUN.Abp.MessageService.Domain.Tests\LINGYUN.Abp.MessageService.Domain.Tests.csproj", "{097319B9-D062-4A54-8F8C-001C180E2CB3}"
EndProject
Project("{9A19103F-16F7-4668-BE54-9A1E7A4F7556}") = "LINGYUN.Abp.BackgroundJobs.Hangfire", "modules\common\LINGYUN.Abp.BackgroundJobs.Hangfire\LINGYUN.Abp.BackgroundJobs.Hangfire.csproj", "{737EF17D-477F-4C73-A4CC-0DA6CBD3BB97}"
EndProject
Project("{9A19103F-16F7-4668-BE54-9A1E7A4F7556}") = "LINGYUN.Abp.Hangfire.Storage.MySql", "modules\common\LINGYUN.Abp.Hangfire.MySqlStorage\LINGYUN.Abp.Hangfire.Storage.MySql.csproj", "{0B6AAACE-A1DE-4063-8DA8-E7EBA30186E4}"
EndProject
Project("{9A19103F-16F7-4668-BE54-9A1E7A4F7556}") = "LINGYUN.Abp.Hangfire.Dashboard", "modules\common\LINGYUN.Abp.Hangfire.Dashboard\LINGYUN.Abp.Hangfire.Dashboard.csproj", "{05DCBA6B-480A-4D2F-9855-F66F5B7F3A48}"
EndProject
Project("{9A19103F-16F7-4668-BE54-9A1E7A4F7556}") = "LINGYUN.Abp.BackgroundWorkers.Hangfire", "modules\common\LINGYUN.Abp.BackgroundWorkers.Hangfire\LINGYUN.Abp.BackgroundWorkers.Hangfire.csproj", "{32D4DB5D-74D1-4166-85EA-B2D8F14B8058}"
EndProject
Project("{9A19103F-16F7-4668-BE54-9A1E7A4F7556}") = "LINGYUN.Abp.EventBus.CAP", "modules\common\LINGYUN.Abp.EventBus.CAP\LINGYUN.Abp.EventBus.CAP.csproj", "{C49B50D4-5D63-47E6-82F7-E742181CF9DE}"
EndProject
Global
	GlobalSection(SolutionConfigurationPlatforms) = preSolution
		Debug|Any CPU = Debug|Any CPU
		Release|Any CPU = Release|Any CPU
	EndGlobalSection
	GlobalSection(ProjectConfigurationPlatforms) = postSolution
		{07BCD006-F2F2-4685-8887-E8BEB18745FD}.Debug|Any CPU.ActiveCfg = Debug|Any CPU
		{07BCD006-F2F2-4685-8887-E8BEB18745FD}.Debug|Any CPU.Build.0 = Debug|Any CPU
		{07BCD006-F2F2-4685-8887-E8BEB18745FD}.Release|Any CPU.ActiveCfg = Release|Any CPU
		{07BCD006-F2F2-4685-8887-E8BEB18745FD}.Release|Any CPU.Build.0 = Release|Any CPU
		{60E37E86-ACA6-4464-9592-B0D8EFB629BD}.Debug|Any CPU.ActiveCfg = Debug|Any CPU
		{60E37E86-ACA6-4464-9592-B0D8EFB629BD}.Debug|Any CPU.Build.0 = Debug|Any CPU
		{60E37E86-ACA6-4464-9592-B0D8EFB629BD}.Release|Any CPU.ActiveCfg = Release|Any CPU
		{60E37E86-ACA6-4464-9592-B0D8EFB629BD}.Release|Any CPU.Build.0 = Release|Any CPU
		{85B39FCE-6778-497C-A12E-6777C7FE651A}.Debug|Any CPU.ActiveCfg = Debug|Any CPU
		{85B39FCE-6778-497C-A12E-6777C7FE651A}.Debug|Any CPU.Build.0 = Debug|Any CPU
		{85B39FCE-6778-497C-A12E-6777C7FE651A}.Release|Any CPU.ActiveCfg = Release|Any CPU
		{85B39FCE-6778-497C-A12E-6777C7FE651A}.Release|Any CPU.Build.0 = Release|Any CPU
		{8C973655-DF59-40D8-B206-82344575A8CF}.Debug|Any CPU.ActiveCfg = Debug|Any CPU
		{8C973655-DF59-40D8-B206-82344575A8CF}.Debug|Any CPU.Build.0 = Debug|Any CPU
		{8C973655-DF59-40D8-B206-82344575A8CF}.Release|Any CPU.ActiveCfg = Release|Any CPU
		{8C973655-DF59-40D8-B206-82344575A8CF}.Release|Any CPU.Build.0 = Release|Any CPU
		{55B9F554-1754-4EF9-B325-B33421D4F6A9}.Debug|Any CPU.ActiveCfg = Debug|Any CPU
		{55B9F554-1754-4EF9-B325-B33421D4F6A9}.Debug|Any CPU.Build.0 = Debug|Any CPU
		{55B9F554-1754-4EF9-B325-B33421D4F6A9}.Release|Any CPU.ActiveCfg = Release|Any CPU
		{55B9F554-1754-4EF9-B325-B33421D4F6A9}.Release|Any CPU.Build.0 = Release|Any CPU
		{7AC8C076-87E2-48ED-8AB3-C1F737F55DD1}.Debug|Any CPU.ActiveCfg = Debug|Any CPU
		{7AC8C076-87E2-48ED-8AB3-C1F737F55DD1}.Debug|Any CPU.Build.0 = Debug|Any CPU
		{7AC8C076-87E2-48ED-8AB3-C1F737F55DD1}.Release|Any CPU.ActiveCfg = Release|Any CPU
		{7AC8C076-87E2-48ED-8AB3-C1F737F55DD1}.Release|Any CPU.Build.0 = Release|Any CPU
		{C6F494D3-2C41-46DF-BCAD-F74D3E53CDE1}.Debug|Any CPU.ActiveCfg = Debug|Any CPU
		{C6F494D3-2C41-46DF-BCAD-F74D3E53CDE1}.Debug|Any CPU.Build.0 = Debug|Any CPU
		{C6F494D3-2C41-46DF-BCAD-F74D3E53CDE1}.Release|Any CPU.ActiveCfg = Release|Any CPU
		{C6F494D3-2C41-46DF-BCAD-F74D3E53CDE1}.Release|Any CPU.Build.0 = Release|Any CPU
		{3531699A-9FF9-4F8C-BEAD-9D114FE8E519}.Debug|Any CPU.ActiveCfg = Debug|Any CPU
		{3531699A-9FF9-4F8C-BEAD-9D114FE8E519}.Debug|Any CPU.Build.0 = Debug|Any CPU
		{3531699A-9FF9-4F8C-BEAD-9D114FE8E519}.Release|Any CPU.ActiveCfg = Release|Any CPU
		{3531699A-9FF9-4F8C-BEAD-9D114FE8E519}.Release|Any CPU.Build.0 = Release|Any CPU
		{50DE8ABF-B50A-4AAB-A69B-4E727AFDB6B5}.Debug|Any CPU.ActiveCfg = Debug|Any CPU
		{50DE8ABF-B50A-4AAB-A69B-4E727AFDB6B5}.Debug|Any CPU.Build.0 = Debug|Any CPU
		{50DE8ABF-B50A-4AAB-A69B-4E727AFDB6B5}.Release|Any CPU.ActiveCfg = Release|Any CPU
		{50DE8ABF-B50A-4AAB-A69B-4E727AFDB6B5}.Release|Any CPU.Build.0 = Release|Any CPU
		{2094F03B-FC73-4B3F-88CB-F7951E22FED5}.Debug|Any CPU.ActiveCfg = Debug|Any CPU
		{2094F03B-FC73-4B3F-88CB-F7951E22FED5}.Debug|Any CPU.Build.0 = Debug|Any CPU
		{2094F03B-FC73-4B3F-88CB-F7951E22FED5}.Release|Any CPU.ActiveCfg = Release|Any CPU
		{2094F03B-FC73-4B3F-88CB-F7951E22FED5}.Release|Any CPU.Build.0 = Release|Any CPU
		{554E5BCA-7F88-4E7C-86ED-8B6DE3A3A802}.Debug|Any CPU.ActiveCfg = Debug|Any CPU
		{554E5BCA-7F88-4E7C-86ED-8B6DE3A3A802}.Debug|Any CPU.Build.0 = Debug|Any CPU
		{554E5BCA-7F88-4E7C-86ED-8B6DE3A3A802}.Release|Any CPU.ActiveCfg = Release|Any CPU
		{554E5BCA-7F88-4E7C-86ED-8B6DE3A3A802}.Release|Any CPU.Build.0 = Release|Any CPU
		{92E4CAD4-F5B9-4B16-B7BC-4A40DC1E93F1}.Debug|Any CPU.ActiveCfg = Debug|Any CPU
		{92E4CAD4-F5B9-4B16-B7BC-4A40DC1E93F1}.Debug|Any CPU.Build.0 = Debug|Any CPU
		{92E4CAD4-F5B9-4B16-B7BC-4A40DC1E93F1}.Release|Any CPU.ActiveCfg = Release|Any CPU
		{92E4CAD4-F5B9-4B16-B7BC-4A40DC1E93F1}.Release|Any CPU.Build.0 = Release|Any CPU
		{DB8CE5AF-1888-4C51-97C3-2188BE50FAF9}.Debug|Any CPU.ActiveCfg = Debug|Any CPU
		{DB8CE5AF-1888-4C51-97C3-2188BE50FAF9}.Debug|Any CPU.Build.0 = Debug|Any CPU
		{DB8CE5AF-1888-4C51-97C3-2188BE50FAF9}.Release|Any CPU.ActiveCfg = Release|Any CPU
		{DB8CE5AF-1888-4C51-97C3-2188BE50FAF9}.Release|Any CPU.Build.0 = Release|Any CPU
		{54395254-0383-4932-B2E4-50932DAD7D10}.Debug|Any CPU.ActiveCfg = Debug|Any CPU
		{54395254-0383-4932-B2E4-50932DAD7D10}.Debug|Any CPU.Build.0 = Debug|Any CPU
		{54395254-0383-4932-B2E4-50932DAD7D10}.Release|Any CPU.ActiveCfg = Release|Any CPU
		{54395254-0383-4932-B2E4-50932DAD7D10}.Release|Any CPU.Build.0 = Release|Any CPU
		{3E9CCC0A-DAD5-4F32-8EAE-654D67DEE2B9}.Debug|Any CPU.ActiveCfg = Debug|Any CPU
		{3E9CCC0A-DAD5-4F32-8EAE-654D67DEE2B9}.Debug|Any CPU.Build.0 = Debug|Any CPU
		{3E9CCC0A-DAD5-4F32-8EAE-654D67DEE2B9}.Release|Any CPU.ActiveCfg = Release|Any CPU
		{3E9CCC0A-DAD5-4F32-8EAE-654D67DEE2B9}.Release|Any CPU.Build.0 = Release|Any CPU
		{8168B7B4-9F6B-4658-A28C-D0F9D10AB93D}.Debug|Any CPU.ActiveCfg = Debug|Any CPU
		{8168B7B4-9F6B-4658-A28C-D0F9D10AB93D}.Debug|Any CPU.Build.0 = Debug|Any CPU
		{8168B7B4-9F6B-4658-A28C-D0F9D10AB93D}.Release|Any CPU.ActiveCfg = Release|Any CPU
		{8168B7B4-9F6B-4658-A28C-D0F9D10AB93D}.Release|Any CPU.Build.0 = Release|Any CPU
		{93971F1F-F6AC-4F83-8119-21260FCE2828}.Debug|Any CPU.ActiveCfg = Debug|Any CPU
		{93971F1F-F6AC-4F83-8119-21260FCE2828}.Debug|Any CPU.Build.0 = Debug|Any CPU
		{93971F1F-F6AC-4F83-8119-21260FCE2828}.Release|Any CPU.ActiveCfg = Release|Any CPU
		{93971F1F-F6AC-4F83-8119-21260FCE2828}.Release|Any CPU.Build.0 = Release|Any CPU
		{3B87330F-A303-4413-B653-1C9536C74109}.Debug|Any CPU.ActiveCfg = Debug|Any CPU
		{3B87330F-A303-4413-B653-1C9536C74109}.Debug|Any CPU.Build.0 = Debug|Any CPU
		{3B87330F-A303-4413-B653-1C9536C74109}.Release|Any CPU.ActiveCfg = Release|Any CPU
		{3B87330F-A303-4413-B653-1C9536C74109}.Release|Any CPU.Build.0 = Release|Any CPU
		{3A4601FE-B091-43A3-AEE6-6440BB37B277}.Debug|Any CPU.ActiveCfg = Debug|Any CPU
		{3A4601FE-B091-43A3-AEE6-6440BB37B277}.Debug|Any CPU.Build.0 = Debug|Any CPU
		{3A4601FE-B091-43A3-AEE6-6440BB37B277}.Release|Any CPU.ActiveCfg = Release|Any CPU
		{3A4601FE-B091-43A3-AEE6-6440BB37B277}.Release|Any CPU.Build.0 = Release|Any CPU
		{454059F7-D087-439A-A724-80BDFE94776F}.Debug|Any CPU.ActiveCfg = Debug|Any CPU
		{454059F7-D087-439A-A724-80BDFE94776F}.Debug|Any CPU.Build.0 = Debug|Any CPU
		{454059F7-D087-439A-A724-80BDFE94776F}.Release|Any CPU.ActiveCfg = Release|Any CPU
		{454059F7-D087-439A-A724-80BDFE94776F}.Release|Any CPU.Build.0 = Release|Any CPU
		{64E2622A-611D-4056-9497-0B52A91DC59C}.Debug|Any CPU.ActiveCfg = Debug|Any CPU
		{64E2622A-611D-4056-9497-0B52A91DC59C}.Debug|Any CPU.Build.0 = Debug|Any CPU
		{64E2622A-611D-4056-9497-0B52A91DC59C}.Release|Any CPU.ActiveCfg = Release|Any CPU
		{64E2622A-611D-4056-9497-0B52A91DC59C}.Release|Any CPU.Build.0 = Release|Any CPU
		{5714481A-BDF5-4860-9158-3B18D3018EC5}.Debug|Any CPU.ActiveCfg = Debug|Any CPU
		{5714481A-BDF5-4860-9158-3B18D3018EC5}.Debug|Any CPU.Build.0 = Debug|Any CPU
		{5714481A-BDF5-4860-9158-3B18D3018EC5}.Release|Any CPU.ActiveCfg = Release|Any CPU
		{5714481A-BDF5-4860-9158-3B18D3018EC5}.Release|Any CPU.Build.0 = Release|Any CPU
		{B5E23AED-3068-4CFE-84B0-3B7725665506}.Debug|Any CPU.ActiveCfg = Debug|Any CPU
		{B5E23AED-3068-4CFE-84B0-3B7725665506}.Debug|Any CPU.Build.0 = Debug|Any CPU
		{B5E23AED-3068-4CFE-84B0-3B7725665506}.Release|Any CPU.ActiveCfg = Release|Any CPU
		{B5E23AED-3068-4CFE-84B0-3B7725665506}.Release|Any CPU.Build.0 = Release|Any CPU
		{E5257008-A0AD-473F-91B0-864FC601B84B}.Debug|Any CPU.ActiveCfg = Debug|Any CPU
		{E5257008-A0AD-473F-91B0-864FC601B84B}.Debug|Any CPU.Build.0 = Debug|Any CPU
		{E5257008-A0AD-473F-91B0-864FC601B84B}.Release|Any CPU.ActiveCfg = Release|Any CPU
		{E5257008-A0AD-473F-91B0-864FC601B84B}.Release|Any CPU.Build.0 = Release|Any CPU
		{DB425943-CEE6-4FF6-A0EE-233B6ADA3BD7}.Debug|Any CPU.ActiveCfg = Debug|Any CPU
		{DB425943-CEE6-4FF6-A0EE-233B6ADA3BD7}.Debug|Any CPU.Build.0 = Debug|Any CPU
		{DB425943-CEE6-4FF6-A0EE-233B6ADA3BD7}.Release|Any CPU.ActiveCfg = Release|Any CPU
		{DB425943-CEE6-4FF6-A0EE-233B6ADA3BD7}.Release|Any CPU.Build.0 = Release|Any CPU
		{25267137-08BE-44A6-9F7E-7783CC8C62E8}.Debug|Any CPU.ActiveCfg = Debug|Any CPU
		{25267137-08BE-44A6-9F7E-7783CC8C62E8}.Debug|Any CPU.Build.0 = Debug|Any CPU
		{25267137-08BE-44A6-9F7E-7783CC8C62E8}.Release|Any CPU.ActiveCfg = Release|Any CPU
		{25267137-08BE-44A6-9F7E-7783CC8C62E8}.Release|Any CPU.Build.0 = Release|Any CPU
		{CB6D56DA-539B-4D4F-81CD-D683ADEBFB5F}.Debug|Any CPU.ActiveCfg = Debug|Any CPU
		{CB6D56DA-539B-4D4F-81CD-D683ADEBFB5F}.Debug|Any CPU.Build.0 = Debug|Any CPU
		{CB6D56DA-539B-4D4F-81CD-D683ADEBFB5F}.Release|Any CPU.ActiveCfg = Release|Any CPU
		{CB6D56DA-539B-4D4F-81CD-D683ADEBFB5F}.Release|Any CPU.Build.0 = Release|Any CPU
		{097319B9-D062-4A54-8F8C-001C180E2CB3}.Debug|Any CPU.ActiveCfg = Debug|Any CPU
		{097319B9-D062-4A54-8F8C-001C180E2CB3}.Debug|Any CPU.Build.0 = Debug|Any CPU
		{097319B9-D062-4A54-8F8C-001C180E2CB3}.Release|Any CPU.ActiveCfg = Release|Any CPU
		{097319B9-D062-4A54-8F8C-001C180E2CB3}.Release|Any CPU.Build.0 = Release|Any CPU
		{737EF17D-477F-4C73-A4CC-0DA6CBD3BB97}.Debug|Any CPU.ActiveCfg = Debug|Any CPU
		{737EF17D-477F-4C73-A4CC-0DA6CBD3BB97}.Debug|Any CPU.Build.0 = Debug|Any CPU
		{737EF17D-477F-4C73-A4CC-0DA6CBD3BB97}.Release|Any CPU.ActiveCfg = Release|Any CPU
		{737EF17D-477F-4C73-A4CC-0DA6CBD3BB97}.Release|Any CPU.Build.0 = Release|Any CPU
		{0B6AAACE-A1DE-4063-8DA8-E7EBA30186E4}.Debug|Any CPU.ActiveCfg = Debug|Any CPU
		{0B6AAACE-A1DE-4063-8DA8-E7EBA30186E4}.Debug|Any CPU.Build.0 = Debug|Any CPU
		{0B6AAACE-A1DE-4063-8DA8-E7EBA30186E4}.Release|Any CPU.ActiveCfg = Release|Any CPU
		{0B6AAACE-A1DE-4063-8DA8-E7EBA30186E4}.Release|Any CPU.Build.0 = Release|Any CPU
		{05DCBA6B-480A-4D2F-9855-F66F5B7F3A48}.Debug|Any CPU.ActiveCfg = Debug|Any CPU
		{05DCBA6B-480A-4D2F-9855-F66F5B7F3A48}.Debug|Any CPU.Build.0 = Debug|Any CPU
		{05DCBA6B-480A-4D2F-9855-F66F5B7F3A48}.Release|Any CPU.ActiveCfg = Release|Any CPU
		{05DCBA6B-480A-4D2F-9855-F66F5B7F3A48}.Release|Any CPU.Build.0 = Release|Any CPU
		{32D4DB5D-74D1-4166-85EA-B2D8F14B8058}.Debug|Any CPU.ActiveCfg = Debug|Any CPU
		{32D4DB5D-74D1-4166-85EA-B2D8F14B8058}.Debug|Any CPU.Build.0 = Debug|Any CPU
		{32D4DB5D-74D1-4166-85EA-B2D8F14B8058}.Release|Any CPU.ActiveCfg = Release|Any CPU
		{32D4DB5D-74D1-4166-85EA-B2D8F14B8058}.Release|Any CPU.Build.0 = Release|Any CPU
		{C49B50D4-5D63-47E6-82F7-E742181CF9DE}.Debug|Any CPU.ActiveCfg = Debug|Any CPU
		{C49B50D4-5D63-47E6-82F7-E742181CF9DE}.Debug|Any CPU.Build.0 = Debug|Any CPU
		{C49B50D4-5D63-47E6-82F7-E742181CF9DE}.Release|Any CPU.ActiveCfg = Release|Any CPU
		{C49B50D4-5D63-47E6-82F7-E742181CF9DE}.Release|Any CPU.Build.0 = Release|Any CPU
	EndGlobalSection
	GlobalSection(SolutionProperties) = preSolution
		HideSolutionNode = FALSE
	EndGlobalSection
	GlobalSection(NestedProjects) = preSolution
		{C00828FB-E7D5-4086-BA50-02022594AB73} = {0C7AA298-2957-4D71-A8F1-1C3C7932A1B3}
		{07BCD006-F2F2-4685-8887-E8BEB18745FD} = {C00828FB-E7D5-4086-BA50-02022594AB73}
		{60E37E86-ACA6-4464-9592-B0D8EFB629BD} = {C00828FB-E7D5-4086-BA50-02022594AB73}
		{85B39FCE-6778-497C-A12E-6777C7FE651A} = {C00828FB-E7D5-4086-BA50-02022594AB73}
		{8C973655-DF59-40D8-B206-82344575A8CF} = {C00828FB-E7D5-4086-BA50-02022594AB73}
		{55B9F554-1754-4EF9-B325-B33421D4F6A9} = {C00828FB-E7D5-4086-BA50-02022594AB73}
		{7AC8C076-87E2-48ED-8AB3-C1F737F55DD1} = {C00828FB-E7D5-4086-BA50-02022594AB73}
		{C6F494D3-2C41-46DF-BCAD-F74D3E53CDE1} = {C00828FB-E7D5-4086-BA50-02022594AB73}
		{3531699A-9FF9-4F8C-BEAD-9D114FE8E519} = {C00828FB-E7D5-4086-BA50-02022594AB73}
		{50DE8ABF-B50A-4AAB-A69B-4E727AFDB6B5} = {D58F1DF5-2DFE-40A2-B136-7606D4CDE903}
		{2094F03B-FC73-4B3F-88CB-F7951E22FED5} = {D58F1DF5-2DFE-40A2-B136-7606D4CDE903}
		{554E5BCA-7F88-4E7C-86ED-8B6DE3A3A802} = {D58F1DF5-2DFE-40A2-B136-7606D4CDE903}
		{92E4CAD4-F5B9-4B16-B7BC-4A40DC1E93F1} = {D58F1DF5-2DFE-40A2-B136-7606D4CDE903}
		{DB8CE5AF-1888-4C51-97C3-2188BE50FAF9} = {D58F1DF5-2DFE-40A2-B136-7606D4CDE903}
		{54395254-0383-4932-B2E4-50932DAD7D10} = {D58F1DF5-2DFE-40A2-B136-7606D4CDE903}
		{3E9CCC0A-DAD5-4F32-8EAE-654D67DEE2B9} = {D58F1DF5-2DFE-40A2-B136-7606D4CDE903}
		{8168B7B4-9F6B-4658-A28C-D0F9D10AB93D} = {E7A821D8-85B5-4098-897D-5A814BD8131D}
		{78164C5C-63B9-4FB6-ACC9-6496E236C946} = {0C7AA298-2957-4D71-A8F1-1C3C7932A1B3}
		{93971F1F-F6AC-4F83-8119-21260FCE2828} = {C00828FB-E7D5-4086-BA50-02022594AB73}
		{3B87330F-A303-4413-B653-1C9536C74109} = {78164C5C-63B9-4FB6-ACC9-6496E236C946}
		{D58F1DF5-2DFE-40A2-B136-7606D4CDE903} = {0C7AA298-2957-4D71-A8F1-1C3C7932A1B3}
		{3A4601FE-B091-43A3-AEE6-6440BB37B277} = {78164C5C-63B9-4FB6-ACC9-6496E236C946}
		{454059F7-D087-439A-A724-80BDFE94776F} = {C00828FB-E7D5-4086-BA50-02022594AB73}
		{64E2622A-611D-4056-9497-0B52A91DC59C} = {78164C5C-63B9-4FB6-ACC9-6496E236C946}
		{5714481A-BDF5-4860-9158-3B18D3018EC5} = {42800C56-9473-4B96-BF29-1B0F25C867F4}
		{B5E23AED-3068-4CFE-84B0-3B7725665506} = {42800C56-9473-4B96-BF29-1B0F25C867F4}
		{E5257008-A0AD-473F-91B0-864FC601B84B} = {42800C56-9473-4B96-BF29-1B0F25C867F4}
		{DB425943-CEE6-4FF6-A0EE-233B6ADA3BD7} = {42800C56-9473-4B96-BF29-1B0F25C867F4}
		{25267137-08BE-44A6-9F7E-7783CC8C62E8} = {42800C56-9473-4B96-BF29-1B0F25C867F4}
		{CB6D56DA-539B-4D4F-81CD-D683ADEBFB5F} = {42800C56-9473-4B96-BF29-1B0F25C867F4}
		{097319B9-D062-4A54-8F8C-001C180E2CB3} = {42800C56-9473-4B96-BF29-1B0F25C867F4}
		{737EF17D-477F-4C73-A4CC-0DA6CBD3BB97} = {C00828FB-E7D5-4086-BA50-02022594AB73}
		{0B6AAACE-A1DE-4063-8DA8-E7EBA30186E4} = {C00828FB-E7D5-4086-BA50-02022594AB73}
		{05DCBA6B-480A-4D2F-9855-F66F5B7F3A48} = {C00828FB-E7D5-4086-BA50-02022594AB73}
		{32D4DB5D-74D1-4166-85EA-B2D8F14B8058} = {C00828FB-E7D5-4086-BA50-02022594AB73}
		{C49B50D4-5D63-47E6-82F7-E742181CF9DE} = {C00828FB-E7D5-4086-BA50-02022594AB73}
	EndGlobalSection
	GlobalSection(ExtensibilityGlobals) = postSolution
		SolutionGuid = {6238659A-7267-49B9-A499-8746BDEED6B8}
	EndGlobalSection
EndGlobal
