Microsoft Visual Studio Solution File, Format Version 12.00
# Visual Studio Version 17
VisualStudioVersion = 17.5.2.0
MinimumVisualStudioVersion = 10.0.40219.1
Project("{FAE04EC0-301F-11D3-BF4B-00C04F79EFBC}") = "LINGYUN.Abp.Exporter.Pdf.LibreOffice.Tests", "LINGYUN.Abp.Exporter.Pdf.LibreOffice.Tests.csproj", "{F760B606-3243-2655-8219-F8799FFAE4AF}"
EndProject
Global
	GlobalSection(SolutionConfigurationPlatforms) = preSolution
		Debug|Any CPU = Debug|Any CPU
		Release|Any CPU = Release|Any CPU
	EndGlobalSection
	GlobalSection(ProjectConfigurationPlatforms) = postSolution
		{F760B606-3243-2655-8219-F8799FFAE4AF}.Debug|Any CPU.ActiveCfg = Debug|Any CPU
		{F760B606-3243-2655-8219-F8799FFAE4AF}.Debug|Any CPU.Build.0 = Debug|Any CPU
		{F760B606-3243-2655-8219-F8799FFAE4AF}.Release|Any CPU.ActiveCfg = Release|Any CPU
		{F760B606-3243-2655-8219-F8799FFAE4AF}.Release|Any CPU.Build.0 = Release|Any CPU
	EndGlobalSection
	GlobalSection(SolutionProperties) = preSolution
		HideSolutionNode = FALSE
	EndGlobalSection
	GlobalSection(ExtensibilityGlobals) = postSolution
		SolutionGuid = {E1CB4316-1F23-4B1A-B67C-322A416FD6F5}
	EndGlobalSection
EndGlobal
